// !$*UTF8*$!
{
  archiveVersion = 1;
  classes = {
  };
  objectVersion = 54;
  objects = {

    /* Begin PBXBuildFile section */
    8940CE391AC1AE5CCCCF7E68 /* lauxlib.c in Sources */ = {isa = PBXBuildFile; fileRef = 8DB8A9431363BCDC2811F821 /* lauxlib.c */; };
    8979B44A393B71FE7CDFBED9 /* liolib.c in Sources */ = {isa = PBXBuildFile; fileRef = 81036FFDEF51EAA165C77364 /* liolib.c */; };
    8BA1741D18DBFDB2C4C5710D /* lopcodes.c in Sources */ = {isa = PBXBuildFile; fileRef = 86AB0DA3A4AE1EF9B23EA64C /* lopcodes.c */; };
    8319D2412057093BE9DCEC1D /* lstate.c in Sources */ = {isa = PBXBuildFile; fileRef = 8CB33EE649A7EDDA9CC3966A /* lstate.c */; };
    8ECAD86EE38ECE971E7C05AC /* lobject.c in Sources */ = {isa = PBXBuildFile; fileRef = 8ECE088A867D9B627BF5ACDC /* lobject.c */; };
    8A640C2E59FBC5483FB179DC /* lmathlib.c in Sources */ = {isa = PBXBuildFile; fileRef = 85A21E5BCD6FE3BB6D93DD4A /* lmathlib.c */; };
    85A4E45286E57F5D58D3976B /* loadlib.c in Sources */ = {isa = PBXBuildFile; fileRef = 8AA6C9B2F5C3CFF0E50356D9 /* loadlib.c */; };
    882BB73E3D2FAB1C1447DD64 /* lvm.c in Sources */ = {isa = PBXBuildFile; fileRef = 86EF8CDAE7E86A6B27AD6C46 /* lvm.c */; };
    83E75FDBC8519AA2EEE0BCCA /* lfunc.c in Sources */ = {isa = PBXBuildFile; fileRef = 8DDA68F6366D39592F7B2226 /* lfunc.c */; };
    8BD5FFE3CEC0DD0E3E26DCCE /* lstrlib.c in Sources */ = {isa = PBXBuildFile; fileRef = 828DEA4274C4ABFACE4DB1E5 /* lstrlib.c */; };
    83F7D375A37F8698CEC49B31 /* linit.c in Sources */ = {isa = PBXBuildFile; fileRef = 8E7BCB29E8A2DDF036841BBA /* linit.c */; };
    879F8C3EF958FFC1DF2980BC /* lstring.c in Sources */ = {isa = PBXBuildFile; fileRef = 8DD94608A2CF68A1263FB4B0 /* lstring.c */; };
    8EEDD8F173E9C704F4F1ED6E /* lundump.c in Sources */ = {isa = PBXBuildFile; fileRef = 812AA77BBCB486CFE60861BF /* lundump.c */; };
    8CCCA9E34FEBD31DBF42E7A9 /* lctype.c in Sources */ = {isa = PBXBuildFile; fileRef = 8F74A55BB816F1D8ED2AAB33 /* lctype.c */; };
    89CBE37FA59598C3840ABCC7 /* ltable.c in Sources */ = {isa = PBXBuildFile; fileRef = 8C2AD67E9CEFC6D6B405F051 /* ltable.c */; };
    816BF64BF59ACDBB3635EA0B /* ldump.c in Sources */ = {isa = PBXBuildFile; fileRef = 8AD68CC7AAA4C4FBEDB5CA92 /* ldump.c */; };
    847B6FB9F019DE7715C67AA1 /* loslib.c in Sources */ = {isa = PBXBuildFile; fileRef = 8B7FCEDB16B411AB1FF4F7AD /* loslib.c */; };
    80A7EC4ED193319C9B1BAFDD /* lgc.c in Sources */ = {isa = PBXBuildFile; fileRef = 8FBB0374FEE24545B7BF822A /* lgc.c */; };
    8B520CEB17ECC5BA0AB9EBA0 /* lzio.c in Sources */ = {isa = PBXBuildFile; fileRef = 830030049836AFB8EED3BA1C /* lzio.c */; };
    80C928EEEDC6EFEFDBA39585 /* ldblib.c in Sources */ = {isa = PBXBuildFile; fileRef = 81BB3CAAB68BF641B3BCCDC7 /* ldblib.c */; };
    8F09B4D723FB608333EDFECA /* lutf8lib.c in Sources */ = {isa = PBXBuildFile; fileRef = 804D8BDDC53C06BB0D3DC33D /* lutf8lib.c */; };
    87B441B8C475F6DA92CE8FB0 /* lmem.c in Sources */ = {isa = PBXBuildFile; fileRef = 86CDA23EEE12D17A78388BD0 /* lmem.c */; };
    8E30DFCBB33C7196EBB466CA /* lcorolib.c in Sources */ = {isa = PBXBuildFile; fileRef = 8AC94D3CEEF6FAB68097F12D /* lcorolib.c */; };
    881CD3DAA4EDCD3D6ADA6F49 /* lcode.c in Sources */ = {isa = PBXBuildFile; fileRef = 8EB84612D35E12CACFB9FDC8 /* lcode.c */; };
    8C5FC4B5EA9673DD73BA88FD /* ltablib.c in Sources */ = {isa = PBXBuildFile; fileRef = 896AEBECBD6AABE72FE119BF /* ltablib.c */; };
    8D8D7D65FE6D9205401F5D2E /* lapi.c in Sources */ = {isa = PBXBuildFile; fileRef = 8B7A09E09EFCADA98FDD3885 /* lapi.c */; };
    8EDC3E86303FCBA6DB4BBFC6 /* lbaselib.c in Sources */ = {isa = PBXBuildFile; fileRef = 883ECBE55A05CFAF0DD96D4C /* lbaselib.c */; };
    8FF6B5E51CFFF10E1C9D6075 /* ldebug.c in Sources */ = {isa = PBXBuildFile; fileRef = 8C1F0EB1B6EEC0EA6334F009 /* ldebug.c */; };
    8D9A90DB85F3E521E0B84AA1 /* lparser.c in Sources */ = {isa = PBXBuildFile; fileRef = 8E3CCEB1E459D8CB42D2FBB5 /* lparser.c */; };
    8FBCA01E5D6928ABD7ADA62A /* llex.c in Sources */ = {isa = PBXBuildFile; fileRef = 8B21C46912FC850E0D2CB285 /* llex.c */; };
    88B5443493D432CD1443E445 /* ltm.c in Sources */ = {isa = PBXBuildFile; fileRef = 82E9F2C52C2C5ABEBCD6CA13 /* ltm.c */; };
    8AA3D4C17B81AEDC6EE85BFC /* ldo.c in Sources */ = {isa = PBXBuildFile; fileRef = 8A3FDB8511A6CC5D552AC3C6 /* ldo.c */; };
    /* End PBXBuildFile section */

    /* Begin PBXCopyFilesBuildPhase section */
    /* End PBXCopyFilesBuildPhase section */

    /* Begin PBXFileReference section */
    8C12CF70C09B23AF9FBAAF96 /* liblua.a */ = {isa = PBXFileReference; explicitFileType = archive.ar; includeInIndex = 0; path = liblua.a; sourceTree = BUILT_PRODUCTS_DIR; };
    8B7A09E09EFCADA98FDD3885 /* lapi.c */ = {isa = PBXFileReference; lastKnownFileType = sourcecode.c.c; name = lapi.c; path = ../src/lua/5.4.4/src/lapi.c; sourceTree = "<group>"; };
    8DB8A9431363BCDC2811F821 /* lauxlib.c */ = {isa = PBXFileReference; lastKnownFileType = sourcecode.c.c; name = lauxlib.c; path = ../src/lua/5.4.4/src/lauxlib.c; sourceTree = "<group>"; };
    883ECBE55A05CFAF0DD96D4C /* lbaselib.c */ = {isa = PBXFileReference; lastKnownFileType = sourcecode.c.c; name = lbaselib.c; path = ../src/lua/5.4.4/src/lbaselib.c; sourceTree = "<group>"; };
    8EB84612D35E12CACFB9FDC8 /* lcode.c */ = {isa = PBXFileReference; lastKnownFileType = sourcecode.c.c; name = lcode.c; path = ../src/lua/5.4.4/src/lcode.c; sourceTree = "<group>"; };
    8AC94D3CEEF6FAB68097F12D /* lcorolib.c */ = {isa = PBXFileReference; lastKnownFileType = sourcecode.c.c; name = lcorolib.c; path = ../src/lua/5.4.4/src/lcorolib.c; sourceTree = "<group>"; };
    8F74A55BB816F1D8ED2AAB33 /* lctype.c */ = {isa = PBXFileReference; lastKnownFileType = sourcecode.c.c; name = lctype.c; path = ../src/lua/5.4.4/src/lctype.c; sourceTree = "<group>"; };
    81BB3CAAB68BF641B3BCCDC7 /* ldblib.c */ = {isa = PBXFileReference; lastKnownFileType = sourcecode.c.c; name = ldblib.c; path = ../src/lua/5.4.4/src/ldblib.c; sourceTree = "<group>"; };
    8C1F0EB1B6EEC0EA6334F009 /* ldebug.c */ = {isa = PBXFileReference; lastKnownFileType = sourcecode.c.c; name = ldebug.c; path = ../src/lua/5.4.4/src/ldebug.c; sourceTree = "<group>"; };
    8A3FDB8511A6CC5D552AC3C6 /* ldo.c */ = {isa = PBXFileReference; lastKnownFileType = sourcecode.c.c; name = ldo.c; path = ../src/lua/5.4.4/src/ldo.c; sourceTree = "<group>"; };
    8AD68CC7AAA4C4FBEDB5CA92 /* ldump.c */ = {isa = PBXFileReference; lastKnownFileType = sourcecode.c.c; name = ldump.c; path = ../src/lua/5.4.4/src/ldump.c; sourceTree = "<group>"; };
    8DDA68F6366D39592F7B2226 /* lfunc.c */ = {isa = PBXFileReference; lastKnownFileType = sourcecode.c.c; name = lfunc.c; path = ../src/lua/5.4.4/src/lfunc.c; sourceTree = "<group>"; };
    8FBB0374FEE24545B7BF822A /* lgc.c */ = {isa = PBXFileReference; lastKnownFileType = sourcecode.c.c; name = lgc.c; path = ../src/lua/5.4.4/src/lgc.c; sourceTree = "<group>"; };
    8E7BCB29E8A2DDF036841BBA /* linit.c */ = {isa = PBXFileReference; lastKnownFileType = sourcecode.c.c; name = linit.c; path = ../src/lua/5.4.4/src/linit.c; sourceTree = "<group>"; };
    81036FFDEF51EAA165C77364 /* liolib.c */ = {isa = PBXFileReference; lastKnownFileType = sourcecode.c.c; name = liolib.c; path = ../src/lua/5.4.4/src/liolib.c; sourceTree = "<group>"; };
    8B21C46912FC850E0D2CB285 /* llex.c */ = {isa = PBXFileReference; lastKnownFileType = sourcecode.c.c; name = llex.c; path = ../src/lua/5.4.4/src/llex.c; sourceTree = "<group>"; };
    85A21E5BCD6FE3BB6D93DD4A /* lmathlib.c */ = {isa = PBXFileReference; lastKnownFileType = sourcecode.c.c; name = lmathlib.c; path = ../src/lua/5.4.4/src/lmathlib.c; sourceTree = "<group>"; };
    86CDA23EEE12D17A78388BD0 /* lmem.c */ = {isa = PBXFileReference; lastKnownFileType = sourcecode.c.c; name = lmem.c; path = ../src/lua/5.4.4/src/lmem.c; sourceTree = "<group>"; };
    8AA6C9B2F5C3CFF0E50356D9 /* loadlib.c */ = {isa = PBXFileReference; lastKnownFileType = sourcecode.c.c; name = loadlib.c; path = ../src/lua/5.4.4/src/loadlib.c; sourceTree = "<group>"; };
    8ECE088A867D9B627BF5ACDC /* lobject.c */ = {isa = PBXFileReference; lastKnownFileType = sourcecode.c.c; name = lobject.c; path = ../src/lua/5.4.4/src/lobject.c; sourceTree = "<group>"; };
    86AB0DA3A4AE1EF9B23EA64C /* lopcodes.c */ = {isa = PBXFileReference; lastKnownFileType = sourcecode.c.c; name = lopcodes.c; path = ../src/lua/5.4.4/src/lopcodes.c; sourceTree = "<group>"; };
    8B7FCEDB16B411AB1FF4F7AD /* loslib.c */ = {isa = PBXFileReference; lastKnownFileType = sourcecode.c.c; name = loslib.c; path = ../src/lua/5.4.4/src/loslib.c; sourceTree = "<group>"; };
    8E3CCEB1E459D8CB42D2FBB5 /* lparser.c */ = {isa = PBXFileReference; lastKnownFileType = sourcecode.c.c; name = lparser.c; path = ../src/lua/5.4.4/src/lparser.c; sourceTree = "<group>"; };
    8CB33EE649A7EDDA9CC3966A /* lstate.c */ = {isa = PBXFileReference; lastKnownFileType = sourcecode.c.c; name = lstate.c; path = ../src/lua/5.4.4/src/lstate.c; sourceTree = "<group>"; };
    8DD94608A2CF68A1263FB4B0 /* lstring.c */ = {isa = PBXFileReference; lastKnownFileType = sourcecode.c.c; name = lstring.c; path = ../src/lua/5.4.4/src/lstring.c; sourceTree = "<group>"; };
    828DEA4274C4ABFACE4DB1E5 /* lstrlib.c */ = {isa = PBXFileReference; lastKnownFileType = sourcecode.c.c; name = lstrlib.c; path = ../src/lua/5.4.4/src/lstrlib.c; sourceTree = "<group>"; };
    8C2AD67E9CEFC6D6B405F051 /* ltable.c */ = {isa = PBXFileReference; lastKnownFileType = sourcecode.c.c; name = ltable.c; path = ../src/lua/5.4.4/src/ltable.c; sourceTree = "<group>"; };
    896AEBECBD6AABE72FE119BF /* ltablib.c */ = {isa = PBXFileReference; lastKnownFileType = sourcecode.c.c; name = ltablib.c; path = ../src/lua/5.4.4/src/ltablib.c; sourceTree = "<group>"; };
    82E9F2C52C2C5ABEBCD6CA13 /* ltm.c */ = {isa = PBXFileReference; lastKnownFileType = sourcecode.c.c; name = ltm.c; path = ../src/lua/5.4.4/src/ltm.c; sourceTree = "<group>"; };
    812AA77BBCB486CFE60861BF /* lundump.c */ = {isa = PBXFileReference; lastKnownFileType = sourcecode.c.c; name = lundump.c; path = ../src/lua/5.4.4/src/lundump.c; sourceTree = "<group>"; };
    804D8BDDC53C06BB0D3DC33D /* lutf8lib.c */ = {isa = PBXFileReference; lastKnownFileType = sourcecode.c.c; name = lutf8lib.c; path = ../src/lua/5.4.4/src/lutf8lib.c; sourceTree = "<group>"; };
    86EF8CDAE7E86A6B27AD6C46 /* lvm.c */ = {isa = PBXFileReference; lastKnownFileType = sourcecode.c.c; name = lvm.c; path = ../src/lua/5.4.4/src/lvm.c; sourceTree = "<group>"; };
    830030049836AFB8EED3BA1C /* lzio.c */ = {isa = PBXFileReference; lastKnownFileType = sourcecode.c.c; name = lzio.c; path = ../src/lua/5.4.4/src/lzio.c; sourceTree = "<group>"; };
    /* End PBXFileReference section */

    /* Begin PBXFrameworksBuildPhase section */
    8517F42B24E28186671F93CA /* frameworks */ = {
      isa = PBXFrameworksBuildPhase;
      buildActionMask = 2147483647;
      files = (
      );
      runOnlyForDeploymentPostprocessing = 0;
    };
    /* End PBXFrameworksBuildPhase section */

    /* Begin PBXGroup section */
    875D65F4EBE59D7E4E1DA25E = {
      isa = PBXGroup;
      children = (
        8CA950CBEF7614E409976FEF /* Frameworks */,
        8F3BD3DD626925AEF4AA8290 /* Products */,
        8FB426FF2684AF0C62E4BDC2 /* Code */,
      );
      sourceTree = "<group>";
    };
    8F3BD3DD626925AEF4AA8290 /* Products */ = {
      isa = PBXGroup;
      children = (
        8C12CF70C09B23AF9FBAAF96 /* lua.a */,
      );
      name = Products;
      sourceTree = "<group>";
    };
    8FB426FF2684AF0C62E4BDC2 /* Code */ = {
      isa = PBXGroup;
      children = (
        8B1FC5A7256B49FDB5307F8C /* resources */,
        8C2C628CB9F7F05289870FED /* include */,
        8A432F339C89CFFFDEA2CBB9 /* src */,
      );
      name = Code;
      sourceTree = "<group>";
    };
    8A432F339C89CFFFDEA2CBB9 /* src */ = {
      isa = PBXGroup;
      children = (
        8B7A09E09EFCADA98FDD3885 /* lapi.c */,
        8DB8A9431363BCDC2811F821 /* lauxlib.c */,
        883ECBE55A05CFAF0DD96D4C /* lbaselib.c */,
        8EB84612D35E12CACFB9FDC8 /* lcode.c */,
        8AC94D3CEEF6FAB68097F12D /* lcorolib.c */,
        8F74A55BB816F1D8ED2AAB33 /* lctype.c */,
        81BB3CAAB68BF641B3BCCDC7 /* ldblib.c */,
        8C1F0EB1B6EEC0EA6334F009 /* ldebug.c */,
        8A3FDB8511A6CC5D552AC3C6 /* ldo.c */,
        8AD68CC7AAA4C4FBEDB5CA92 /* ldump.c */,
        8DDA68F6366D39592F7B2226 /* lfunc.c */,
        8FBB0374FEE24545B7BF822A /* lgc.c */,
        8E7BCB29E8A2DDF036841BBA /* linit.c */,
        81036FFDEF51EAA165C77364 /* liolib.c */,
        8B21C46912FC850E0D2CB285 /* llex.c */,
        85A21E5BCD6FE3BB6D93DD4A /* lmathlib.c */,
        86CDA23EEE12D17A78388BD0 /* lmem.c */,
        8AA6C9B2F5C3CFF0E50356D9 /* loadlib.c */,
        8ECE088A867D9B627BF5ACDC /* lobject.c */,
        86AB0DA3A4AE1EF9B23EA64C /* lopcodes.c */,
        8B7FCEDB16B411AB1FF4F7AD /* loslib.c */,
        8E3CCEB1E459D8CB42D2FBB5 /* lparser.c */,
        8CB33EE649A7EDDA9CC3966A /* lstate.c */,
        8DD94608A2CF68A1263FB4B0 /* lstring.c */,
        828DEA4274C4ABFACE4DB1E5 /* lstrlib.c */,
        8C2AD67E9CEFC6D6B405F051 /* ltable.c */,
        896AEBECBD6AABE72FE119BF /* ltablib.c */,
        82E9F2C52C2C5ABEBCD6CA13 /* ltm.c */,
        812AA77BBCB486CFE60861BF /* lundump.c */,
        804D8BDDC53C06BB0D3DC33D /* lutf8lib.c */,
        86EF8CDAE7E86A6B27AD6C46 /* lvm.c */,
        830030049836AFB8EED3BA1C /* lzio.c */,
      );
      name = src;
      path = "";
      sourceTree = "<group>";
    };
    /* End PBXGroup section */

    /* Begin PBXVariantGroup section */
    /* End PBXVariantGroup section */

    /* Begin PBXNativeTarget section */
    8E676CF949FE6AECE29B2E51 /* framework */ = {
      isa = PBXNativeTarget;
      buildConfigurationList = 818D1B8B7E6E00D0A37FEABC /* Build configuration list for PBXNativeTarget "lua" */;
      buildPhases = (
        8517F42B24E28186671F93CA /* Frameworks */,
        8C84EE8B206C2D5FDDFCC3F9 /* Resources */,
        8A2CCEF47FDFFE9B78C42D5E /* Headers */,
        8160BA027BEF97B54A6A2C91 /* Sources */,
        8068956267A1D7C99B5DBEBB /* CopyFiles (PlugIns) */,
      );
      buildRules = (
      );
      dependencies = (
      );
      name = "lua";
      productName = "lua";
      productReference = 8C12CF70C09B23AF9FBAAF96 /* liblua.a */;
      productType = "com.apple.product-type.library.static";
    };
    /* End PBXNativeTarget section */

    /* Begin PBXProject section */
    8C375767B7F8B0EF3AAB29BD /* Project object */ = {
      isa = PBXProject;
      attributes = {
        LastUpgradeCheck = 1200;
        TargetAttributes = {
          8E676CF949FE6AECE29B2E51 = {
            CreatedOnToolsVersion = 12;
          };
        };
      };
      buildConfigurationList = 8D3E471B4F0A59FAD42AB483 /* Build configuration list for PBXProject "" */;
      compatibilityVersion = "Xcode 12.0";
      developmentRegion = en;
      hasScannedForEncodings = 0;
      knownRegions = (
        en,
        Base,
      );
      mainGroup = 875D65F4EBE59D7E4E1DA25E;
      productRefGroup = 8F3BD3DD626925AEF4AA8290 /* Products */;
      projectDirPath = "";
      projectRoot = "";
      targets = (
        8E676CF949FE6AECE29B2E51 /* lua */,
      );
    };
    /* End PBXProject section */

    /* Begin PBXResourcesBuildPhase section */
    8C84EE8B206C2D5FDDFCC3F9 /* Resources */ = {
      isa = PBXResourcesBuildPhase;
      buildActionMask = 2147483647;
      files = (
      );
      runOnlyForDeploymentPostprocessing = 0;
    };
    /* End PBXResourcesBuildPhase section */

    /* Begin PBXHeadersBuildPhase section */
    8A2CCEF47FDFFE9B78C42D5E /* Headers */ = {
      isa = PBXHeadersBuildPhase;
      buildActionMask = 2147483647;
      files = (
      );
      runOnlyForDeploymentPostprocessing = 0;
    };
    /* End PBXHeadersBuildPhase section */

    /* Begin PBXSourcesBuildPhase section */
    8160BA027BEF97B54A6A2C91 /* Sources */ = {
      isa = PBXSourcesBuildPhase;
      buildActionMask = 2147483647;
      files = (
        8D8D7D65FE6D9205401F5D2E /* lapi.c in Sources */,
        8940CE391AC1AE5CCCCF7E68 /* lauxlib.c in Sources */,
        8EDC3E86303FCBA6DB4BBFC6 /* lbaselib.c in Sources */,
        881CD3DAA4EDCD3D6ADA6F49 /* lcode.c in Sources */,
        8E30DFCBB33C7196EBB466CA /* lcorolib.c in Sources */,
        8CCCA9E34FEBD31DBF42E7A9 /* lctype.c in Sources */,
        80C928EEEDC6EFEFDBA39585 /* ldblib.c in Sources */,
        8FF6B5E51CFFF10E1C9D6075 /* ldebug.c in Sources */,
        8AA3D4C17B81AEDC6EE85BFC /* ldo.c in Sources */,
        816BF64BF59ACDBB3635EA0B /* ldump.c in Sources */,
        83E75FDBC8519AA2EEE0BCCA /* lfunc.c in Sources */,
        80A7EC4ED193319C9B1BAFDD /* lgc.c in Sources */,
        83F7D375A37F8698CEC49B31 /* linit.c in Sources */,
        8979B44A393B71FE7CDFBED9 /* liolib.c in Sources */,
        8FBCA01E5D6928ABD7ADA62A /* llex.c in Sources */,
        8A640C2E59FBC5483FB179DC /* lmathlib.c in Sources */,
        87B441B8C475F6DA92CE8FB0 /* lmem.c in Sources */,
        85A4E45286E57F5D58D3976B /* loadlib.c in Sources */,
        8ECAD86EE38ECE971E7C05AC /* lobject.c in Sources */,
        8BA1741D18DBFDB2C4C5710D /* lopcodes.c in Sources */,
        847B6FB9F019DE7715C67AA1 /* loslib.c in Sources */,
        8D9A90DB85F3E521E0B84AA1 /* lparser.c in Sources */,
        8319D2412057093BE9DCEC1D /* lstate.c in Sources */,
        879F8C3EF958FFC1DF2980BC /* lstring.c in Sources */,
        8BD5FFE3CEC0DD0E3E26DCCE /* lstrlib.c in Sources */,
        89CBE37FA59598C3840ABCC7 /* ltable.c in Sources */,
        8C5FC4B5EA9673DD73BA88FD /* ltablib.c in Sources */,
        88B5443493D432CD1443E445 /* ltm.c in Sources */,
        8EEDD8F173E9C704F4F1ED6E /* lundump.c in Sources */,
        8F09B4D723FB608333EDFECA /* lutf8lib.c in Sources */,
        882BB73E3D2FAB1C1447DD64 /* lvm.c in Sources */,
        8B520CEB17ECC5BA0AB9EBA0 /* lzio.c in Sources */,
      );
      runOnlyForDeploymentPostprocessing = 0;
    };
    /* End PBXSourcesBuildPhase section */

    /* Begin XCBuildConfiguration section */
    8B17FF3E6728878297063FB1 /* Debug */ = {
      isa = XCBuildConfiguration;
      buildSettings = {
        ALWAYS_SEARCH_USER_PATHS = NO;
        CLANG_ANALYZER_NONNULL = YES;
        CLANG_ANALYZER_NUMBER_OBJECT_CONVERSION = YES_AGGRESSIVE;
        CLANG_CXX_LANGUAGE_STANDARD = "";
        CLANG_CXX_LIBRARY = "libc++";
        CLANG_ENABLE_MODULES = YES;
        CLANG_ENABLE_OBJC_ARC = YES;
        CLANG_ENABLE_OBJC_WEAK = YES;
        CLANG_WARN_QUOTED_INCLUDE_IN_FRAMEWORK_HEADER = YES;
        CLANG_WARN_BLOCK_CAPTURE_AUTORELEASING = YES;
        CLANG_WARN_BOOL_CONVERSION = YES;
        CLANG_WARN_COMMA = NO;
        CLANG_WARN_CONSTANT_CONVERSION = YES;
        CLANG_WARN_DEPRECATED_OBJC_IMPLEMENTATIONS = YES;
        CLANG_WARN_DIRECT_OBJC_ISA_USAGE = YES_ERROR;
        CLANG_WARN_DOCUMENTATION_COMMENTS = NO;
        CLANG_WARN_EMPTY_BODY = YES;
        CLANG_WARN_ENUM_CONVERSION = YES;
        CLANG_WARN_INFINITE_RECURSION = YES;
        CLANG_WARN_INT_CONVERSION = YES;
        CLANG_WARN_NON_LITERAL_NULL_CONVERSION = YES;
        CLANG_WARN_OBJC_IMPLICIT_RETAIN_SELF = YES;
        CLANG_WARN_OBJC_LITERAL_CONVERSION = YES;
        CLANG_WARN_OBJC_ROOT_CLASS = YES_ERROR;
        CLANG_WARN_RANGE_LOOP_ANALYSIS = YES;
        CLANG_WARN_STRICT_PROTOTYPES = YES;
        CLANG_WARN_SUSPICIOUS_MOVE = YES;
        CLANG_WARN_UNGUARDED_AVAILABILITY = YES_AGGRESSIVE;
        CLANG_WARN_UNREACHABLE_CODE = YES;
        CLANG_WARN__DUPLICATE_METHOD_MATCH = YES;
        COPY_PHASE_STRIP = NO;
        CURRENT_PROJECT_VERSION = 1;
        DEBUG_INFORMATION_FORMAT = dwarf;
        ENABLE_STRICT_OBJC_MSGSEND = YES;
        ENABLE_TESTABILITY = YES;
        GCC_C_LANGUAGE_STANDARD = c17;
        GCC_DYNAMIC_NO_PIC = NO;
        GCC_NO_COMMON_BLOCKS = YES;
        GCC_OPTIMIZATION_LEVEL = 0;
        GCC_PREPROCESSOR_DEFINITIONS = (
          "$(inherited)",
          "_DEBUG=1",
          "DEBUG=1",
        );
        GCC_WARN_64_TO_32_BIT_CONVERSION = YES;
        GCC_WARN_ABOUT_RETURN_TYPE = YES_ERROR;
        GCC_WARN_UNDECLARED_SELECTOR = YES;
        GCC_WARN_UNINITIALIZED_AUTOS = YES_AGGRESSIVE;
        GCC_WARN_UNUSED_FUNCTION = YES;
        GCC_WARN_UNUSED_VARIABLE = YES;
        MACOSX_DEPLOYMENT_TARGET = 13.0;
        MTL_ENABLE_DEBUG_INFO = INCLUDE_SOURCE;
        MTL_FAST_MATH = YES;
        ONLY_ACTIVE_ARCH = YES;
        SDKROOT = macosx;
        VERSIONING_SYSTEM = "apple-generic";
        VERSION_INFO_PREFIX = "";
      };
      name = Debug;
    };
    8433ADFEBC6127F79AABC0EA /* Release */ = {
      isa = XCBuildConfiguration;
      buildSettings = {
        ALWAYS_SEARCH_USER_PATHS = NO;
        CLANG_ANALYZER_NONNULL = YES;
        CLANG_ANALYZER_NUMBER_OBJECT_CONVERSION = YES_AGGRESSIVE;
        CLANG_CXX_LANGUAGE_STANDARD = "c++20";
        CLANG_CXX_LIBRARY = "libc++";
        CLANG_ENABLE_MODULES = YES;
        CLANG_ENABLE_OBJC_ARC = YES;
        CLANG_ENABLE_OBJC_WEAK = YES;
        CLANG_WARN_QUOTED_INCLUDE_IN_FRAMEWORK_HEADER = YES;
        CLANG_WARN_BLOCK_CAPTURE_AUTORELEASING = YES;
        CLANG_WARN_BOOL_CONVERSION = YES;
        CLANG_WARN_COMMA = YES;
        CLANG_WARN_CONSTANT_CONVERSION = YES;
        CLANG_WARN_DEPRECATED_OBJC_IMPLEMENTATIONS = YES;
        CLANG_WARN_DIRECT_OBJC_ISA_USAGE = YES_ERROR;
        CLANG_WARN_DOCUMENTATION_COMMENTS = YES;
        CLANG_WARN_EMPTY_BODY = YES;
        CLANG_WARN_ENUM_CONVERSION = YES;
        CLANG_WARN_INFINITE_RECURSION = YES;
        CLANG_WARN_INT_CONVERSION = YES;
        CLANG_WARN_NON_LITERAL_NULL_CONVERSION = YES;
        CLANG_WARN_OBJC_IMPLICIT_RETAIN_SELF = YES;
        CLANG_WARN_OBJC_LITERAL_CONVERSION = YES;
        CLANG_WARN_OBJC_ROOT_CLASS = YES_ERROR;
        CLANG_WARN_RANGE_LOOP_ANALYSIS = YES;
        CLANG_WARN_STRICT_PROTOTYPES = YES;
        CLANG_WARN_SUSPICIOUS_MOVE = YES;
        CLANG_WARN_UNGUARDED_AVAILABILITY = YES_AGGRESSIVE;
        CLANG_WARN_UNREACHABLE_CODE = YES;
        CLANG_WARN__DUPLICATE_METHOD_MATCH = YES;
        COPY_PHASE_STRIP = NO;
        CURRENT_PROJECT_VERSION = 1;
        DEBUG_INFORMATION_FORMAT = "dwarf-with-dsym";
        ENABLE_NS_ASSERTIONS = NO;
        ENABLE_STRICT_OBJC_MSGSEND = YES;
        GCC_C_LANGUAGE_STANDARD = c17;
        GCC_NO_COMMON_BLOCKS = YES;
        GCC_OPTIMIZATION_LEVEL = fast;
        GCC_PREPROCESSOR_DEFINITIONS = (
          "$(inherited)",
          "NDEBUG=1",
        );
        GCC_WARN_64_TO_32_BIT_CONVERSION = YES;
        GCC_WARN_ABOUT_RETURN_TYPE = YES_ERROR;
        GCC_WARN_UNDECLARED_SELECTOR = YES;
        GCC_WARN_UNINITIALIZED_AUTOS = YES_AGGRESSIVE;
        GCC_WARN_UNUSED_FUNCTION = YES;
        GCC_WARN_UNUSED_VARIABLE = YES;
        MACOSX_DEPLOYMENT_TARGET = 13.0;
        MTL_ENABLE_DEBUG_INFO = NO;
        MTL_FAST_MATH = YES;
        SDKROOT = macosx;
        VERSIONING_SYSTEM = "apple-generic";
        VERSION_INFO_PREFIX = "";
      };
      name = Release;
    };
    8B17FF3E6728878297063FB1 /* Debug */ = {
      isa = XCBuildConfiguration;
      buildSettings = {
        CODE_SIGN_STYLE = Automatic;
        LD_RUNPATH_SEARCH_PATHS = (
          "$(inherited)",
          "@executable_path/../Frameworks",
        );
        LIBRARY_SEARCH_PATHS = (
        );
        FRAMEWORK_SEARCH_PATHS = (
        );
        SYSTEM_HEADER_SEARCH_PATHS = (
          ../src/lua/5.4.4/lua,
        );
        PRODUCT_NAME = "$(TARGET_NAME)";
        EXECUTABLE_PREFIX = lib;
        SKIP_INSTALL = YES;
      };
      name = Debug;
    };
    8CC7DE7BCB3B997C6A01D29A /* Release */ = {
      isa = XCBuildConfiguration;
      buildSettings = {
        CODE_SIGN_STYLE = Automatic;
        LD_RUNPATH_SEARCH_PATHS = (
          "$(inherited)",
          "@executable_path/../Frameworks",
        );
        LIBRARY_SEARCH_PATHS = (
        );
        FRAMEWORK_SEARCH_PATHS = (
        );
        SYSTEM_HEADER_SEARCH_PATHS = (
          ../src/lua/5.4.4/lua,
        );
        PRODUCT_NAME = "$(TARGET_NAME)";
        EXECUTABLE_PREFIX = lib;
        SKIP_INSTALL = YES;
      };
      name = Release;
    };
    /* End XCBuildConfiguration section */

    /* Begin XCConfigurationList section */
    818D1B8B7E6E00D0A37FEABC /* Build configuration list for PBXProject "lua" */ = {
      isa = XCConfigurationList;
      buildConfigurations = (
        8CC7DE7BCB3B997C6A01D29A /* Release */,
        8B17FF3E6728878297063FB1 /* Debug */,
      );
      defaultConfigurationIsVisible = 0;
      defaultConfigurationName = Release;
    };
    8D3E471B4F0A59FAD42AB483 /* Build configuration list for PBXNativeTarget "lua" */ = {
      isa = XCConfigurationList;
      buildConfigurations = (
        8433ADFEBC6127F79AABC0EA /* Release */,
        829BC62D8E1EBE20F0E9BB8E /* Debug */,
      );
      defaultConfigurationIsVisible = 0;
      defaultConfigurationName = Release;
    };
    /* End XCConfigurationList section */
  };
  rootObject = 8C375767B7F8B0EF3AAB29BD /* Project object */;
}

// vim:ft=cpp