// !$*UTF8*$!
{
  archiveVersion = 1;
  classes = {
  };
  objectVersion = 54;
  objects = {

    /* Begin PBXBuildFile section */
    852FD0C62A26AF4D337E /* lauxlib.c in Sources */ = {isa = PBXBuildFile; fileRef = 80C3307273C4DA3ECCBE /* lauxlib.c */; };
    8B5FC5745F2D1756BBF3 /* liolib.c in Sources */ = {isa = PBXBuildFile; fileRef = 80B930D3A2E61EBE70FF /* liolib.c */; };
    849C0FE7737E3438AE13 /* lopcodes.c in Sources */ = {isa = PBXBuildFile; fileRef = 8A29E8EA7F244F45498B /* lopcodes.c */; };
    8D7C2FA88CF54BAA1ADE /* lstate.c in Sources */ = {isa = PBXBuildFile; fileRef = 8691BC2C1B51BAFEB11E /* lstate.c */; };
    8BB76BFCBEA86C2A3E5B /* lobject.c in Sources */ = {isa = PBXBuildFile; fileRef = 829EE8BDF08B466D5B08 /* lobject.c */; };
    89C1A9709AC0CBFC9B0E /* lmathlib.c in Sources */ = {isa = PBXBuildFile; fileRef = 8D73E9792F5BBC278BDD /* lmathlib.c */; };
    8ED66DF2FC1AEF6B462A /* loadlib.c in Sources */ = {isa = PBXBuildFile; fileRef = 8E0147EF2EA90AA4D270 /* loadlib.c */; };
    823D4910CB4B67177A3D /* lvm.c in Sources */ = {isa = PBXBuildFile; fileRef = 85E140BABB50CBEB26AE /* lvm.c */; };
    8FA9FDFB690F5ACCE64F /* lfunc.c in Sources */ = {isa = PBXBuildFile; fileRef = 862D4DC52BCCC289E1A7 /* lfunc.c */; };
    8FAC2A8FABE8CC9373D7 /* lstrlib.c in Sources */ = {isa = PBXBuildFile; fileRef = 86E1E1A4E45FB25AB03A /* lstrlib.c */; };
    8D94418FAEA5B5CE6FBC /* linit.c in Sources */ = {isa = PBXBuildFile; fileRef = 890E8BD42D9BFEEBCB35 /* linit.c */; };
    810D0DDEA2FA609AEB10 /* lstring.c in Sources */ = {isa = PBXBuildFile; fileRef = 8B0EDABFC33CDBB33DCE /* lstring.c */; };
    8F5199C07C379CA33FC1 /* lundump.c in Sources */ = {isa = PBXBuildFile; fileRef = 8803BFCDA629FCAFAFFE /* lundump.c */; };
    86E51EA8AACF0B9D17AF /* lctype.c in Sources */ = {isa = PBXBuildFile; fileRef = 86ADC296ADE7BD9C7B4C /* lctype.c */; };
    81B9EC1FE394D6E3A805 /* ltable.c in Sources */ = {isa = PBXBuildFile; fileRef = 8ECF1C9D110A55EFBF96 /* ltable.c */; };
    8532B4DD011EC87CE0D8 /* ldump.c in Sources */ = {isa = PBXBuildFile; fileRef = 87AAD8427EAF45E96962 /* ldump.c */; };
    8ACB913C4D2CF30B0FEB /* loslib.c in Sources */ = {isa = PBXBuildFile; fileRef = 87C3F4DB68DBCEEE8C8B /* loslib.c */; };
    8ED5BB6F4DE35F0EC482 /* lgc.c in Sources */ = {isa = PBXBuildFile; fileRef = 8E867B8BD0B5D3EAB78D /* lgc.c */; };
    82EB8EB9EF3E121CFE2E /* lzio.c in Sources */ = {isa = PBXBuildFile; fileRef = 8032C0CC2B15C04B96DF /* lzio.c */; };
    8B0260F3B1EABFFFDEC4 /* ldblib.c in Sources */ = {isa = PBXBuildFile; fileRef = 8087EA9D96E34E2C6E7D /* ldblib.c */; };
    816CAC3DAD30AFDCEE37 /* lutf8lib.c in Sources */ = {isa = PBXBuildFile; fileRef = 84687F9D269E845876E4 /* lutf8lib.c */; };
    88DCEAEDACCECF11802C /* lmem.c in Sources */ = {isa = PBXBuildFile; fileRef = 8EFDF14C66C7E10C643E /* lmem.c */; };
    8F29C9CAD5EC65D8FCDE /* lcorolib.c in Sources */ = {isa = PBXBuildFile; fileRef = 8C908BE87AE81617FD73 /* lcorolib.c */; };
    8A0088AD320AAF6A5B1F /* lcode.c in Sources */ = {isa = PBXBuildFile; fileRef = 8A5BD0DB5063BA1B1F23 /* lcode.c */; };
    808A9DCB6BBDF2D8E3E5 /* ltablib.c in Sources */ = {isa = PBXBuildFile; fileRef = 8B72B506ABC9B407C642 /* ltablib.c */; };
    8D69BE738F86CDCD68CF /* lapi.c in Sources */ = {isa = PBXBuildFile; fileRef = 8F8AEABB6AF5CCBC6DB3 /* lapi.c */; };
    8F6D444063248C7D31F8 /* lbaselib.c in Sources */ = {isa = PBXBuildFile; fileRef = 8036EA49BEFEE8D967BF /* lbaselib.c */; };
    8CEBFEF5D78E8ABEFC27 /* ldebug.c in Sources */ = {isa = PBXBuildFile; fileRef = 800DE07CB9BED5A05329 /* ldebug.c */; };
    8A9C31DD17092CCCCBBC /* lparser.c in Sources */ = {isa = PBXBuildFile; fileRef = 866AB0F3E8BC43FA6189 /* lparser.c */; };
    83ECC4EA86AC36F5EC53 /* llex.c in Sources */ = {isa = PBXBuildFile; fileRef = 8EF91D7F1B124D7321B9 /* llex.c */; };
    8A8929A3EFA88F529A9B /* ltm.c in Sources */ = {isa = PBXBuildFile; fileRef = 8AD4E1C89D59C7723CAC /* ltm.c */; };
    8A908EFCBCA68931E757 /* ldo.c in Sources */ = {isa = PBXBuildFile; fileRef = 86FB0DE7B2263E34FDDD /* ldo.c */; };
    /* End PBXBuildFile section */

    /* Begin PBXCopyFilesBuildPhase section */
    /* End PBXCopyFilesBuildPhase section */

    /* Begin PBXFileReference section */
    8F8AEABB6AF5CCBC6DB3 = {isa = PBXFileReference; lastKnownFileType = sourcecode.c.c; name = lapi.c; path = ../src/lua/5.4.0/src/lapi.c; sourceTree = "<group>"; };
    80C3307273C4DA3ECCBE = {isa = PBXFileReference; lastKnownFileType = sourcecode.c.c; name = lauxlib.c; path = ../src/lua/5.4.0/src/lauxlib.c; sourceTree = "<group>"; };
    8036EA49BEFEE8D967BF = {isa = PBXFileReference; lastKnownFileType = sourcecode.c.c; name = lbaselib.c; path = ../src/lua/5.4.0/src/lbaselib.c; sourceTree = "<group>"; };
    8A5BD0DB5063BA1B1F23 = {isa = PBXFileReference; lastKnownFileType = sourcecode.c.c; name = lcode.c; path = ../src/lua/5.4.0/src/lcode.c; sourceTree = "<group>"; };
    8C908BE87AE81617FD73 = {isa = PBXFileReference; lastKnownFileType = sourcecode.c.c; name = lcorolib.c; path = ../src/lua/5.4.0/src/lcorolib.c; sourceTree = "<group>"; };
    86ADC296ADE7BD9C7B4C = {isa = PBXFileReference; lastKnownFileType = sourcecode.c.c; name = lctype.c; path = ../src/lua/5.4.0/src/lctype.c; sourceTree = "<group>"; };
    8087EA9D96E34E2C6E7D = {isa = PBXFileReference; lastKnownFileType = sourcecode.c.c; name = ldblib.c; path = ../src/lua/5.4.0/src/ldblib.c; sourceTree = "<group>"; };
    800DE07CB9BED5A05329 = {isa = PBXFileReference; lastKnownFileType = sourcecode.c.c; name = ldebug.c; path = ../src/lua/5.4.0/src/ldebug.c; sourceTree = "<group>"; };
    86FB0DE7B2263E34FDDD = {isa = PBXFileReference; lastKnownFileType = sourcecode.c.c; name = ldo.c; path = ../src/lua/5.4.0/src/ldo.c; sourceTree = "<group>"; };
    87AAD8427EAF45E96962 = {isa = PBXFileReference; lastKnownFileType = sourcecode.c.c; name = ldump.c; path = ../src/lua/5.4.0/src/ldump.c; sourceTree = "<group>"; };
    862D4DC52BCCC289E1A7 = {isa = PBXFileReference; lastKnownFileType = sourcecode.c.c; name = lfunc.c; path = ../src/lua/5.4.0/src/lfunc.c; sourceTree = "<group>"; };
    8E867B8BD0B5D3EAB78D = {isa = PBXFileReference; lastKnownFileType = sourcecode.c.c; name = lgc.c; path = ../src/lua/5.4.0/src/lgc.c; sourceTree = "<group>"; };
    890E8BD42D9BFEEBCB35 = {isa = PBXFileReference; lastKnownFileType = sourcecode.c.c; name = linit.c; path = ../src/lua/5.4.0/src/linit.c; sourceTree = "<group>"; };
    80B930D3A2E61EBE70FF = {isa = PBXFileReference; lastKnownFileType = sourcecode.c.c; name = liolib.c; path = ../src/lua/5.4.0/src/liolib.c; sourceTree = "<group>"; };
    8EF91D7F1B124D7321B9 = {isa = PBXFileReference; lastKnownFileType = sourcecode.c.c; name = llex.c; path = ../src/lua/5.4.0/src/llex.c; sourceTree = "<group>"; };
    8D73E9792F5BBC278BDD = {isa = PBXFileReference; lastKnownFileType = sourcecode.c.c; name = lmathlib.c; path = ../src/lua/5.4.0/src/lmathlib.c; sourceTree = "<group>"; };
    8EFDF14C66C7E10C643E = {isa = PBXFileReference; lastKnownFileType = sourcecode.c.c; name = lmem.c; path = ../src/lua/5.4.0/src/lmem.c; sourceTree = "<group>"; };
    8E0147EF2EA90AA4D270 = {isa = PBXFileReference; lastKnownFileType = sourcecode.c.c; name = loadlib.c; path = ../src/lua/5.4.0/src/loadlib.c; sourceTree = "<group>"; };
    829EE8BDF08B466D5B08 = {isa = PBXFileReference; lastKnownFileType = sourcecode.c.c; name = lobject.c; path = ../src/lua/5.4.0/src/lobject.c; sourceTree = "<group>"; };
    8A29E8EA7F244F45498B = {isa = PBXFileReference; lastKnownFileType = sourcecode.c.c; name = lopcodes.c; path = ../src/lua/5.4.0/src/lopcodes.c; sourceTree = "<group>"; };
    87C3F4DB68DBCEEE8C8B = {isa = PBXFileReference; lastKnownFileType = sourcecode.c.c; name = loslib.c; path = ../src/lua/5.4.0/src/loslib.c; sourceTree = "<group>"; };
    866AB0F3E8BC43FA6189 = {isa = PBXFileReference; lastKnownFileType = sourcecode.c.c; name = lparser.c; path = ../src/lua/5.4.0/src/lparser.c; sourceTree = "<group>"; };
    8691BC2C1B51BAFEB11E = {isa = PBXFileReference; lastKnownFileType = sourcecode.c.c; name = lstate.c; path = ../src/lua/5.4.0/src/lstate.c; sourceTree = "<group>"; };
    8B0EDABFC33CDBB33DCE = {isa = PBXFileReference; lastKnownFileType = sourcecode.c.c; name = lstring.c; path = ../src/lua/5.4.0/src/lstring.c; sourceTree = "<group>"; };
    86E1E1A4E45FB25AB03A = {isa = PBXFileReference; lastKnownFileType = sourcecode.c.c; name = lstrlib.c; path = ../src/lua/5.4.0/src/lstrlib.c; sourceTree = "<group>"; };
    8ECF1C9D110A55EFBF96 = {isa = PBXFileReference; lastKnownFileType = sourcecode.c.c; name = ltable.c; path = ../src/lua/5.4.0/src/ltable.c; sourceTree = "<group>"; };
    8B72B506ABC9B407C642 = {isa = PBXFileReference; lastKnownFileType = sourcecode.c.c; name = ltablib.c; path = ../src/lua/5.4.0/src/ltablib.c; sourceTree = "<group>"; };
    8AD4E1C89D59C7723CAC = {isa = PBXFileReference; lastKnownFileType = sourcecode.c.c; name = ltm.c; path = ../src/lua/5.4.0/src/ltm.c; sourceTree = "<group>"; };
    8803BFCDA629FCAFAFFE = {isa = PBXFileReference; lastKnownFileType = sourcecode.c.c; name = lundump.c; path = ../src/lua/5.4.0/src/lundump.c; sourceTree = "<group>"; };
    84687F9D269E845876E4 = {isa = PBXFileReference; lastKnownFileType = sourcecode.c.c; name = lutf8lib.c; path = ../src/lua/5.4.0/src/lutf8lib.c; sourceTree = "<group>"; };
    85E140BABB50CBEB26AE = {isa = PBXFileReference; lastKnownFileType = sourcecode.c.c; name = lvm.c; path = ../src/lua/5.4.0/src/lvm.c; sourceTree = "<group>"; };
    8032C0CC2B15C04B96DF = {isa = PBXFileReference; lastKnownFileType = sourcecode.c.c; name = lzio.c; path = ../src/lua/5.4.0/src/lzio.c; sourceTree = "<group>"; };
    8ED8DB8B2A8CBDC804BC /* liblua.a */ = {isa = PBXFileReference; explicitFileType = archive.ar; includeInIndex = 0; path = liblua.a; sourceTree = BUILT_PRODUCTS_DIR; };
    /* End PBXFileReference section */

    /* Begin PBXFrameworksBuildPhase section */
    /* End PBXFrameworksBuildPhase section */

    /* Begin PBXGroup section */
    85E2FDC7ABCF13C5557B = {
      isa = PBXGroup;
      children = (
        881EDEAA27925DDC7F9B /* Products */,
        88AB8BAFBBDA3FDB3FD3 /* Code */,
      );
      sourceTree = "<group>";
    };
    881EDEAA27925DDC7F9B /* Products */ = {
      isa = PBXGroup;
      children = (
        8ED8DB8B2A8CBDC804BC /* lua.static */,
      );
      name = Products;
      sourceTree = "<group>";
    };
    88AB8BAFBBDA3FDB3FD3 /* Code */ = {
      isa = PBXGroup;
      children = (
        8DD644F0B4D9D16AF0D7 /* references */,
        8DA0A9A22AF42ADAB9A6 /* include */,
        8FF430FFD48FBD3F569E /* src */,
      );
      name = Code;
      sourceTree = "<group>";
    };
    8FF430FFD48FBD3F569E /* src */ = {
      isa = PBXGroup;
      children = (
        8F8AEABB6AF5CCBC6DB3 /* ../src/lua/5.4.0/src/lapi.c */,
        80C3307273C4DA3ECCBE /* ../src/lua/5.4.0/src/lauxlib.c */,
        8036EA49BEFEE8D967BF /* ../src/lua/5.4.0/src/lbaselib.c */,
        8A5BD0DB5063BA1B1F23 /* ../src/lua/5.4.0/src/lcode.c */,
        8C908BE87AE81617FD73 /* ../src/lua/5.4.0/src/lcorolib.c */,
        86ADC296ADE7BD9C7B4C /* ../src/lua/5.4.0/src/lctype.c */,
        8087EA9D96E34E2C6E7D /* ../src/lua/5.4.0/src/ldblib.c */,
        800DE07CB9BED5A05329 /* ../src/lua/5.4.0/src/ldebug.c */,
        86FB0DE7B2263E34FDDD /* ../src/lua/5.4.0/src/ldo.c */,
        87AAD8427EAF45E96962 /* ../src/lua/5.4.0/src/ldump.c */,
        862D4DC52BCCC289E1A7 /* ../src/lua/5.4.0/src/lfunc.c */,
        8E867B8BD0B5D3EAB78D /* ../src/lua/5.4.0/src/lgc.c */,
        890E8BD42D9BFEEBCB35 /* ../src/lua/5.4.0/src/linit.c */,
        80B930D3A2E61EBE70FF /* ../src/lua/5.4.0/src/liolib.c */,
        8EF91D7F1B124D7321B9 /* ../src/lua/5.4.0/src/llex.c */,
        8D73E9792F5BBC278BDD /* ../src/lua/5.4.0/src/lmathlib.c */,
        8EFDF14C66C7E10C643E /* ../src/lua/5.4.0/src/lmem.c */,
        8E0147EF2EA90AA4D270 /* ../src/lua/5.4.0/src/loadlib.c */,
        829EE8BDF08B466D5B08 /* ../src/lua/5.4.0/src/lobject.c */,
        8A29E8EA7F244F45498B /* ../src/lua/5.4.0/src/lopcodes.c */,
        87C3F4DB68DBCEEE8C8B /* ../src/lua/5.4.0/src/loslib.c */,
        866AB0F3E8BC43FA6189 /* ../src/lua/5.4.0/src/lparser.c */,
        8691BC2C1B51BAFEB11E /* ../src/lua/5.4.0/src/lstate.c */,
        8B0EDABFC33CDBB33DCE /* ../src/lua/5.4.0/src/lstring.c */,
        86E1E1A4E45FB25AB03A /* ../src/lua/5.4.0/src/lstrlib.c */,
        8ECF1C9D110A55EFBF96 /* ../src/lua/5.4.0/src/ltable.c */,
        8B72B506ABC9B407C642 /* ../src/lua/5.4.0/src/ltablib.c */,
        8AD4E1C89D59C7723CAC /* ../src/lua/5.4.0/src/ltm.c */,
        8803BFCDA629FCAFAFFE /* ../src/lua/5.4.0/src/lundump.c */,
        84687F9D269E845876E4 /* ../src/lua/5.4.0/src/lutf8lib.c */,
        85E140BABB50CBEB26AE /* ../src/lua/5.4.0/src/lvm.c */,
        8032C0CC2B15C04B96DF /* ../src/lua/5.4.0/src/lzio.c */,
      );
      name = src;
      path = "";
      sourceTree = "<group>";
    };
    /* End PBXGroup section */

    /* Begin PBXNativeTarget section */
    8F8FE2A4C757CAA1B859 /* framework_test */ = {
      isa = PBXNativeTarget;
      buildConfigurationList = 8FDDEE4E25A113E49EE7 /* Build configuration list for PBXNativeTarget "lua" */;
      buildPhases = (
        8FA9A88C3B81D73A84A1 /* Frameworks */,
        8ADD7FD02BC3116A5B62 /* Resources */,
        825D06E879F9E2EDAE64 /* CopyRefs */,
        88D5633388BA6D5E2F46 /* Headers */,
        8DE528F4ABDC30AF309B /* Embed PlugIns */,
        81EE2E1243C6C31D593E /* Embed Frameworks */,
        856B4B2FAFDC26AA06C8 /* Sources */,
        8BDAFCACD84A8DDD086A /* Script */,
      );
      buildRules = (
      );
      dependencies = (
      );
      name = lua;
      productName = lua;
      productReference = 8ED8DB8B2A8CBDC804BC /* liblua.a */;
      productType = "com.apple.product-type.library.static";
    };
    /* End PBXNativeTarget section */

    /* Begin PBXProject section */
    8C8D1BEBCA6594CB78B2 /* Project object */ = {
      isa = PBXProject;
      attributes = {
        LastUpgradeCheck = 1200;
        ORGANIZATIONNAME = "";
        TargetAttributes = {
          8F8FE2A4C757CAA1B859 = {
            CreatedOnToolsVersion = 11.2.1;
          };
        };
      };
      buildConfigurationList = 80BB57FFFBEBEA432AC6 /* Build configuration list for PBXProject "lua" */;
      compatibilityVersion = "Xcode 12.0";
      developmentRegion = en;
      hasScannedForEncodings = 0;
      knownRegions = (
        en,
        Base,
      );
      mainGroup = 85E2FDC7ABCF13C5557B;
      productRefGroup = 881EDEAA27925DDC7F9B /* Products */;
      projectDirPath = "";
      projectRoot = "";
      targets = (
        8F8FE2A4C757CAA1B859 /* lua */,
      );
    };
    /* End PBXProject section */

    /* Begin PBXResourcesBuildPhase section */
    8ADD7FD02BC3116A5B62 /* Resources */ = {
      isa = PBXResourcesBuildPhase;
      buildActionMask = 2147483647;
      files = (
      );
      runOnlyForDeploymentPostprocessing = 0;
    };
    /* End PBXResourcesBuildPhase section */

    /* Begin PBXShellScriptBuildPhase section */
    8BDAFCACD84A8DDD086A /* ShellScript */ = {
      isa = PBXShellScriptBuildPhase;
      buildActionMask = 2147483647;
      files = (
      );
      inputFileListPaths = (
      );
      inputPaths = (
      );
      outputFileListPaths = (
      );
      outputPaths = (
      );
      runOnlyForDeploymentPostprocessing = 0;
      shellPath = /bin/sh;
      shellScript = "";
    };
    /* End PBXShellScriptBuildPhase section */

    /* Begin PBXSourcesBuildPhase section */
    856B4B2FAFDC26AA06C8 /* Sources */ = {
      isa = PBXSourcesBuildPhase;
      buildActionMask = 2147483647;
      files = (
        852FD0C62A26AF4D337E /* src/lua/5.4.0/src/lauxlib.c in Sources */,
        8B5FC5745F2D1756BBF3 /* src/lua/5.4.0/src/liolib.c in Sources */,
        849C0FE7737E3438AE13 /* src/lua/5.4.0/src/lopcodes.c in Sources */,
        8D7C2FA88CF54BAA1ADE /* src/lua/5.4.0/src/lstate.c in Sources */,
        8BB76BFCBEA86C2A3E5B /* src/lua/5.4.0/src/lobject.c in Sources */,
        89C1A9709AC0CBFC9B0E /* src/lua/5.4.0/src/lmathlib.c in Sources */,
        8ED66DF2FC1AEF6B462A /* src/lua/5.4.0/src/loadlib.c in Sources */,
        823D4910CB4B67177A3D /* src/lua/5.4.0/src/lvm.c in Sources */,
        8FA9FDFB690F5ACCE64F /* src/lua/5.4.0/src/lfunc.c in Sources */,
        8FAC2A8FABE8CC9373D7 /* src/lua/5.4.0/src/lstrlib.c in Sources */,
        8D94418FAEA5B5CE6FBC /* src/lua/5.4.0/src/linit.c in Sources */,
        810D0DDEA2FA609AEB10 /* src/lua/5.4.0/src/lstring.c in Sources */,
        8F5199C07C379CA33FC1 /* src/lua/5.4.0/src/lundump.c in Sources */,
        86E51EA8AACF0B9D17AF /* src/lua/5.4.0/src/lctype.c in Sources */,
        81B9EC1FE394D6E3A805 /* src/lua/5.4.0/src/ltable.c in Sources */,
        8532B4DD011EC87CE0D8 /* src/lua/5.4.0/src/ldump.c in Sources */,
        8ACB913C4D2CF30B0FEB /* src/lua/5.4.0/src/loslib.c in Sources */,
        8ED5BB6F4DE35F0EC482 /* src/lua/5.4.0/src/lgc.c in Sources */,
        82EB8EB9EF3E121CFE2E /* src/lua/5.4.0/src/lzio.c in Sources */,
        8B0260F3B1EABFFFDEC4 /* src/lua/5.4.0/src/ldblib.c in Sources */,
        816CAC3DAD30AFDCEE37 /* src/lua/5.4.0/src/lutf8lib.c in Sources */,
        88DCEAEDACCECF11802C /* src/lua/5.4.0/src/lmem.c in Sources */,
        8F29C9CAD5EC65D8FCDE /* src/lua/5.4.0/src/lcorolib.c in Sources */,
        8A0088AD320AAF6A5B1F /* src/lua/5.4.0/src/lcode.c in Sources */,
        808A9DCB6BBDF2D8E3E5 /* src/lua/5.4.0/src/ltablib.c in Sources */,
        8D69BE738F86CDCD68CF /* src/lua/5.4.0/src/lapi.c in Sources */,
        8F6D444063248C7D31F8 /* src/lua/5.4.0/src/lbaselib.c in Sources */,
        8CEBFEF5D78E8ABEFC27 /* src/lua/5.4.0/src/ldebug.c in Sources */,
        8A9C31DD17092CCCCBBC /* src/lua/5.4.0/src/lparser.c in Sources */,
        83ECC4EA86AC36F5EC53 /* src/lua/5.4.0/src/llex.c in Sources */,
        8A8929A3EFA88F529A9B /* src/lua/5.4.0/src/ltm.c in Sources */,
        8A908EFCBCA68931E757 /* src/lua/5.4.0/src/ldo.c in Sources */,
      );
      runOnlyForDeploymentPostprocessing = 0;
    };
    /* End PBXSourcesBuildPhase section */

    /* Begin PBXVariantGroup section */
    /* End PBXVariantGroup section */

    /* Begin XCBuildConfiguration section */
    8E03BEA2D391BEDCFCE3 /* Debug */ = {
      isa = XCBuildConfiguration;
      buildSettings = {
        ALWAYS_SEARCH_USER_PATHS = NO;
        CLANG_ANALYZER_NONNULL = YES;
        CLANG_ANALYZER_NUMBER_OBJECT_CONVERSION = YES_AGGRESSIVE;
        CLANG_CXX_LANGUAGE_STANDARD = "c++17";
        CLANG_CXX_LIBRARY = "libc++";
        CLANG_ENABLE_MODULES = YES;
        CLANG_ENABLE_OBJC_ARC = YES;
        CLANG_ENABLE_OBJC_WEAK = YES;
        CLANG_WARN_QUOTED_INCLUDE_IN_FRAMEWORK_HEADER = YES;
        CLANG_WARN_BLOCK_CAPTURE_AUTORELEASING = YES;
        CLANG_WARN_BOOL_CONVERSION = YES;
        CLANG_WARN_COMMA = YES;
        CLANG_WARN_CONSTANT_CONVERSION = YES;
        CLANG_WARN_DEPRECATED_OBJC_IMPLEMENTATIONS = YES;
        CLANG_WARN_DIRECT_OBJC_ISA_USAGE = YES_ERROR;
        CLANG_WARN_DOCUMENTATION_COMMENTS = YES;
        CLANG_WARN_EMPTY_BODY = YES;
        CLANG_WARN_ENUM_CONVERSION = YES;
        CLANG_WARN_INFINITE_RECURSION = YES;
        CLANG_WARN_INT_CONVERSION = YES;
        CLANG_WARN_NON_LITERAL_NULL_CONVERSION = YES;
        CLANG_WARN_OBJC_IMPLICIT_RETAIN_SELF = YES;
        CLANG_WARN_OBJC_LITERAL_CONVERSION = YES;
        CLANG_WARN_OBJC_ROOT_CLASS = YES_ERROR;
        CLANG_WARN_RANGE_LOOP_ANALYSIS = YES;
        CLANG_WARN_STRICT_PROTOTYPES = YES;
        CLANG_WARN_SUSPICIOUS_MOVE = YES;
        CLANG_WARN_UNGUARDED_AVAILABILITY = YES_AGGRESSIVE;
        CLANG_WARN_UNREACHABLE_CODE = YES;
        CLANG_WARN__DUPLICATE_METHOD_MATCH = YES;
        COPY_PHASE_STRIP = NO;
        CURRENT_PROJECT_VERSION = 1;
        DEBUG_INFORMATION_FORMAT = dwarf;
        ENABLE_STRICT_OBJC_MSGSEND = YES;
        ENABLE_TESTABILITY = YES;
        GCC_C_LANGUAGE_STANDARD = c11;
        GCC_DYNAMIC_NO_PIC = NO;
        GCC_NO_COMMON_BLOCKS = YES;
        GCC_OPTIMIZATION_LEVEL = 0;
        GCC_PREPROCESSOR_DEFINITIONS = (
          "$(inherited)",
          "_DEBUG=1",
          "DEBUG=1",
        );
        GCC_WARN_64_TO_32_BIT_CONVERSION = YES;
        GCC_WARN_ABOUT_RETURN_TYPE = YES_ERROR;
        GCC_WARN_UNDECLARED_SELECTOR = YES;
        GCC_WARN_UNINITIALIZED_AUTOS = YES_AGGRESSIVE;
        GCC_WARN_UNUSED_FUNCTION = YES;
        GCC_WARN_UNUSED_VARIABLE = YES;
        MACOSX_DEPLOYMENT_TARGET = 12.0;
        MTL_ENABLE_DEBUG_INFO = INCLUDE_SOURCE;
        MTL_FAST_MATH = YES;
        ONLY_ACTIVE_ARCH = YES;
        SDKROOT = macosx;
        VERSIONING_SYSTEM = "apple-generic";
        VERSION_INFO_PREFIX = "";
      };
      name = Debug;
    };
    8BF34A4132BDF78C066F /* Release */ = {
      isa = XCBuildConfiguration;
      buildSettings = {
        ALWAYS_SEARCH_USER_PATHS = NO;
        CLANG_ANALYZER_NONNULL = YES;
        CLANG_ANALYZER_NUMBER_OBJECT_CONVERSION = YES_AGGRESSIVE;
        CLANG_CXX_LANGUAGE_STANDARD = "c++17";
        CLANG_CXX_LIBRARY = "libc++";
        CLANG_ENABLE_MODULES = YES;
        CLANG_ENABLE_OBJC_ARC = YES;
        CLANG_ENABLE_OBJC_WEAK = YES;
        CLANG_WARN_QUOTED_INCLUDE_IN_FRAMEWORK_HEADER = YES;
        CLANG_WARN_BLOCK_CAPTURE_AUTORELEASING = YES;
        CLANG_WARN_BOOL_CONVERSION = YES;
        CLANG_WARN_COMMA = YES;
        CLANG_WARN_CONSTANT_CONVERSION = YES;
        CLANG_WARN_DEPRECATED_OBJC_IMPLEMENTATIONS = YES;
        CLANG_WARN_DIRECT_OBJC_ISA_USAGE = YES_ERROR;
        CLANG_WARN_DOCUMENTATION_COMMENTS = YES;
        CLANG_WARN_EMPTY_BODY = YES;
        CLANG_WARN_ENUM_CONVERSION = YES;
        CLANG_WARN_INFINITE_RECURSION = YES;
        CLANG_WARN_INT_CONVERSION = YES;
        CLANG_WARN_NON_LITERAL_NULL_CONVERSION = YES;
        CLANG_WARN_OBJC_IMPLICIT_RETAIN_SELF = YES;
        CLANG_WARN_OBJC_LITERAL_CONVERSION = YES;
        CLANG_WARN_OBJC_ROOT_CLASS = YES_ERROR;
        CLANG_WARN_RANGE_LOOP_ANALYSIS = YES;
        CLANG_WARN_STRICT_PROTOTYPES = YES;
        CLANG_WARN_SUSPICIOUS_MOVE = YES;
        CLANG_WARN_UNGUARDED_AVAILABILITY = YES_AGGRESSIVE;
        CLANG_WARN_UNREACHABLE_CODE = YES;
        CLANG_WARN__DUPLICATE_METHOD_MATCH = YES;
        COPY_PHASE_STRIP = NO;
        CURRENT_PROJECT_VERSION = 1;
        DEBUG_INFORMATION_FORMAT = "dwarf-with-dsym";
        ENABLE_NS_ASSERTIONS = NO;
        ENABLE_STRICT_OBJC_MSGSEND = YES;
        GCC_C_LANGUAGE_STANDARD = c11;
        GCC_NO_COMMON_BLOCKS = YES;
        GCC_OPTIMIZATION_LEVEL = fast;
        GCC_PREPROCESSOR_DEFINITIONS = (
          "$(inherited)",
          "NDEBUG=1",
        );
        GCC_WARN_64_TO_32_BIT_CONVERSION = YES;
        GCC_WARN_ABOUT_RETURN_TYPE = YES_ERROR;
        GCC_WARN_UNDECLARED_SELECTOR = YES;
        GCC_WARN_UNINITIALIZED_AUTOS = YES_AGGRESSIVE;
        GCC_WARN_UNUSED_FUNCTION = YES;
        GCC_WARN_UNUSED_VARIABLE = YES;
        MACOSX_DEPLOYMENT_TARGET = 12.0;
        MTL_ENABLE_DEBUG_INFO = NO;
        MTL_FAST_MATH = YES;
        SDKROOT = macosx;
        VERSIONING_SYSTEM = "apple-generic";
        VERSION_INFO_PREFIX = "";
      };
      name = Release;
    };
    8F9BC5776D9BAE3D0FAB /* Debug */ = {
      isa = XCBuildConfiguration;
      buildSettings = {
        CODE_SIGN_STYLE = Automatic;
        LD_RUNPATH_SEARCH_PATHS = (
          "$(inherited)",
          "@executable_path/../Frameworks",
        );
        LIBRARY_SEARCH_PATHS = (
        );
        FRAMEWORK_SEARCH_PATHS = (
        );
        SYSTEM_HEADER_SEARCH_PATHS = (
          ../src/lua/5.4.0/lua,
        );
        PRODUCT_NAME = "$(TARGET_NAME)";
        EXECUTABLE_PREFIX = lib;
        SKIP_INSTALL = YES;
      };
      name = Debug;
    };
    8CDBACE913BED2838AB3 /* Release */ = {
      isa = XCBuildConfiguration;
      buildSettings = {
        CODE_SIGN_STYLE = Automatic;
        LD_RUNPATH_SEARCH_PATHS = (
          "$(inherited)",
          "@executable_path/../Frameworks",
        );
        LIBRARY_SEARCH_PATHS = (
        );
        FRAMEWORK_SEARCH_PATHS = (
        );
        SYSTEM_HEADER_SEARCH_PATHS = (
          ../src/lua/5.4.0/lua,
        );
        PRODUCT_NAME = "$(TARGET_NAME)";
        EXECUTABLE_PREFIX = lib;
        SKIP_INSTALL = YES;
      };
      name = Release;
    };
    /* End XCBuildConfiguration section */

    /* Begin XCConfigurationList section */
    80BB57FFFBEBEA432AC6 /* Build configuration list for PBXProject "lua" */ = {
      isa = XCConfigurationList;
      buildConfigurations = (
        8BF34A4132BDF78C066F /* Release */,
        8E03BEA2D391BEDCFCE3 /* Debug */,
      );
      defaultConfigurationIsVisible = 0;
      defaultConfigurationName = Release;
    };
    8FDDEE4E25A113E49EE7 /* Build configuration list for PBXNativeTarget "lua" */ = {
      isa = XCConfigurationList;
      buildConfigurations = (
        8CDBACE913BED2838AB3 /* Release */,
        8F9BC5776D9BAE3D0FAB /* Debug */,
      );
      defaultConfigurationIsVisible = 0;
      defaultConfigurationName = Release;
    };
    /* End XCConfigurationList section */
  };
  rootObject = 8C8D1BEBCA6594CB78B2 /* Project object */;
}
