// !$*UTF8*$!
{
  archiveVersion = 1;
  classes = {
  };
  objectVersion = 54;
  objects = {

    /* Begin PBXBuildFile section */
    896BA55D510A9DF4F9CF0757 /* CoreFoundation.framework in Frameworks */ = {isa = PBXBuildFile; fileRef = 83025AE38B64E86147FCADEC /* CoreFoundation */; };
    83D134D3E3EE8AA0BDEBB4EA /* Foundation.framework in Frameworks */ = {isa = PBXBuildFile; fileRef = 8CA1B0D8AAC3C839CED3F994 /* Foundation */; };
    8E56787C0C751C4CABF9FBEF /* libstartup.a in Frameworks */ = {isa = PBXBuildFile; fileRef = 8F26ACC72F3CDBFBB1FF24DD /* libstartup.a */; };
    8AFD2BDC97EA7EC279E897AB /* libgfc.a in Frameworks */ = {isa = PBXBuildFile; fileRef = 80CBF9DB043C7E4EAC59CFBF /* libgfc.a */; };
    8028E74C4BC6565C758FC0FE /* liblua.a in Frameworks */ = {isa = PBXBuildFile; fileRef = 82FEF35DDD96041CDBEEFCF7 /* liblua.a */; };
    8A34256CA90C3AE3CCABCCF6 /* libpal.a in Frameworks */ = {isa = PBXBuildFile; fileRef = 89E2E5E4D4C68B80C895BC84 /* libpal.a */; };
    8DFE8AD4BD6AD6267C3E8C3F /* liblz4.a in Frameworks */ = {isa = PBXBuildFile; fileRef = 89C4BF567EB46FD628266AC3 /* liblz4.a */; };
    875EBF03AABDCB788DDEDD79 /* generator.cpp in Sources */ = {isa = PBXBuildFile; fileRef = 89168EEB3DCE0CA3493E2B7A /* generator.cpp */; };
    88ADA7CB5CAB1BE4D9F4CC86 /* ws.cpp in Sources */ = {isa = PBXBuildFile; fileRef = 83CDEAE8BBA245FE9D77B68A /* ws.cpp */; };
    853F76961EFCEA820D97CEBD /* ninja.cpp in Sources */ = {isa = PBXBuildFile; fileRef = 8B21B4E41BF3639A2E8C9FB8 /* ninja.cpp */; };
    8CCDB4FF07B1BABDAA2AF8AB /* ndk.cpp in Sources */ = {isa = PBXBuildFile; fileRef = 857BE9E1B8CDD685270CF46E /* ndk.cpp */; };
    84F38AF615BCBCCAF2A3E806 /* luacore.cpp in Sources */ = {isa = PBXBuildFile; fileRef = 861AE2AD5BF727EC8BF85B4D /* luacore.cpp */; };
    8B17841FEAE36CEF91C1A1BB /* xcode.cpp in Sources */ = {isa = PBXBuildFile; fileRef = 8DD338808E7C89FCDC61CE68 /* xcode.cpp */; };
    89F956E001C026EFCCADCE30 /* msvc.cpp in Sources */ = {isa = PBXBuildFile; fileRef = 8E3CB1BF16EFF141E01EBC5A /* msvc.cpp */; };
    81850F653FB9CA50816E0CED /* std.cpp in Sources */ = {isa = PBXBuildFile; fileRef = 8D594FB38D65E8718713A21E /* std.cpp */; };
    87CBCA9ACEFAB2872F8F77AE /* qmake.cpp in Sources */ = {isa = PBXBuildFile; fileRef = 8B1D4D05F4AFD18BAED3FDDF /* qmake.cpp */; };
    801A7FADEA4401040C99E182 /* main.cpp in Sources */ = {isa = PBXBuildFile; fileRef = 8C2EFB786A6EBE7705A6C9FB /* main.cpp */; };
    81BCAF01A2A654C7F205686A /* pbx.mm in Sources */ = {isa = PBXBuildFile; fileRef = 8FADBFD0FB692EC18BD997FD /* pbx.mm */; };
    /* End PBXBuildFile section */

    /* Begin PBXCopyFilesBuildPhase section */
    /* End PBXCopyFilesBuildPhase section */

    /* Begin PBXFileReference section */
    83025AE38B64E86147FCADEC /* CoreFoundation in Frameworks */ = {isa = PBXFileReference; lastKnownFileType = wrapper.framework; name = CoreFoundation.framework; path = /Applications/Xcode.app/Contents/Developer/Platforms/MacOSX.platform/Developer/SDKs/MacOSX.sdk/System/Library/Frameworks/CoreFoundation.framework; sourceTree = "<absolute>"; };
    8CA1B0D8AAC3C839CED3F994 /* Foundation in Frameworks */ = {isa = PBXFileReference; lastKnownFileType = wrapper.framework; name = Foundation.framework; path = /Applications/Xcode.app/Contents/Developer/Platforms/MacOSX.platform/Developer/SDKs/MacOSX.sdk/System/Library/Frameworks/Foundation.framework; sourceTree = "<absolute>"; };
    8F26ACC72F3CDBFBB1FF24DD /* libstartup.a in Frameworks */ = {isa = PBXFileReference; lastKnownFileType = archive.a; name = libstartup.a; path = libstartup.a; sourceTree = BUILT_PRODUCTS_DIR; };
    80CBF9DB043C7E4EAC59CFBF /* libgfc.a in Frameworks */ = {isa = PBXFileReference; lastKnownFileType = archive.a; name = libgfc.a; path = libgfc.a; sourceTree = BUILT_PRODUCTS_DIR; };
    82FEF35DDD96041CDBEEFCF7 /* liblua.a in Frameworks */ = {isa = PBXFileReference; lastKnownFileType = archive.a; name = liblua.a; path = liblua.a; sourceTree = BUILT_PRODUCTS_DIR; };
    89E2E5E4D4C68B80C895BC84 /* libpal.a in Frameworks */ = {isa = PBXFileReference; lastKnownFileType = archive.a; name = libpal.a; path = libpal.a; sourceTree = BUILT_PRODUCTS_DIR; };
    89C4BF567EB46FD628266AC3 /* liblz4.a in Frameworks */ = {isa = PBXFileReference; lastKnownFileType = archive.a; name = liblz4.a; path = liblz4.a; sourceTree = BUILT_PRODUCTS_DIR; };
    8AFB7B8CE35FC10DDC6DCC48 /* precog */ = {isa = PBXFileReference; explicitFileType = compiled.mach-o.executable; includeInIndex = 0; path = precog; sourceTree = BUILT_PRODUCTS_DIR; };
    89168EEB3DCE0CA3493E2B7A /* generator.cpp */ = {isa = PBXFileReference; lastKnownFileType = sourcecode.cpp.cpp; name = generator.cpp; path = ../src/applications/cog/src/generator.cpp; sourceTree = "<group>"; };
    861AE2AD5BF727EC8BF85B4D /* luacore.cpp */ = {isa = PBXFileReference; lastKnownFileType = sourcecode.cpp.cpp; name = luacore.cpp; path = ../src/applications/cog/src/luacore.cpp; sourceTree = "<group>"; };
    8C2EFB786A6EBE7705A6C9FB /* main.cpp */ = {isa = PBXFileReference; lastKnownFileType = sourcecode.cpp.cpp; name = main.cpp; path = ../src/applications/cog/src/main.cpp; sourceTree = "<group>"; };
    8E3CB1BF16EFF141E01EBC5A /* msvc.cpp */ = {isa = PBXFileReference; lastKnownFileType = sourcecode.cpp.cpp; name = msvc.cpp; path = ../src/applications/cog/src/msvc.cpp; sourceTree = "<group>"; };
    857BE9E1B8CDD685270CF46E /* ndk.cpp */ = {isa = PBXFileReference; lastKnownFileType = sourcecode.cpp.cpp; name = ndk.cpp; path = ../src/applications/cog/src/ndk.cpp; sourceTree = "<group>"; };
    8B21B4E41BF3639A2E8C9FB8 /* ninja.cpp */ = {isa = PBXFileReference; lastKnownFileType = sourcecode.cpp.cpp; name = ninja.cpp; path = ../src/applications/cog/src/ninja.cpp; sourceTree = "<group>"; };
    8B1D4D05F4AFD18BAED3FDDF /* qmake.cpp */ = {isa = PBXFileReference; lastKnownFileType = sourcecode.cpp.cpp; name = qmake.cpp; path = ../src/applications/cog/src/qmake.cpp; sourceTree = "<group>"; };
    8D594FB38D65E8718713A21E /* std.cpp */ = {isa = PBXFileReference; lastKnownFileType = sourcecode.cpp.cpp; name = std.cpp; path = ../src/applications/cog/src/std.cpp; sourceTree = "<group>"; };
    83CDEAE8BBA245FE9D77B68A /* ws.cpp */ = {isa = PBXFileReference; lastKnownFileType = sourcecode.cpp.cpp; name = ws.cpp; path = ../src/applications/cog/src/ws.cpp; sourceTree = "<group>"; };
    8DD338808E7C89FCDC61CE68 /* xcode.cpp */ = {isa = PBXFileReference; lastKnownFileType = sourcecode.cpp.cpp; name = xcode.cpp; path = ../src/applications/cog/src/xcode.cpp; sourceTree = "<group>"; };
    8FADBFD0FB692EC18BD997FD /* pbx.mm */ = {isa = PBXFileReference; lastKnownFileType = sourcecode.cpp.objc; name = pbx.mm; path = ../src/applications/cog/src/macOS/pbx.mm; sourceTree = "<group>"; };
    8F5F1A8E1AE08A9B3EDDB8CE /* generators.h */ = {isa = PBXFileReference; lastKnownFileType = sourcecode.c.h; name = generators.h; path = ../src/applications/cog/include/generators.h; sourceTree = "<group>"; };
    874CADC1BE91111EFBBEDB55 /* luacore.h */ = {isa = PBXFileReference; lastKnownFileType = sourcecode.c.h; name = luacore.h; path = ../src/applications/cog/include/luacore.h; sourceTree = "<group>"; };
    889E40EFDA9FF4DFB67CF64A /* std.h */ = {isa = PBXFileReference; lastKnownFileType = sourcecode.c.h; name = std.h; path = ../src/applications/cog/include/std.h; sourceTree = "<group>"; };
    8B2E74B8A5BCF84FC75A6D6E /* ws.h */ = {isa = PBXFileReference; lastKnownFileType = sourcecode.c.h; name = ws.h; path = ../src/applications/cog/include/ws.h; sourceTree = "<group>"; };
    /* End PBXFileReference section */

    /* Begin PBXFrameworksBuildPhase section */
    8BFDC1E716E2F43EFB10D95F /* frameworks */ = {
      isa = PBXFrameworksBuildPhase;
      buildActionMask = 2147483647;
      files = (
        8E56787C0C751C4CABF9FBEF /* libstartup.a */,
        8AFD2BDC97EA7EC279E897AB /* libgfc.a */,
        8028E74C4BC6565C758FC0FE /* liblua.a */,
        8A34256CA90C3AE3CCABCCF6 /* libpal.a */,
        8DFE8AD4BD6AD6267C3E8C3F /* liblz4.a */,
      );
      runOnlyForDeploymentPostprocessing = 0;
    };
    /* End PBXFrameworksBuildPhase section */

    /* Begin PBXGroup section */
    86C89EFFB99E10383F7ED8F7 = {
      isa = PBXGroup;
      children = (
        86AEA4839E5BE64B9DCF05CF /* Frameworks */,
        8FBAD0A1DCBECEBD4B5F8FFB /* Products */,
        8349C0F17A4DC7FCB9A7FE2F /* Code */,
      );
      sourceTree = "<group>";
    };
    8FBAD0A1DCBECEBD4B5F8FFB /* Products */ = {
      isa = PBXGroup;
      children = (
        8AFB7B8CE35FC10DDC6DCC48 /* precog.console */,
      );
      name = Products;
      sourceTree = "<group>";
    };
    8C8D3F12E3B2B23D1B88DA8A /* include */ = {
      isa = PBXGroup;
      children = (
        8F5F1A8E1AE08A9B3EDDB8CE /* generators.h */,
        874CADC1BE91111EFBBEDB55 /* luacore.h */,
        889E40EFDA9FF4DFB67CF64A /* std.h */,
        8B2E74B8A5BCF84FC75A6D6E /* ws.h */,
      );
      name = include;
      sourceTree = "<group>";
    };
    86AEA4839E5BE64B9DCF05CF /* Frameworks */ = {
      isa = PBXGroup;
      children = (
        83025AE38B64E86147FCADEC /* CoreFoundation */,
        8CA1B0D8AAC3C839CED3F994 /* Foundation */,
        80CBF9DB043C7E4EAC59CFBF /* libgfc.a */,
        82FEF35DDD96041CDBEEFCF7 /* liblua.a */,
        89C4BF567EB46FD628266AC3 /* liblz4.a */,
        89E2E5E4D4C68B80C895BC84 /* libpal.a */,
        8F26ACC72F3CDBFBB1FF24DD /* libstartup.a */,
      );
      name = Frameworks;
      sourceTree = "<group>";
    };
    8349C0F17A4DC7FCB9A7FE2F /* Code */ = {
      isa = PBXGroup;
      children = (
        8C3E7F090D3FC5DC2FB9AA5E /* resources */,
        8C8D3F12E3B2B23D1B88DA8A /* include */,
        8438E99D1EA40718FE4EE30C /* src */,
      );
      name = Code;
      sourceTree = "<group>";
    };
    8438E99D1EA40718FE4EE30C /* src */ = {
      isa = PBXGroup;
      children = (
        89168EEB3DCE0CA3493E2B7A /* generator.cpp */,
        861AE2AD5BF727EC8BF85B4D /* luacore.cpp */,
        8C2EFB786A6EBE7705A6C9FB /* main.cpp */,
        8E3CB1BF16EFF141E01EBC5A /* msvc.cpp */,
        857BE9E1B8CDD685270CF46E /* ndk.cpp */,
        8B21B4E41BF3639A2E8C9FB8 /* ninja.cpp */,
        8FADBFD0FB692EC18BD997FD /* pbx.mm */,
        8B1D4D05F4AFD18BAED3FDDF /* qmake.cpp */,
        8D594FB38D65E8718713A21E /* std.cpp */,
        83CDEAE8BBA245FE9D77B68A /* ws.cpp */,
        8DD338808E7C89FCDC61CE68 /* xcode.cpp */,
      );
      name = src;
      path = "";
      sourceTree = "<group>";
    };
    /* End PBXGroup section */

    /* Begin PBXVariantGroup section */
    /* End PBXVariantGroup section */

    /* Begin PBXNativeTarget section */
    8AFE03FBD7F58FE8B548A613 /* framework */ = {
      isa = PBXNativeTarget;
      buildConfigurationList = 8DBCDD8C85EAA41C4FB3BAB0 /* Build configuration list for PBXNativeTarget "precog" */;
      buildPhases = (
        8BFDC1E716E2F43EFB10D95F /* Frameworks */,
        8DD56C68A13E5CD1F37C03EE /* Resources */,
        856CDE0CFF5E39DEEFDFFD22 /* Headers */,
        8F1D9AAD25D760D8994F76F8 /* Sources */,
        8AAA518E8FE81C3A1495F93A /* CopyFiles (PlugIns) */,
      );
      buildRules = (
      );
      dependencies = (
      );
      name = "precog";
      productName = "precog";
      productReference = 8AFB7B8CE35FC10DDC6DCC48 /* precog */;
      productType = "com.apple.product-type.tool";
    };
    /* End PBXNativeTarget section */

    /* Begin PBXProject section */
    8CAB5659E9ACEDBD61FDBB07 /* Project object */ = {
      isa = PBXProject;
      attributes = {
        LastUpgradeCheck = 1200;
        ORGANIZATIONNAME = "Brian Hapgood";
        TargetAttributes = {
          8AFE03FBD7F58FE8B548A613 = {
            CreatedOnToolsVersion = 12;
          };
        };
      };
      buildConfigurationList = 8BCCFA8CEA764904FFB7F51D /* Build configuration list for PBXProject "" */;
      compatibilityVersion = "Xcode 12.0";
      developmentRegion = en;
      hasScannedForEncodings = 0;
      knownRegions = (
        en,
        Base,
      );
      mainGroup = 86C89EFFB99E10383F7ED8F7;
      productRefGroup = 8FBAD0A1DCBECEBD4B5F8FFB /* Products */;
      projectDirPath = "";
      projectRoot = "";
      targets = (
        8AFE03FBD7F58FE8B548A613 /* precog */,
      );
    };
    /* End PBXProject section */

    /* Begin PBXResourcesBuildPhase section */
    8DD56C68A13E5CD1F37C03EE /* Resources */ = {
      isa = PBXResourcesBuildPhase;
      buildActionMask = 2147483647;
      files = (
      );
      runOnlyForDeploymentPostprocessing = 0;
    };
    /* End PBXResourcesBuildPhase section */

    /* Begin PBXHeadersBuildPhase section */
    856CDE0CFF5E39DEEFDFFD22 /* Headers */ = {
      isa = PBXHeadersBuildPhase;
      buildActionMask = 2147483647;
      files = (
      );
      runOnlyForDeploymentPostprocessing = 0;
    };
    /* End PBXHeadersBuildPhase section */

    /* Begin PBXSourcesBuildPhase section */
    8F1D9AAD25D760D8994F76F8 /* Sources */ = {
      isa = PBXSourcesBuildPhase;
      buildActionMask = 2147483647;
      files = (
        875EBF03AABDCB788DDEDD79 /* generator.cpp in Sources */,
        84F38AF615BCBCCAF2A3E806 /* luacore.cpp in Sources */,
        801A7FADEA4401040C99E182 /* main.cpp in Sources */,
        89F956E001C026EFCCADCE30 /* msvc.cpp in Sources */,
        8CCDB4FF07B1BABDAA2AF8AB /* ndk.cpp in Sources */,
        853F76961EFCEA820D97CEBD /* ninja.cpp in Sources */,
        87CBCA9ACEFAB2872F8F77AE /* qmake.cpp in Sources */,
        81850F653FB9CA50816E0CED /* std.cpp in Sources */,
        88ADA7CB5CAB1BE4D9F4CC86 /* ws.cpp in Sources */,
        8B17841FEAE36CEF91C1A1BB /* xcode.cpp in Sources */,
        81BCAF01A2A654C7F205686A /* pbx.mm in Sources */,
      );
      runOnlyForDeploymentPostprocessing = 0;
    };
    /* End PBXSourcesBuildPhase section */

    /* Begin XCBuildConfiguration section */
    82E046EDA44A9CBD552438AC /* Debug */ = {
      isa = XCBuildConfiguration;
      buildSettings = {
        ALWAYS_SEARCH_USER_PATHS = NO;
        CLANG_ANALYZER_NONNULL = YES;
        CLANG_ANALYZER_NUMBER_OBJECT_CONVERSION = YES_AGGRESSIVE;
        CLANG_CXX_LANGUAGE_STANDARD = "";
        CLANG_CXX_LIBRARY = "libc++";
        CLANG_ENABLE_MODULES = YES;
        CLANG_ENABLE_OBJC_ARC = YES;
        CLANG_ENABLE_OBJC_WEAK = YES;
        CLANG_WARN_QUOTED_INCLUDE_IN_FRAMEWORK_HEADER = YES;
        CLANG_WARN_BLOCK_CAPTURE_AUTORELEASING = YES;
        CLANG_WARN_BOOL_CONVERSION = YES;
        CLANG_WARN_COMMA = NO;
        CLANG_WARN_CONSTANT_CONVERSION = YES;
        CLANG_WARN_DEPRECATED_OBJC_IMPLEMENTATIONS = YES;
        CLANG_WARN_DIRECT_OBJC_ISA_USAGE = YES_ERROR;
        CLANG_WARN_DOCUMENTATION_COMMENTS = NO;
        CLANG_WARN_EMPTY_BODY = YES;
        CLANG_WARN_ENUM_CONVERSION = YES;
        CLANG_WARN_INFINITE_RECURSION = YES;
        CLANG_WARN_INT_CONVERSION = YES;
        CLANG_WARN_NON_LITERAL_NULL_CONVERSION = YES;
        CLANG_WARN_OBJC_IMPLICIT_RETAIN_SELF = YES;
        CLANG_WARN_OBJC_LITERAL_CONVERSION = YES;
        CLANG_WARN_OBJC_ROOT_CLASS = YES_ERROR;
        CLANG_WARN_RANGE_LOOP_ANALYSIS = YES;
        CLANG_WARN_STRICT_PROTOTYPES = YES;
        CLANG_WARN_SUSPICIOUS_MOVE = YES;
        CLANG_WARN_UNGUARDED_AVAILABILITY = YES_AGGRESSIVE;
        CLANG_WARN_UNREACHABLE_CODE = YES;
        CLANG_WARN__DUPLICATE_METHOD_MATCH = YES;
        COPY_PHASE_STRIP = NO;
        CURRENT_PROJECT_VERSION = 1;
        DEBUG_INFORMATION_FORMAT = dwarf;
        ENABLE_STRICT_OBJC_MSGSEND = YES;
        ENABLE_TESTABILITY = YES;
        GCC_C_LANGUAGE_STANDARD = c17;
        GCC_DYNAMIC_NO_PIC = NO;
        GCC_NO_COMMON_BLOCKS = YES;
        GCC_OPTIMIZATION_LEVEL = 0;
        GCC_PREPROCESSOR_DEFINITIONS = (
          "$(inherited)",
          "_DEBUG=1",
          "DEBUG=1",
        );
        GCC_WARN_64_TO_32_BIT_CONVERSION = YES;
        GCC_WARN_ABOUT_RETURN_TYPE = YES_ERROR;
        GCC_WARN_UNDECLARED_SELECTOR = YES;
        GCC_WARN_UNINITIALIZED_AUTOS = YES_AGGRESSIVE;
        GCC_WARN_UNUSED_FUNCTION = YES;
        GCC_WARN_UNUSED_VARIABLE = YES;
        GCC_PRECOMPILE_PREFIX_HEADER = YES;
        GCC_PREFIX_HEADER = "../src/core/include/eon/eon.h";
        MACOSX_DEPLOYMENT_TARGET = 13.0;
        MTL_ENABLE_DEBUG_INFO = INCLUDE_SOURCE;
        MTL_FAST_MATH = YES;
        ONLY_ACTIVE_ARCH = YES;
        SDKROOT = macosx;
        VERSIONING_SYSTEM = "apple-generic";
        VERSION_INFO_PREFIX = "";
      };
      name = Debug;
    };
    864E7800E5B3DA40BEDF63E4 /* Release */ = {
      isa = XCBuildConfiguration;
      buildSettings = {
        ALWAYS_SEARCH_USER_PATHS = NO;
        CLANG_ANALYZER_NONNULL = YES;
        CLANG_ANALYZER_NUMBER_OBJECT_CONVERSION = YES_AGGRESSIVE;
        CLANG_CXX_LANGUAGE_STANDARD = "c++20";
        CLANG_CXX_LIBRARY = "libc++";
        CLANG_ENABLE_MODULES = YES;
        CLANG_ENABLE_OBJC_ARC = YES;
        CLANG_ENABLE_OBJC_WEAK = YES;
        CLANG_WARN_QUOTED_INCLUDE_IN_FRAMEWORK_HEADER = YES;
        CLANG_WARN_BLOCK_CAPTURE_AUTORELEASING = YES;
        CLANG_WARN_BOOL_CONVERSION = YES;
        CLANG_WARN_COMMA = YES;
        CLANG_WARN_CONSTANT_CONVERSION = YES;
        CLANG_WARN_DEPRECATED_OBJC_IMPLEMENTATIONS = YES;
        CLANG_WARN_DIRECT_OBJC_ISA_USAGE = YES_ERROR;
        CLANG_WARN_DOCUMENTATION_COMMENTS = YES;
        CLANG_WARN_EMPTY_BODY = YES;
        CLANG_WARN_ENUM_CONVERSION = YES;
        CLANG_WARN_INFINITE_RECURSION = YES;
        CLANG_WARN_INT_CONVERSION = YES;
        CLANG_WARN_NON_LITERAL_NULL_CONVERSION = YES;
        CLANG_WARN_OBJC_IMPLICIT_RETAIN_SELF = YES;
        CLANG_WARN_OBJC_LITERAL_CONVERSION = YES;
        CLANG_WARN_OBJC_ROOT_CLASS = YES_ERROR;
        CLANG_WARN_RANGE_LOOP_ANALYSIS = YES;
        CLANG_WARN_STRICT_PROTOTYPES = YES;
        CLANG_WARN_SUSPICIOUS_MOVE = YES;
        CLANG_WARN_UNGUARDED_AVAILABILITY = YES_AGGRESSIVE;
        CLANG_WARN_UNREACHABLE_CODE = YES;
        CLANG_WARN__DUPLICATE_METHOD_MATCH = YES;
        COPY_PHASE_STRIP = NO;
        CURRENT_PROJECT_VERSION = 1;
        DEBUG_INFORMATION_FORMAT = "dwarf-with-dsym";
        ENABLE_NS_ASSERTIONS = NO;
        ENABLE_STRICT_OBJC_MSGSEND = YES;
        GCC_C_LANGUAGE_STANDARD = c17;
        GCC_NO_COMMON_BLOCKS = YES;
        GCC_OPTIMIZATION_LEVEL = fast;
        GCC_PREPROCESSOR_DEFINITIONS = (
          "$(inherited)",
          "NDEBUG=1",
        );
        GCC_WARN_64_TO_32_BIT_CONVERSION = YES;
        GCC_WARN_ABOUT_RETURN_TYPE = YES_ERROR;
        GCC_WARN_UNDECLARED_SELECTOR = YES;
        GCC_WARN_UNINITIALIZED_AUTOS = YES_AGGRESSIVE;
        GCC_WARN_UNUSED_FUNCTION = YES;
        GCC_WARN_UNUSED_VARIABLE = YES;
        GCC_PRECOMPILE_PREFIX_HEADER = YES;
        GCC_PREFIX_HEADER = "../src/core/include/eon/eon.h";
        MACOSX_DEPLOYMENT_TARGET = 13.0;
        MTL_ENABLE_DEBUG_INFO = NO;
        MTL_FAST_MATH = YES;
        SDKROOT = macosx;
        VERSIONING_SYSTEM = "apple-generic";
        VERSION_INFO_PREFIX = "";
      };
      name = Release;
    };
    82E046EDA44A9CBD552438AC /* Debug */ = {
      isa = XCBuildConfiguration;
      buildSettings = {
        CODE_SIGN_STYLE = Automatic;
        DEVELOPMENT_TEAM = HE96RQ5ZY9;
        LD_RUNPATH_SEARCH_PATHS = (
          "$(inherited)",
          "@executable_path/../Frameworks",
        );
        LIBRARY_SEARCH_PATHS = (
        );
        FRAMEWORK_SEARCH_PATHS = (
        );
        SYSTEM_HEADER_SEARCH_PATHS = (
          ../usr/share/boost/1.84.0,
          ../src/applications/include,
          ../src/lua/5.4.0,
          ../src/core/include,
        );
        PRODUCT_NAME = "$(TARGET_NAME)";
        ENABLE_HARDENED_RUNTIME = YES;
        OTHER_CPLUSPLUSFLAGS = (
        );
        OTHER_LDFLAGS = (
        );
        SKIP_INSTALL = YES;
      };
      name = Debug;
    };
    8FFF3E325DA29601FA1D519F /* Release */ = {
      isa = XCBuildConfiguration;
      buildSettings = {
        CODE_SIGN_STYLE = Automatic;
        DEVELOPMENT_TEAM = HE96RQ5ZY9;
        LD_RUNPATH_SEARCH_PATHS = (
          "$(inherited)",
          "@executable_path/../Frameworks",
        );
        LIBRARY_SEARCH_PATHS = (
        );
        FRAMEWORK_SEARCH_PATHS = (
        );
        SYSTEM_HEADER_SEARCH_PATHS = (
          ../usr/share/boost/1.84.0,
          ../src/applications/include,
          ../src/lua/5.4.0,
          ../src/core/include,
        );
        PRODUCT_NAME = "$(TARGET_NAME)";
        ENABLE_HARDENED_RUNTIME = YES;
        OTHER_CPLUSPLUSFLAGS = (
        );
        OTHER_LDFLAGS = (
        );
        SKIP_INSTALL = YES;
      };
      name = Release;
    };
    /* End XCBuildConfiguration section */

    /* Begin XCConfigurationList section */
    8DBCDD8C85EAA41C4FB3BAB0 /* Build configuration list for PBXProject "precog" */ = {
      isa = XCConfigurationList;
      buildConfigurations = (
        8FFF3E325DA29601FA1D519F /* Release */,
        82E046EDA44A9CBD552438AC /* Debug */,
      );
      defaultConfigurationIsVisible = 0;
      defaultConfigurationName = Release;
    };
    8BCCFA8CEA764904FFB7F51D /* Build configuration list for PBXNativeTarget "precog" */ = {
      isa = XCConfigurationList;
      buildConfigurations = (
        864E7800E5B3DA40BEDF63E4 /* Release */,
        8EF99D6BDFE98C5C117FB4AA /* Debug */,
      );
      defaultConfigurationIsVisible = 0;
      defaultConfigurationName = Release;
    };
    /* End XCConfigurationList section */
  };
  rootObject = 8CAB5659E9ACEDBD61FDBB07 /* Project object */;
}

// vim:ft=cpp