<?xml version="1.0" encoding="utf-8"?>
<Project ToolsVersion="4.0" xmlns="http://schemas.microsoft.com/developer/msbuild/2003">
  <ItemGroup>
    <Filter Include="images">
      <UniqueIdentifier>ACAB283B-6BCE-80AE-FC9D-CDBF8079A54F53</UniqueIdentifier>
    </Filter>
    <Filter Include="defs">
      <UniqueIdentifier>112EBE7E-871F-062E-5A8B-2B3043FD24212F</UniqueIdentifier>
    </Filter>
    <Filter Include="src">
      <UniqueIdentifier>8A4CE23C-22C2-EE40-5F06-8C21CBEF291FBE</UniqueIdentifier>
    </Filter>
  </ItemGroup>
  <ItemGroup>
    <ClCompile Include="..\src\pal\src\win\detect.cpp">
      <Filter>src</Filter>
    </ClCompile>
    <ClCompile Include="..\src\pal\src\win\glue.cpp">
      <Filter>src</Filter>
    </ClCompile>
    <ClCompile Include="..\src\pal\src\win\log.cpp">
      <Filter>src</Filter>
    </ClCompile>
    <ClCompile Include="..\src\pal\src\win\stdafx.cpp">
      <Filter>src</Filter>
    </ClCompile>
    <ClCompile Include="..\src\pal\src\win\time.cpp">
      <Filter>src</Filter>
    </ClCompile>
  </ItemGroup>
</Project>