<?xml version="1.0" encoding="utf-8"?>
<Project ToolsVersion="4.0" xmlns="http://schemas.microsoft.com/developer/msbuild/2003">
	<ItemGroup>
    <ClInclude Include="../ws.h">
      <Filter></Filter>
    </ClInclude>
    <ClInclude Include="../luacore.h">
      <Filter></Filter>
    </ClInclude>
    <ClInclude Include="../generators.h">
      <Filter></Filter>
    </ClInclude>
    <ClInclude Include="../std.h">
      <Filter></Filter>
    </ClInclude>
	</ItemGroup>
  <ItemGroup>
    <Filter Include="include">
      <UniqueIdentifier>3DB97A67-0B7D-1F60-5C19-7C941F079DB2B0</UniqueIdentifier>
    </Filter>
    <Filter Include="images">
      <UniqueIdentifier>175FB6D6-4275-EC13-6DBD-14E3BB8CD9F8B7</UniqueIdentifier>
    </Filter>
    <Filter Include="defs">
      <UniqueIdentifier>20FC3EAC-D83E-4BE2-677D-BC7872C7ABCE47</UniqueIdentifier>
    </Filter>
    <Filter Include="src">
      <UniqueIdentifier>B0AA9684-ADF4-AA57-AABB-A807B05BBDE72A</UniqueIdentifier>
    </Filter>
  </ItemGroup>
  <ItemGroup>
    <ClCompile Include="../generator.cpp">
      <Filter>src</Filter>
    </ClCompile>
    <ClCompile Include="../ws.cpp">
      <Filter>src</Filter>
    </ClCompile>
    <ClCompile Include="../ninja.cpp">
      <Filter>src</Filter>
    </ClCompile>
    <ClCompile Include="../ndk.cpp">
      <Filter>src</Filter>
    </ClCompile>
    <ClCompile Include="../luacore.cpp">
      <Filter>src</Filter>
    </ClCompile>
    <ClCompile Include="../xcode.cpp">
      <Filter>src</Filter>
    </ClCompile>
    <ClCompile Include="../msvc.cpp">
      <Filter>src</Filter>
    </ClCompile>
    <ClCompile Include="../stdafx.cpp">
      <Filter>src</Filter>
    </ClCompile>
    <ClCompile Include="../std.cpp">
      <Filter>src</Filter>
    </ClCompile>
    <ClCompile Include="../qmake.cpp">
      <Filter>src</Filter>
    </ClCompile>
    <ClCompile Include="../main.cpp">
      <Filter>src</Filter>
    </ClCompile>
  </ItemGroup>
</Project>
