<?xml version="1.0" encoding="utf-8"?>
<Project ToolsVersion="4.0" xmlns="http://schemas.microsoft.com/developer/msbuild/2003">
  <ItemGroup>
    <Filter Include="images">
      <UniqueIdentifier>FD82B2C2-C7A3-259A-AD87-59F76CCCD8F09D</UniqueIdentifier>
    </Filter>
    <Filter Include="defs">
      <UniqueIdentifier>33A30015-CBDD-5CC6-2691-AD86559E613E2B</UniqueIdentifier>
    </Filter>
    <Filter Include="src">
      <UniqueIdentifier>BD1E30EE-3D4C-A815-4285-20A96C57646F4E</UniqueIdentifier>
    </Filter>
  </ItemGroup>
  <ItemGroup>
    <ClCompile Include="../entry.cpp">
      <Filter>src</Filter>
    </ClCompile>
    <ClCompile Include="../stdafx.cpp">
      <Filter>src</Filter>
    </ClCompile>
  </ItemGroup>
</Project>
