<?xml version="1.0" encoding="utf-8"?>
<Project ToolsVersion="4.0" xmlns="http://schemas.microsoft.com/developer/msbuild/2003">
  <ItemGroup>
    <Filter Include="images">
      <UniqueIdentifier>5DAB6CE0-4C46-CB83-A1E5-C120DF244DB48F</UniqueIdentifier>
    </Filter>
    <Filter Include="defs">
      <UniqueIdentifier>1C47698C-AE2E-B49E-E8BF-BEA1AE5746E1ED</UniqueIdentifier>
    </Filter>
    <Filter Include="src">
      <UniqueIdentifier>F1CF4155-1C4C-B2B9-AFDC-EED2DFF6CDDD8B</UniqueIdentifier>
    </Filter>
  </ItemGroup>
  <ItemGroup>
    <ClCompile Include="../entry.cpp">
      <Filter>src</Filter>
    </ClCompile>
    <ClCompile Include="../stdafx.cpp">
      <Filter>src</Filter>
    </ClCompile>
  </ItemGroup>
</Project>
