// !$*UTF8*$!
{
  archiveVersion = 1;
  classes = {
  };
  objectVersion = 54;
  objects = {

    /* Begin PBXBuildFile section */
    8A9DACD07E5DB2ACE2A1 /* CoreFoundation.framework in Frameworks */ = {isa = PBXBuildFile; fileRef = 8EBD44DD8F31E6662CEE /* CoreFoundation.framework */; };
    89AD5C3F11CBA0D6C3FA /* Foundation.framework in Frameworks */ = {isa = PBXBuildFile; fileRef = 8EEE55DADF327ACEAECF /* Foundation.framework */; };
    8153ED981C324940A3E9 /* libgfc.a in Statics */ = {isa = PBXBuildFile; fileRef = 84C8EF5DEED0BB423CA0 /* libgfc.a */; };
    880FE38ACC50CEFFCD6E /* liblua.a in Statics */ = {isa = PBXBuildFile; fileRef = 8BFEBEFEFFB904D9CFDD /* liblua.a */; };
    83251F56CF64647D0F2E /* libpal.a in Statics */ = {isa = PBXBuildFile; fileRef = 85516DD3722E264E8DCD /* libpal.a */; };
    838A9FD8F0F48D973D69 /* liblz4.a in Statics */ = {isa = PBXBuildFile; fileRef = 8BDF4DF76A7FCC32C4E8 /* liblz4.a */; };
    83B1C7B96E83F141AE47 /* libstartup.a in Statics */ = {isa = PBXBuildFile; fileRef = 8E00092DEDF5AC209C0F /* libstartup.a */; };
    85991CACAEF61F28B0CA /* generator.cpp in Sources */ = {isa = PBXBuildFile; fileRef = 8B8E531AE0F5468DA5F5 /* generator.cpp */; };
    8E95F7BECD170B0AD80B /* ws.cpp in Sources */ = {isa = PBXBuildFile; fileRef = 8FB49FEFFCFA8095CCD6 /* ws.cpp */; };
    86541C11AC1DDE37F0FB /* ninja.cpp in Sources */ = {isa = PBXBuildFile; fileRef = 8DFCEDBDDCB412B90F41 /* ninja.cpp */; };
    88DBDECC7DDD46CBCB24 /* luacore.cpp in Sources */ = {isa = PBXBuildFile; fileRef = 85CAFD4377C998820346 /* luacore.cpp */; };
    83E33920DDCB5B77A85F /* xcode.cpp in Sources */ = {isa = PBXBuildFile; fileRef = 8E07E31FE7BDE7BF6ABD /* xcode.cpp */; };
    896ECD182CE2FFE6AD43 /* msvc.cpp in Sources */ = {isa = PBXBuildFile; fileRef = 83FD294F6D795E219DA2 /* msvc.cpp */; };
    858BB4929B34D601B9AE /* stdafx.cpp in Sources */ = {isa = PBXBuildFile; fileRef = 846EE2DFD5BEDEEC7B90 /* stdafx.cpp */; };
    84813C28CD29F89EC16C /* std.cpp in Sources */ = {isa = PBXBuildFile; fileRef = 8C29BE5DFE819EEB7ABD /* std.cpp */; };
    8A06BB7EE54FAAD179E9 /* qmake.cpp in Sources */ = {isa = PBXBuildFile; fileRef = 81CCD9E4BE5E58A3F1D5 /* qmake.cpp */; };
    86318DB372D2E5E5FBEC /* main.cpp in Sources */ = {isa = PBXBuildFile; fileRef = 8543D0A07CC6C90A3ADB /* main.cpp */; };
    872BCF027585348CAAEC /* pbx.mm in Sources */ = {isa = PBXBuildFile; fileRef = 8FA7CDB7986ACE52A3E0 /* pbx.mm */; };
    /* End PBXBuildFile section */

    /* Begin PBXCopyFilesBuildPhase section */
    /* End PBXCopyFilesBuildPhase section */

    /* Begin PBXFileReference section */
    89312D3BF6CA1FB4BEB9 = {isa = PBXFileReference; lastKnownFileType = sourcecode.c.h; name = generators.h; path = ../src/applications/cog/include/generators.h; sourceTree = "<group>"; };
    8EFBEFECCB6A46099E92 = {isa = PBXFileReference; lastKnownFileType = sourcecode.c.h; name = luacore.h; path = ../src/applications/cog/include/luacore.h; sourceTree = "<group>"; };
    85F1A310275AD38F0FEF = {isa = PBXFileReference; lastKnownFileType = sourcecode.c.h; name = std.h; path = ../src/applications/cog/include/std.h; sourceTree = "<group>"; };
    84EC384B2FD1E7EF700D = {isa = PBXFileReference; lastKnownFileType = sourcecode.c.h; name = ws.h; path = ../src/applications/cog/include/ws.h; sourceTree = "<group>"; };
    8B8E531AE0F5468DA5F5 = {isa = PBXFileReference; lastKnownFileType = sourcecode.cpp.cpp; name = generator.cpp; path = ../src/applications/cog/src/generator.cpp; sourceTree = "<group>"; };
    85CAFD4377C998820346 = {isa = PBXFileReference; lastKnownFileType = sourcecode.cpp.cpp; name = luacore.cpp; path = ../src/applications/cog/src/luacore.cpp; sourceTree = "<group>"; };
    8543D0A07CC6C90A3ADB = {isa = PBXFileReference; lastKnownFileType = sourcecode.cpp.cpp; name = main.cpp; path = ../src/applications/cog/src/main.cpp; sourceTree = "<group>"; };
    83FD294F6D795E219DA2 = {isa = PBXFileReference; lastKnownFileType = sourcecode.cpp.cpp; name = msvc.cpp; path = ../src/applications/cog/src/msvc.cpp; sourceTree = "<group>"; };
    8DFCEDBDDCB412B90F41 = {isa = PBXFileReference; lastKnownFileType = sourcecode.cpp.cpp; name = ninja.cpp; path = ../src/applications/cog/src/ninja.cpp; sourceTree = "<group>"; };
    81CCD9E4BE5E58A3F1D5 = {isa = PBXFileReference; lastKnownFileType = sourcecode.cpp.cpp; name = qmake.cpp; path = ../src/applications/cog/src/qmake.cpp; sourceTree = "<group>"; };
    8C29BE5DFE819EEB7ABD = {isa = PBXFileReference; lastKnownFileType = sourcecode.cpp.cpp; name = std.cpp; path = ../src/applications/cog/src/std.cpp; sourceTree = "<group>"; };
    846EE2DFD5BEDEEC7B90 = {isa = PBXFileReference; lastKnownFileType = sourcecode.cpp.cpp; name = stdafx.cpp; path = ../src/applications/cog/src/stdafx.cpp; sourceTree = "<group>"; };
    8FB49FEFFCFA8095CCD6 = {isa = PBXFileReference; lastKnownFileType = sourcecode.cpp.cpp; name = ws.cpp; path = ../src/applications/cog/src/ws.cpp; sourceTree = "<group>"; };
    8E07E31FE7BDE7BF6ABD = {isa = PBXFileReference; lastKnownFileType = sourcecode.cpp.cpp; name = xcode.cpp; path = ../src/applications/cog/src/xcode.cpp; sourceTree = "<group>"; };
    8FA7CDB7986ACE52A3E0 = {isa = PBXFileReference; lastKnownFileType = sourcecode.cpp.objc; name = pbx.mm; path = ../src/applications/cog/src/macOS/pbx.mm; sourceTree = "<group>"; };
    8EBD44DD8F31E6662CEE = {isa = PBXFileReference; lastKnownFileType = wrapper.framework; name = CoreFoundation.framework; path = /Applications/Xcode.app/Contents/Developer/Platforms/MacOSX.platform/Developer/SDKs/MacOSX.sdk/System/Library/Frameworks/CoreFoundation.framework; sourceTree = SDKROOT; };
    8EEE55DADF327ACEAECF = {isa = PBXFileReference; lastKnownFileType = wrapper.framework; name = Foundation.framework; path = /Applications/Xcode.app/Contents/Developer/Platforms/MacOSX.platform/Developer/SDKs/MacOSX.sdk/System/Library/Frameworks/Foundation.framework; sourceTree = SDKROOT; };
    84C8EF5DEED0BB423CA0 = {isa = PBXFileReference; lastKnownFileType = archive.ar; name = libgfc.a; path = libgfc.a; sourceTree = "<group>"; };
    8BFEBEFEFFB904D9CFDD = {isa = PBXFileReference; lastKnownFileType = archive.ar; name = liblua.a; path = liblua.a; sourceTree = "<group>"; };
    85516DD3722E264E8DCD = {isa = PBXFileReference; lastKnownFileType = archive.ar; name = libpal.a; path = libpal.a; sourceTree = "<group>"; };
    8BDF4DF76A7FCC32C4E8 = {isa = PBXFileReference; lastKnownFileType = archive.ar; name = liblz4.a; path = liblz4.a; sourceTree = "<group>"; };
    8E00092DEDF5AC209C0F = {isa = PBXFileReference; lastKnownFileType = archive.ar; name = libstartup.a; path = libstartup.a; sourceTree = "<group>"; };
    8C05FF9B86BD425CB53A /* cog */ = {isa = PBXFileReference; explicitFileType = compiled.mach-o.executable; includeInIndex = 0; path = cog; sourceTree = BUILT_PRODUCTS_DIR; };
    /* End PBXFileReference section */

    /* Begin PBXFrameworksBuildPhase section */
    854FACC2ADB3CFFF9E4A /* frameworks */ = {
      isa = PBXFrameworksBuildPhase;
      buildActionMask = 2147483647;
      files = (
        8A9DACD07E5DB2ACE2A1 /* CoreFoundation.framework */,
        89AD5C3F11CBA0D6C3FA /* Foundation.framework */,
        8153ED981C324940A3E9 /* libgfc.a */,
        880FE38ACC50CEFFCD6E /* liblua.a */,
        83251F56CF64647D0F2E /* libpal.a */,
        838A9FD8F0F48D973D69 /* liblz4.a */,
        83B1C7B96E83F141AE47 /* libstartup.a */,
      );
      runOnlyForDeploymentPostprocessing = 0;
    };
    /* End PBXFrameworksBuildPhase section */

    /* Begin PBXGroup section */
    82AA4FE83649012EC420 = {
      isa = PBXGroup;
      children = (
        80EF69B64CBB6EC5B76E /* Frameworks */,
        8A745FBF19EC5F3FA3AB /* Products */,
        8CECBFA4E6B87449D25F /* Code */,
      );
      sourceTree = "<group>";
    };
    8A745FBF19EC5F3FA3AB /* Products */ = {
      isa = PBXGroup;
      children = (
        8C05FF9B86BD425CB53A /* cog.console */,
      );
      name = Products;
      sourceTree = "<group>";
    };
    8826EB3EBA816BF7BE8B /* include */ = {
      isa = PBXGroup;
      children = (
        89312D3BF6CA1FB4BEB9 /* ../src/applications/cog/include/generators.h */,
        8EFBEFECCB6A46099E92 /* ../src/applications/cog/include/luacore.h */,
        85F1A310275AD38F0FEF /* ../src/applications/cog/include/std.h */,
        84EC384B2FD1E7EF700D /* ../src/applications/cog/include/ws.h */,
      );
      name = include;
      path = "";
      sourceTree = "<group>";
    };
    80EF69B64CBB6EC5B76E /* Frameworks */ = {
      isa = PBXGroup;
      children = (
        8EBD44DD8F31E6662CEE /* CoreFoundation.framework */,
        8EEE55DADF327ACEAECF /* Foundation.framework */,
        84C8EF5DEED0BB423CA0 /* libgfc.a */,
        8BFEBEFEFFB904D9CFDD /* liblua.a */,
        85516DD3722E264E8DCD /* libpal.a */,
        8BDF4DF76A7FCC32C4E8 /* liblz4.a */,
        8E00092DEDF5AC209C0F /* libstartup.a */,
      );
      name = Frameworks;
      sourceTree = "<group>";
    };
    8CECBFA4E6B87449D25F /* Code */ = {
      isa = PBXGroup;
      children = (
        8F4270D812620E1021B4 /* references */,
        8826EB3EBA816BF7BE8B /* include */,
        84724062A2D2FDA4CBBA /* src */,
      );
      name = Code;
      sourceTree = "<group>";
    };
    84724062A2D2FDA4CBBA /* src */ = {
      isa = PBXGroup;
      children = (
        8B8E531AE0F5468DA5F5 /* ../src/applications/cog/src/generator.cpp */,
        85CAFD4377C998820346 /* ../src/applications/cog/src/luacore.cpp */,
        8543D0A07CC6C90A3ADB /* ../src/applications/cog/src/main.cpp */,
        83FD294F6D795E219DA2 /* ../src/applications/cog/src/msvc.cpp */,
        8DFCEDBDDCB412B90F41 /* ../src/applications/cog/src/ninja.cpp */,
        8FA7CDB7986ACE52A3E0 /* ../src/applications/cog/src/macOS/pbx.mm */,
        81CCD9E4BE5E58A3F1D5 /* ../src/applications/cog/src/qmake.cpp */,
        8C29BE5DFE819EEB7ABD /* ../src/applications/cog/src/std.cpp */,
        846EE2DFD5BEDEEC7B90 /* ../src/applications/cog/src/stdafx.cpp */,
        8FB49FEFFCFA8095CCD6 /* ../src/applications/cog/src/ws.cpp */,
        8E07E31FE7BDE7BF6ABD /* ../src/applications/cog/src/xcode.cpp */,
      );
      name = src;
      path = "";
      sourceTree = "<group>";
    };
    /* End PBXGroup section */

    /* Begin PBXNativeTarget section */
    857EACB5C1918DF1A0B3 /* framework_test */ = {
      isa = PBXNativeTarget;
      buildConfigurationList = 8422C532A6BCA4C16572 /* Build configuration list for PBXNativeTarget "cog" */;
      buildPhases = (
        854FACC2ADB3CFFF9E4A /* Frameworks */,
        81DE8D93E17CCD7EF7EF /* Resources */,
        8A70AA87982CE2B36B6D /* CopyRefs */,
        863F40CF762C8E0DDAA0 /* Headers */,
        8ABF6F00B1E670D4F175 /* Embed PlugIns */,
        8307C46E408E068DEEDC /* Embed Frameworks */,
        86BECCE200434EDDF4FD /* Sources */,
        82E7ACAD03B9EEB1F0D9 /* Script */,
      );
      buildRules = (
      );
      dependencies = (
      );
      name = cog;
      productName = cog;
      productReference = 8C05FF9B86BD425CB53A /* cog */;
      productType = "com.apple.product-type.tool";
    };
    /* End PBXNativeTarget section */

    /* Begin PBXProject section */
    8A854C621D6F1F79C5B3 /* Project object */ = {
      isa = PBXProject;
      attributes = {
        LastUpgradeCheck = 1200;
        ORGANIZATIONNAME = "Brian Hapgood";
        TargetAttributes = {
          857EACB5C1918DF1A0B3 = {
            CreatedOnToolsVersion = 11.2.1;
          };
        };
      };
      buildConfigurationList = 850FE25FF4EF8D3B7F9C /* Build configuration list for PBXProject "cog" */;
      compatibilityVersion = "Xcode 12.0";
      developmentRegion = en;
      hasScannedForEncodings = 0;
      knownRegions = (
        en,
        Base,
      );
      mainGroup = 82AA4FE83649012EC420;
      productRefGroup = 8A745FBF19EC5F3FA3AB /* Products */;
      projectDirPath = "";
      projectRoot = "";
      targets = (
        857EACB5C1918DF1A0B3 /* cog */,
      );
    };
    /* End PBXProject section */

    /* Begin PBXResourcesBuildPhase section */
    81DE8D93E17CCD7EF7EF /* Resources */ = {
      isa = PBXResourcesBuildPhase;
      buildActionMask = 2147483647;
      files = (
      );
      runOnlyForDeploymentPostprocessing = 0;
    };
    /* End PBXResourcesBuildPhase section */

    /* Begin PBXShellScriptBuildPhase section */
    82E7ACAD03B9EEB1F0D9 /* ShellScript */ = {
      isa = PBXShellScriptBuildPhase;
      buildActionMask = 2147483647;
      files = (
      );
      inputFileListPaths = (
      );
      inputPaths = (
      );
      outputFileListPaths = (
      );
      outputPaths = (
      );
      runOnlyForDeploymentPostprocessing = 0;
      shellPath = /bin/sh;
      shellScript = "";
    };
    /* End PBXShellScriptBuildPhase section */

    /* Begin PBXSourcesBuildPhase section */
    86BECCE200434EDDF4FD /* Sources */ = {
      isa = PBXSourcesBuildPhase;
      buildActionMask = 2147483647;
      files = (
        85991CACAEF61F28B0CA /* src/applications/cog/src/generator.cpp in Sources */,
        8E95F7BECD170B0AD80B /* src/applications/cog/src/ws.cpp in Sources */,
        86541C11AC1DDE37F0FB /* src/applications/cog/src/ninja.cpp in Sources */,
        88DBDECC7DDD46CBCB24 /* src/applications/cog/src/luacore.cpp in Sources */,
        83E33920DDCB5B77A85F /* src/applications/cog/src/xcode.cpp in Sources */,
        896ECD182CE2FFE6AD43 /* src/applications/cog/src/msvc.cpp in Sources */,
        858BB4929B34D601B9AE /* src/applications/cog/src/stdafx.cpp in Sources */,
        84813C28CD29F89EC16C /* src/applications/cog/src/std.cpp in Sources */,
        8A06BB7EE54FAAD179E9 /* src/applications/cog/src/qmake.cpp in Sources */,
        86318DB372D2E5E5FBEC /* src/applications/cog/src/main.cpp in Sources */,
        872BCF027585348CAAEC /* src/applications/cog/src/macOS/pbx.mm in Sources */,
      );
      runOnlyForDeploymentPostprocessing = 0;
    };
    /* End PBXSourcesBuildPhase section */

    /* Begin PBXVariantGroup section */
    /* End PBXVariantGroup section */

    /* Begin XCBuildConfiguration section */
    80EFAD56E85B392296B0 /* Debug */ = {
      isa = XCBuildConfiguration;
      buildSettings = {
        ALWAYS_SEARCH_USER_PATHS = NO;
        CLANG_ANALYZER_NONNULL = YES;
        CLANG_ANALYZER_NUMBER_OBJECT_CONVERSION = YES_AGGRESSIVE;
        CLANG_CXX_LANGUAGE_STANDARD = "c++17";
        CLANG_CXX_LIBRARY = "libc++";
        CLANG_ENABLE_MODULES = YES;
        CLANG_ENABLE_OBJC_ARC = YES;
        CLANG_ENABLE_OBJC_WEAK = YES;
        CLANG_WARN_QUOTED_INCLUDE_IN_FRAMEWORK_HEADER = YES;
        CLANG_WARN_BLOCK_CAPTURE_AUTORELEASING = YES;
        CLANG_WARN_BOOL_CONVERSION = YES;
        CLANG_WARN_COMMA = YES;
        CLANG_WARN_CONSTANT_CONVERSION = YES;
        CLANG_WARN_DEPRECATED_OBJC_IMPLEMENTATIONS = YES;
        CLANG_WARN_DIRECT_OBJC_ISA_USAGE = YES_ERROR;
        CLANG_WARN_DOCUMENTATION_COMMENTS = YES;
        CLANG_WARN_EMPTY_BODY = YES;
        CLANG_WARN_ENUM_CONVERSION = YES;
        CLANG_WARN_INFINITE_RECURSION = YES;
        CLANG_WARN_INT_CONVERSION = YES;
        CLANG_WARN_NON_LITERAL_NULL_CONVERSION = YES;
        CLANG_WARN_OBJC_IMPLICIT_RETAIN_SELF = YES;
        CLANG_WARN_OBJC_LITERAL_CONVERSION = YES;
        CLANG_WARN_OBJC_ROOT_CLASS = YES_ERROR;
        CLANG_WARN_RANGE_LOOP_ANALYSIS = YES;
        CLANG_WARN_STRICT_PROTOTYPES = YES;
        CLANG_WARN_SUSPICIOUS_MOVE = YES;
        CLANG_WARN_UNGUARDED_AVAILABILITY = YES_AGGRESSIVE;
        CLANG_WARN_UNREACHABLE_CODE = YES;
        CLANG_WARN__DUPLICATE_METHOD_MATCH = YES;
        COPY_PHASE_STRIP = NO;
        CURRENT_PROJECT_VERSION = 1;
        DEBUG_INFORMATION_FORMAT = dwarf;
        ENABLE_STRICT_OBJC_MSGSEND = YES;
        ENABLE_TESTABILITY = YES;
        GCC_C_LANGUAGE_STANDARD = c11;
        GCC_DYNAMIC_NO_PIC = NO;
        GCC_NO_COMMON_BLOCKS = YES;
        GCC_OPTIMIZATION_LEVEL = 0;
        GCC_PREPROCESSOR_DEFINITIONS = (
          "$(inherited)",
          "_DEBUG=1",
          "DEBUG=1",
        );
        GCC_WARN_64_TO_32_BIT_CONVERSION = YES;
        GCC_WARN_ABOUT_RETURN_TYPE = YES_ERROR;
        GCC_WARN_UNDECLARED_SELECTOR = YES;
        GCC_WARN_UNINITIALIZED_AUTOS = YES_AGGRESSIVE;
        GCC_WARN_UNUSED_FUNCTION = YES;
        GCC_WARN_UNUSED_VARIABLE = YES;
        GCC_PRECOMPILE_PREFIX_HEADER = YES;
        GCC_PREFIX_HEADER = "../src/core/include/eon/eon.h";
        MACOSX_DEPLOYMENT_TARGET = 12.0;
        MTL_ENABLE_DEBUG_INFO = INCLUDE_SOURCE;
        MTL_FAST_MATH = YES;
        ONLY_ACTIVE_ARCH = YES;
        SDKROOT = macosx;
        VERSIONING_SYSTEM = "apple-generic";
        VERSION_INFO_PREFIX = "";
      };
      name = Debug;
    };
    8C4CE9E0CBA29AA0E4A6 /* Release */ = {
      isa = XCBuildConfiguration;
      buildSettings = {
        ALWAYS_SEARCH_USER_PATHS = NO;
        CLANG_ANALYZER_NONNULL = YES;
        CLANG_ANALYZER_NUMBER_OBJECT_CONVERSION = YES_AGGRESSIVE;
        CLANG_CXX_LANGUAGE_STANDARD = "c++17";
        CLANG_CXX_LIBRARY = "libc++";
        CLANG_ENABLE_MODULES = YES;
        CLANG_ENABLE_OBJC_ARC = YES;
        CLANG_ENABLE_OBJC_WEAK = YES;
        CLANG_WARN_QUOTED_INCLUDE_IN_FRAMEWORK_HEADER = YES;
        CLANG_WARN_BLOCK_CAPTURE_AUTORELEASING = YES;
        CLANG_WARN_BOOL_CONVERSION = YES;
        CLANG_WARN_COMMA = YES;
        CLANG_WARN_CONSTANT_CONVERSION = YES;
        CLANG_WARN_DEPRECATED_OBJC_IMPLEMENTATIONS = YES;
        CLANG_WARN_DIRECT_OBJC_ISA_USAGE = YES_ERROR;
        CLANG_WARN_DOCUMENTATION_COMMENTS = YES;
        CLANG_WARN_EMPTY_BODY = YES;
        CLANG_WARN_ENUM_CONVERSION = YES;
        CLANG_WARN_INFINITE_RECURSION = YES;
        CLANG_WARN_INT_CONVERSION = YES;
        CLANG_WARN_NON_LITERAL_NULL_CONVERSION = YES;
        CLANG_WARN_OBJC_IMPLICIT_RETAIN_SELF = YES;
        CLANG_WARN_OBJC_LITERAL_CONVERSION = YES;
        CLANG_WARN_OBJC_ROOT_CLASS = YES_ERROR;
        CLANG_WARN_RANGE_LOOP_ANALYSIS = YES;
        CLANG_WARN_STRICT_PROTOTYPES = YES;
        CLANG_WARN_SUSPICIOUS_MOVE = YES;
        CLANG_WARN_UNGUARDED_AVAILABILITY = YES_AGGRESSIVE;
        CLANG_WARN_UNREACHABLE_CODE = YES;
        CLANG_WARN__DUPLICATE_METHOD_MATCH = YES;
        COPY_PHASE_STRIP = NO;
        CURRENT_PROJECT_VERSION = 1;
        DEBUG_INFORMATION_FORMAT = "dwarf-with-dsym";
        ENABLE_NS_ASSERTIONS = NO;
        ENABLE_STRICT_OBJC_MSGSEND = YES;
        GCC_C_LANGUAGE_STANDARD = c11;
        GCC_NO_COMMON_BLOCKS = YES;
        GCC_OPTIMIZATION_LEVEL = fast;
        GCC_PREPROCESSOR_DEFINITIONS = (
          "$(inherited)",
          "NDEBUG=1",
        );
        GCC_WARN_64_TO_32_BIT_CONVERSION = YES;
        GCC_WARN_ABOUT_RETURN_TYPE = YES_ERROR;
        GCC_WARN_UNDECLARED_SELECTOR = YES;
        GCC_WARN_UNINITIALIZED_AUTOS = YES_AGGRESSIVE;
        GCC_WARN_UNUSED_FUNCTION = YES;
        GCC_WARN_UNUSED_VARIABLE = YES;
        GCC_PRECOMPILE_PREFIX_HEADER = YES;
        GCC_PREFIX_HEADER = "../src/core/include/eon/eon.h";
        MACOSX_DEPLOYMENT_TARGET = 12.0;
        MTL_ENABLE_DEBUG_INFO = NO;
        MTL_FAST_MATH = YES;
        SDKROOT = macosx;
        VERSIONING_SYSTEM = "apple-generic";
        VERSION_INFO_PREFIX = "";
      };
      name = Release;
    };
    8FDD92E38C7F1E6BAE85 /* Debug */ = {
      isa = XCBuildConfiguration;
      buildSettings = {
        CODE_SIGN_STYLE = Automatic;
        DEVELOPMENT_TEAM = HE96RQ5ZY9;
        LD_RUNPATH_SEARCH_PATHS = (
          "$(inherited)",
          "@executable_path/../Frameworks",
        );
        LIBRARY_SEARCH_PATHS = (
        );
        FRAMEWORK_SEARCH_PATHS = (
        );
        SYSTEM_HEADER_SEARCH_PATHS = (
          ../src/applications/cog/include,
          ../src/applications/include,
          ../usr/share/boost/1.71.0,
          ../src/lua/5.4.0,
          ../src/core/include,
        );
        PRODUCT_NAME = "$(TARGET_NAME)";
        ENABLE_HARDENED_RUNTIME = YES;
        OTHER_CPLUSPLUSFLAGS = (
        );
        OTHER_LDFLAGS = (
          -L/usr/local/lib,
          -L../lib/macOS,
        );
        SKIP_INSTALL = YES;
      };
      name = Debug;
    };
    8EBCC621F2B894FDC303 /* Release */ = {
      isa = XCBuildConfiguration;
      buildSettings = {
        CODE_SIGN_STYLE = Automatic;
        DEVELOPMENT_TEAM = HE96RQ5ZY9;
        LD_RUNPATH_SEARCH_PATHS = (
          "$(inherited)",
          "@executable_path/../Frameworks",
        );
        LIBRARY_SEARCH_PATHS = (
        );
        FRAMEWORK_SEARCH_PATHS = (
        );
        SYSTEM_HEADER_SEARCH_PATHS = (
          ../src/applications/cog/include,
          ../src/applications/include,
          ../usr/share/boost/1.71.0,
          ../src/lua/5.4.0,
          ../src/core/include,
        );
        PRODUCT_NAME = "$(TARGET_NAME)";
        ENABLE_HARDENED_RUNTIME = YES;
        OTHER_CPLUSPLUSFLAGS = (
        );
        OTHER_LDFLAGS = (
          -L/usr/local/lib,
          -L../lib/macOS,
        );
        SKIP_INSTALL = YES;
      };
      name = Release;
    };
    /* End XCBuildConfiguration section */

    /* Begin XCConfigurationList section */
    850FE25FF4EF8D3B7F9C /* Build configuration list for PBXProject "cog" */ = {
      isa = XCConfigurationList;
      buildConfigurations = (
        8C4CE9E0CBA29AA0E4A6 /* Release */,
        80EFAD56E85B392296B0 /* Debug */,
      );
      defaultConfigurationIsVisible = 0;
      defaultConfigurationName = Release;
    };
    8422C532A6BCA4C16572 /* Build configuration list for PBXNativeTarget "cog" */ = {
      isa = XCConfigurationList;
      buildConfigurations = (
        8EBCC621F2B894FDC303 /* Release */,
        8FDD92E38C7F1E6BAE85 /* Debug */,
      );
      defaultConfigurationIsVisible = 0;
      defaultConfigurationName = Release;
    };
    /* End XCConfigurationList section */
  };
  rootObject = 8A854C621D6F1F79C5B3 /* Project object */;
}
