// !$*UTF8*$!
{
  archiveVersion = 1;
  classes = {
  };
  objectVersion = 54;
  objects = {

    /* Begin PBXBuildFile section */
    8589EAFA02F2CB0556F8CA5F /* entry.cpp in Sources */ = {isa = PBXBuildFile; fileRef = 8E8CCB4ED6E9B6B0E9BDBD0F /* entry.cpp */; };
    8D2DE9ACA5E4FB2ABA64407C /* stdafx.cpp in Sources */ = {isa = PBXBuildFile; fileRef = 8F6F1B267259D4D571FDD85C /* stdafx.cpp */; };
    /* End PBXBuildFile section */

    /* Begin PBXCopyFilesBuildPhase section */
    /* End PBXCopyFilesBuildPhase section */

    /* Begin PBXFileReference section */
    8EDBDDCB412B90F416541C11 /* libstartup.a */ = {isa = PBXFileReference; explicitFileType = archive.ar; includeInIndex = 0; path = libstartup.a; sourceTree = BUILT_PRODUCTS_DIR; };
    8E8CCB4ED6E9B6B0E9BDBD0F /* entry.cpp */ = {isa = PBXFileReference; lastKnownFileType = sourcecode.cpp.cpp; name = entry.cpp; path = ../src/bootseq/start/src/entry.cpp; sourceTree = "<group>"; };
    8F6F1B267259D4D571FDD85C /* stdafx.cpp */ = {isa = PBXFileReference; lastKnownFileType = sourcecode.cpp.cpp; name = stdafx.cpp; path = ../src/bootseq/start/src/stdafx.cpp; sourceTree = "<group>"; };
    /* End PBXFileReference section */

    /* Begin PBXFrameworksBuildPhase section */
    82BDCFC12DEA112E51D26930 /* frameworks */ = {
      isa = PBXFrameworksBuildPhase;
      buildActionMask = 2147483647;
      files = (
      );
      runOnlyForDeploymentPostprocessing = 0;
    };
    /* End PBXFrameworksBuildPhase section */

    /* Begin PBXGroup section */
    8BAE8550FE25FF4EF8D3B7F9 = {
      isa = PBXGroup;
      children = (
        85F81F2F7E46FB0DE7B2263E /* Frameworks */,
        834FDDDA908EFCBCA68931E7 /* Products */,
        8C2E7ACAD03B9EEB1F0D9422 /* Code */,
      );
      sourceTree = "<group>";
    };
    834FDDDA908EFCBCA68931E7 /* Products */ = {
      isa = PBXGroup;
      children = (
        8EDBDDCB412B90F416541C11 /* startup.a */,
      );
      name = Products;
      sourceTree = "<group>";
    };
    8C2E7ACAD03B9EEB1F0D9422 /* Code */ = {
      isa = PBXGroup;
      children = (
        8D4E1C89D59C7723CACA8929 /* references */,
        8A3EFA88F529A9BB68FDE014 /* resources */,
        8CE9E0CBA29AA0E4A6EBCC62 /* include */,
        8408E068DEEDCABF6F00B1E6 /* src */,
      );
      name = Code;
      sourceTree = "<group>";
    };
    8408E068DEEDCABF6F00B1E6 /* src */ = {
      isa = PBXGroup;
      children = (
        8E8CCB4ED6E9B6B0E9BDBD0F /* entry.cpp */,
        8F6F1B267259D4D571FDD85C /* stdafx.cpp */,
      );
      name = src;
      path = "";
      sourceTree = "<group>";
    };
    /* End PBXGroup section */

    /* Begin PBXVariantGroup section */
    /* End PBXVariantGroup section */

    /* Begin PBXNativeTarget section */
    812F95CCECBFA4E6B87449D2 /* framework */ = {
      isa = PBXNativeTarget;
      buildConfigurationList = 870DE9055A4724062A2D2FDA /* Build configuration list for PBXNativeTarget "startup" */;
      buildPhases = (
        82BDCFC12DEA112E51D26930 /* Frameworks */,
        81CEF9BA673D4EFBEFECCB6A /* Resources */,
        838F0FEFEB3F5AFAE6BCB13D /* Headers */,
        88E531AE0F5468DA5F55991C /* Sources */,
        85CCD6E95F7BECD170B0AD80 /* CopyFiles (PlugIns) */,
      );
      buildRules = (
      );
      dependencies = (
      );
      name = "startup";
      productName = "startup";
      productReference = 8EDBDDCB412B90F416541C11 /* libstartup.a */;
      productType = "com.apple.product-type.library.static";
    };
    /* End PBXNativeTarget section */

    /* Begin PBXProject section */
    857E87B6E97BE4A897C5EFC4 /* Project object */ = {
      isa = PBXProject;
      attributes = {
        LastUpgradeCheck = 1200;
        TargetAttributes = {
          812F95CCECBFA4E6B87449D2 = {
            CreatedOnToolsVersion = 12;
          };
        };
      };
      buildConfigurationList = 8621D6F1F79C5B3F4270D812 /* Build configuration list for PBXProject "" */;
      compatibilityVersion = "Xcode 12.0";
      developmentRegion = en;
      hasScannedForEncodings = 0;
      knownRegions = (
        en,
        Base,
      );
      mainGroup = 8BAE8550FE25FF4EF8D3B7F9;
      productRefGroup = 834FDDDA908EFCBCA68931E7 /* Products */;
      projectDirPath = "";
      projectRoot = "";
      targets = (
        812F95CCECBFA4E6B87449D2 /* startup */,
      );
    };
    /* End PBXProject section */

    /* Begin PBXResourcesBuildPhase section */
    81CEF9BA673D4EFBEFECCB6A /* Resources */ = {
      isa = PBXResourcesBuildPhase;
      buildActionMask = 2147483647;
      files = (
      );
      runOnlyForDeploymentPostprocessing = 0;
    };
    /* End PBXResourcesBuildPhase section */

    /* Begin PBXHeadersBuildPhase section */
    838F0FEFEB3F5AFAE6BCB13D /* Headers */ = {
      isa = PBXHeadersBuildPhase;
      buildActionMask = 2147483647;
      files = (
      );
      runOnlyForDeploymentPostprocessing = 0;
    };
    /* End PBXHeadersBuildPhase section */

    /* Begin PBXSourcesBuildPhase section */
    88E531AE0F5468DA5F55991C /* Sources */ = {
      isa = PBXSourcesBuildPhase;
      buildActionMask = 2147483647;
      files = (
        8589EAFA02F2CB0556F8CA5F /* entry.cpp in Sources */,
        8D2DE9ACA5E4FB2ABA64407C /* stdafx.cpp in Sources */,
      );
      runOnlyForDeploymentPostprocessing = 0;
    };
    /* End PBXSourcesBuildPhase section */

    /* Begin XCBuildConfiguration section */
    81DE8D93E17CCD7EF7EF54FA /* Debug */ = {
      isa = XCBuildConfiguration;
      buildSettings = {
        ALWAYS_SEARCH_USER_PATHS = NO;
        CLANG_ANALYZER_NONNULL = YES;
        CLANG_ANALYZER_NUMBER_OBJECT_CONVERSION = YES_AGGRESSIVE;
        CLANG_CXX_LANGUAGE_STANDARD = "";
        CLANG_CXX_LIBRARY = "libc++";
        CLANG_ENABLE_MODULES = YES;
        CLANG_ENABLE_OBJC_ARC = YES;
        CLANG_ENABLE_OBJC_WEAK = YES;
        CLANG_WARN_QUOTED_INCLUDE_IN_FRAMEWORK_HEADER = YES;
        CLANG_WARN_BLOCK_CAPTURE_AUTORELEASING = YES;
        CLANG_WARN_BOOL_CONVERSION = YES;
        CLANG_WARN_COMMA = NO;
        CLANG_WARN_CONSTANT_CONVERSION = YES;
        CLANG_WARN_DEPRECATED_OBJC_IMPLEMENTATIONS = YES;
        CLANG_WARN_DIRECT_OBJC_ISA_USAGE = YES_ERROR;
        CLANG_WARN_DOCUMENTATION_COMMENTS = NO;
        CLANG_WARN_EMPTY_BODY = YES;
        CLANG_WARN_ENUM_CONVERSION = YES;
        CLANG_WARN_INFINITE_RECURSION = YES;
        CLANG_WARN_INT_CONVERSION = YES;
        CLANG_WARN_NON_LITERAL_NULL_CONVERSION = YES;
        CLANG_WARN_OBJC_IMPLICIT_RETAIN_SELF = YES;
        CLANG_WARN_OBJC_LITERAL_CONVERSION = YES;
        CLANG_WARN_OBJC_ROOT_CLASS = YES_ERROR;
        CLANG_WARN_RANGE_LOOP_ANALYSIS = YES;
        CLANG_WARN_STRICT_PROTOTYPES = YES;
        CLANG_WARN_SUSPICIOUS_MOVE = YES;
        CLANG_WARN_UNGUARDED_AVAILABILITY = YES_AGGRESSIVE;
        CLANG_WARN_UNREACHABLE_CODE = YES;
        CLANG_WARN__DUPLICATE_METHOD_MATCH = YES;
        COPY_PHASE_STRIP = NO;
        CURRENT_PROJECT_VERSION = 1;
        DEBUG_INFORMATION_FORMAT = dwarf;
        ENABLE_STRICT_OBJC_MSGSEND = YES;
        ENABLE_TESTABILITY = YES;
        GCC_C_LANGUAGE_STANDARD = c17;
        GCC_DYNAMIC_NO_PIC = NO;
        GCC_NO_COMMON_BLOCKS = YES;
        GCC_OPTIMIZATION_LEVEL = 0;
        GCC_PREPROCESSOR_DEFINITIONS = (
          "$(inherited)",
          "_DEBUG=1",
          "DEBUG=1",
        );
        GCC_WARN_64_TO_32_BIT_CONVERSION = YES;
        GCC_WARN_ABOUT_RETURN_TYPE = YES_ERROR;
        GCC_WARN_UNDECLARED_SELECTOR = YES;
        GCC_WARN_UNINITIALIZED_AUTOS = YES_AGGRESSIVE;
        GCC_WARN_UNUSED_FUNCTION = YES;
        GCC_WARN_UNUSED_VARIABLE = YES;
        GCC_PRECOMPILE_PREFIX_HEADER = YES;
        GCC_PREFIX_HEADER = "../src/core/include/eon/eon.h";
        MACOSX_DEPLOYMENT_TARGET = 13.0;
        MTL_ENABLE_DEBUG_INFO = INCLUDE_SOURCE;
        MTL_FAST_MATH = YES;
        ONLY_ACTIVE_ARCH = YES;
        SDKROOT = macosx;
        VERSIONING_SYSTEM = "apple-generic";
        VERSION_INFO_PREFIX = "";
      };
      name = Debug;
    };
    862C8E0DDAA00FB60A5D7B1E /* Release */ = {
      isa = XCBuildConfiguration;
      buildSettings = {
        ALWAYS_SEARCH_USER_PATHS = NO;
        CLANG_ANALYZER_NONNULL = YES;
        CLANG_ANALYZER_NUMBER_OBJECT_CONVERSION = YES_AGGRESSIVE;
        CLANG_CXX_LANGUAGE_STANDARD = "c++20";
        CLANG_CXX_LIBRARY = "libc++";
        CLANG_ENABLE_MODULES = YES;
        CLANG_ENABLE_OBJC_ARC = YES;
        CLANG_ENABLE_OBJC_WEAK = YES;
        CLANG_WARN_QUOTED_INCLUDE_IN_FRAMEWORK_HEADER = YES;
        CLANG_WARN_BLOCK_CAPTURE_AUTORELEASING = YES;
        CLANG_WARN_BOOL_CONVERSION = YES;
        CLANG_WARN_COMMA = YES;
        CLANG_WARN_CONSTANT_CONVERSION = YES;
        CLANG_WARN_DEPRECATED_OBJC_IMPLEMENTATIONS = YES;
        CLANG_WARN_DIRECT_OBJC_ISA_USAGE = YES_ERROR;
        CLANG_WARN_DOCUMENTATION_COMMENTS = YES;
        CLANG_WARN_EMPTY_BODY = YES;
        CLANG_WARN_ENUM_CONVERSION = YES;
        CLANG_WARN_INFINITE_RECURSION = YES;
        CLANG_WARN_INT_CONVERSION = YES;
        CLANG_WARN_NON_LITERAL_NULL_CONVERSION = YES;
        CLANG_WARN_OBJC_IMPLICIT_RETAIN_SELF = YES;
        CLANG_WARN_OBJC_LITERAL_CONVERSION = YES;
        CLANG_WARN_OBJC_ROOT_CLASS = YES_ERROR;
        CLANG_WARN_RANGE_LOOP_ANALYSIS = YES;
        CLANG_WARN_STRICT_PROTOTYPES = YES;
        CLANG_WARN_SUSPICIOUS_MOVE = YES;
        CLANG_WARN_UNGUARDED_AVAILABILITY = YES_AGGRESSIVE;
        CLANG_WARN_UNREACHABLE_CODE = YES;
        CLANG_WARN__DUPLICATE_METHOD_MATCH = YES;
        COPY_PHASE_STRIP = NO;
        CURRENT_PROJECT_VERSION = 1;
        DEBUG_INFORMATION_FORMAT = "dwarf-with-dsym";
        ENABLE_NS_ASSERTIONS = NO;
        ENABLE_STRICT_OBJC_MSGSEND = YES;
        GCC_C_LANGUAGE_STANDARD = c17;
        GCC_NO_COMMON_BLOCKS = YES;
        GCC_OPTIMIZATION_LEVEL = fast;
        GCC_PREPROCESSOR_DEFINITIONS = (
          "$(inherited)",
          "NDEBUG=1",
        );
        GCC_WARN_64_TO_32_BIT_CONVERSION = YES;
        GCC_WARN_ABOUT_RETURN_TYPE = YES_ERROR;
        GCC_WARN_UNDECLARED_SELECTOR = YES;
        GCC_WARN_UNINITIALIZED_AUTOS = YES_AGGRESSIVE;
        GCC_WARN_UNUSED_FUNCTION = YES;
        GCC_WARN_UNUSED_VARIABLE = YES;
        GCC_PRECOMPILE_PREFIX_HEADER = YES;
        GCC_PREFIX_HEADER = "../src/core/include/eon/eon.h";
        MACOSX_DEPLOYMENT_TARGET = 13.0;
        MTL_ENABLE_DEBUG_INFO = NO;
        MTL_FAST_MATH = YES;
        SDKROOT = macosx;
        VERSIONING_SYSTEM = "apple-generic";
        VERSION_INFO_PREFIX = "";
      };
      name = Release;
    };
    81DE8D93E17CCD7EF7EF54FA /* Debug */ = {
      isa = XCBuildConfiguration;
      buildSettings = {
        CODE_SIGN_STYLE = Automatic;
        LD_RUNPATH_SEARCH_PATHS = (
          "$(inherited)",
          "@executable_path/../Frameworks",
        );
        LIBRARY_SEARCH_PATHS = (
        );
        FRAMEWORK_SEARCH_PATHS = (
        );
        SYSTEM_HEADER_SEARCH_PATHS = (
          ../usr/share/boost/1.84.0,
        );
        PRODUCT_NAME = "$(TARGET_NAME)";
        EXECUTABLE_PREFIX = lib;
        SKIP_INSTALL = YES;
      };
      name = Debug;
    };
    870D4F175A70AA87982CE2B3 /* Release */ = {
      isa = XCBuildConfiguration;
      buildSettings = {
        CODE_SIGN_STYLE = Automatic;
        LD_RUNPATH_SEARCH_PATHS = (
          "$(inherited)",
          "@executable_path/../Frameworks",
        );
        LIBRARY_SEARCH_PATHS = (
        );
        FRAMEWORK_SEARCH_PATHS = (
        );
        SYSTEM_HEADER_SEARCH_PATHS = (
          ../usr/share/boost/1.84.0,
        );
        PRODUCT_NAME = "$(TARGET_NAME)";
        EXECUTABLE_PREFIX = lib;
        SKIP_INSTALL = YES;
      };
      name = Release;
    };
    /* End XCBuildConfiguration section */

    /* Begin XCConfigurationList section */
    870DE9055A4724062A2D2FDA /* Build configuration list for PBXProject "startup" */ = {
      isa = XCConfigurationList;
      buildConfigurations = (
        870D4F175A70AA87982CE2B3 /* Release */,
        81DE8D93E17CCD7EF7EF54FA /* Debug */,
      );
      defaultConfigurationIsVisible = 0;
      defaultConfigurationName = Release;
    };
    8621D6F1F79C5B3F4270D812 /* Build configuration list for PBXNativeTarget "startup" */ = {
      isa = XCConfigurationList;
      buildConfigurations = (
        862C8E0DDAA00FB60A5D7B1E /* Release */,
        84FD2E12A712FC1103A57B0C /* Debug */,
      );
      defaultConfigurationIsVisible = 0;
      defaultConfigurationName = Release;
    };
    /* End XCConfigurationList section */
  };
  rootObject = 857E87B6E97BE4A897C5EFC4 /* Project object */;
}

// vim:ft=cpp