// !$*UTF8*$!
{
  archiveVersion = 1;
  classes = {
  };
  objectVersion = 54;
  objects = {

    /* Begin PBXBuildFile section */
    8B7CDBEE8DB3798C6D6C /* boot.cpp in Sources */ = {isa = PBXBuildFile; fileRef = 8BCAAA5FBE4E47BD379F /* boot.cpp */; };
    8AFB506AA4F2EBE4BA7C /* mutex.cpp in Sources */ = {isa = PBXBuildFile; fileRef = 8F8619D4FC3E90FD793A /* mutex.cpp */; };
    8C86B0836E2C9C8C98F4 /* thread.cpp in Sources */ = {isa = PBXBuildFile; fileRef = 8A8478A5AC27CCF74D8E /* thread.cpp */; };
    883E6ADAC3E4EE59FB00 /* sha1.cpp in Sources */ = {isa = PBXBuildFile; fileRef = 8344FC78ADAA2DED46DA /* sha1.cpp */; };
    8F8CAA297A2D143880D1 /* atomic.cpp in Sources */ = {isa = PBXBuildFile; fileRef = 846BCEA32817EAC5137F /* atomic.cpp */; };
    8327F083E6DA6A9258A3 /* stdafx.cpp in Sources */ = {isa = PBXBuildFile; fileRef = 82CFD6B5BABB2E20BEAB /* stdafx.cpp */; };
    8E6B0C3ADC452519A9ED /* mem.cpp in Sources */ = {isa = PBXBuildFile; fileRef = 8DA3F9C1A4CB7CD52A9F /* mem.cpp */; };
    8676BE7C2B9D7C3A29BE /* i32.cpp in Sources */ = {isa = PBXBuildFile; fileRef = 8C0C8FF3367D4314BEEA /* i32.cpp */; };
    8062FEB5444F95641D24 /* serialize.cpp in Sources */ = {isa = PBXBuildFile; fileRef = 8EDB8DDA74A8AF507D64 /* serialize.cpp */; };
    8998F70FC5FC0F1A6D10 /* resource.cpp in Sources */ = {isa = PBXBuildFile; fileRef = 8DA185951EC9F1DD65FF /* resource.cpp */; };
    8CD046B0C372CEB08E11 /* f64.cpp in Sources */ = {isa = PBXBuildFile; fileRef = 8CCB40000FBFA8E72B52 /* f64.cpp */; };
    89C2442FE280DCAB19A5 /* strings.cpp in Sources */ = {isa = PBXBuildFile; fileRef = 8ACCAC38DBA4D1EBA0D8 /* strings.cpp */; };
    8A99140162EA8A39FD38 /* f16.cpp in Sources */ = {isa = PBXBuildFile; fileRef = 8759CFBF9E177FB127AC /* f16.cpp */; };
    814A870858F20321EE62 /* object.cpp in Sources */ = {isa = PBXBuildFile; fileRef = 870C45F302FFE3B8EC64 /* object.cpp */; };
    88FC4B0AF2A2AAC0D49C /* timer.cpp in Sources */ = {isa = PBXBuildFile; fileRef = 8395A3FC4C9ABD934C50 /* timer.cpp */; };
    84D3AE19BDCBA9A0D943 /* history.cpp in Sources */ = {isa = PBXBuildFile; fileRef = 8436B02BAF6EEEDCED8A /* history.cpp */; };
    8C0D6F9CB3ED8E801DCC /* buffer.cpp in Sources */ = {isa = PBXBuildFile; fileRef = 80741ADDAAE3B4CD07FE /* buffer.cpp */; };
    8232B3D3C1BBC7DED0EB /* scratch.cpp in Sources */ = {isa = PBXBuildFile; fileRef = 8246BE3A2DA67AB39D2F /* scratch.cpp */; };
    87CBDD31A4CF1677D22F /* i64.cpp in Sources */ = {isa = PBXBuildFile; fileRef = 8A1A8641FF9F84EFFC2C /* i64.cpp */; };
    8766800BD0F21A3EF1B7 /* i8.cpp in Sources */ = {isa = PBXBuildFile; fileRef = 87B99EF9FEFC58DEFE9F /* i8.cpp */; };
    83EE6FD54EFFB5F8D2E6 /* fs.cpp in Sources */ = {isa = PBXBuildFile; fileRef = 8ECDA9FED97BFBCAB1BE /* fs.cpp */; };
    8E595F3CDBEB59BBA6B8 /* prefab.cpp in Sources */ = {isa = PBXBuildFile; fileRef = 8B9FE76B4B735D05DD86 /* prefab.cpp */; };
    8DE2ED7ECE92891233DE /* f32.cpp in Sources */ = {isa = PBXBuildFile; fileRef = 88677F268AF4BA93F1FC /* f32.cpp */; };
    8CBB571A6E144A98038A /* class.cpp in Sources */ = {isa = PBXBuildFile; fileRef = 8DF522347BB75F4A4ACC /* class.cpp */; };
    859F632FBFFACBCBAD4F /* half.cpp in Sources */ = {isa = PBXBuildFile; fileRef = 8083A6DC7E77FC6988FC /* half.cpp */; };
    8AB4893171FDD2891E5C /* i16.cpp in Sources */ = {isa = PBXBuildFile; fileRef = 83DCC9B1BE775D0D1370 /* i16.cpp */; };
    858EEECC0FF8CDFDA637 /* murmur3.c in Sources */ = {isa = PBXBuildFile; fileRef = 86DFE4AFEEEA3C2946DD /* murmur3.c */; };
    /* End PBXBuildFile section */

    /* Begin PBXCopyFilesBuildPhase section */
    /* End PBXCopyFilesBuildPhase section */

    /* Begin PBXFileReference section */
    86358967BD106DABAA79 = {isa = PBXFileReference; lastKnownFileType = sourcecode.cpp.h; name = delegate.hpp; path = ../src/core/include/eon/gfc/srutil/delegate/delegate.hpp; sourceTree = "<group>"; };
    856211B3CD43AC4776F9 = {isa = PBXFileReference; lastKnownFileType = sourcecode.cpp.h; name = delegate_list.hpp; path = ../src/core/include/eon/gfc/srutil/delegate/detail/delegate_list.hpp; sourceTree = "<group>"; };
    8606AEE0AF222F4D2B3B = {isa = PBXFileReference; lastKnownFileType = sourcecode.cpp.h; name = delegate_template.hpp; path = ../src/core/include/eon/gfc/srutil/delegate/detail/delegate_template.hpp; sourceTree = "<group>"; };
    8552FE25F10D5E6B4C4F = {isa = PBXFileReference; lastKnownFileType = sourcecode.cpp.h; name = event.hpp; path = ../src/core/include/eon/gfc/srutil/event/event.hpp; sourceTree = "<group>"; };
    86FFFB24A00DA52BEF69 = {isa = PBXFileReference; lastKnownFileType = sourcecode.c.h; name = aabb2.h; path = ../src/core/include/eon/gfc/math/aabb2.h; sourceTree = "<group>"; };
    88E61BAC4538B80C3FFC = {isa = PBXFileReference; lastKnownFileType = sourcecode.c.h; name = aabb3.h; path = ../src/core/include/eon/gfc/math/aabb3.h; sourceTree = "<group>"; };
    8F3AFC90AFBADDA0B195 = {isa = PBXFileReference; lastKnownFileType = sourcecode.c.h; name = affine2.h; path = ../src/core/include/eon/gfc/math/affine2.h; sourceTree = "<group>"; };
    81CAAF2ABC2BBAF09F99 = {isa = PBXFileReference; lastKnownFileType = sourcecode.c.h; name = affine3.h; path = ../src/core/include/eon/gfc/math/affine3.h; sourceTree = "<group>"; };
    87739FD3E7AC1F94DDF2 = {isa = PBXFileReference; lastKnownFileType = sourcecode.c.h; name = atomic.h; path = ../src/core/include/eon/gfc/atomic.h; sourceTree = "<group>"; };
    8F7EE1B95D581964ECA5 = {isa = PBXFileReference; lastKnownFileType = sourcecode.c.h; name = autoref.h; path = ../src/core/include/eon/gfc/autoref.h; sourceTree = "<group>"; };
    89BE8FA5503B39FBCDA4 = {isa = PBXFileReference; lastKnownFileType = sourcecode.c.h; name = basic.h; path = ../src/core/include/eon/gfc/math/basic.h; sourceTree = "<group>"; };
    83DF3CDEC02B00967FC2 = {isa = PBXFileReference; lastKnownFileType = sourcecode.c.h; name = buffer.h; path = ../src/core/include/eon/gfc/buffer.h; sourceTree = "<group>"; };
    81AFC7D01DCE2BE594CE = {isa = PBXFileReference; lastKnownFileType = sourcecode.c.h; name = capsule.h; path = ../src/core/include/eon/gfc/math/capsule.h; sourceTree = "<group>"; };
    845A08A3CC0EC219ECCF = {isa = PBXFileReference; lastKnownFileType = sourcecode.c.h; name = class.h; path = ../src/core/include/eon/gfc/class.h; sourceTree = "<group>"; };
    8DE1FF9C8EE6F538FE77 = {isa = PBXFileReference; lastKnownFileType = sourcecode.c.h; name = color.h; path = ../src/core/include/eon/gfc/math/color.h; sourceTree = "<group>"; };
    82D56956ABA1409622F7 = {isa = PBXFileReference; lastKnownFileType = sourcecode.c.h; name = common.h; path = ../src/core/include/eon/gfc/base/common.h; sourceTree = "<group>"; };
    84B56AA65ADB80F76D5B = {isa = PBXFileReference; lastKnownFileType = sourcecode.c.h; name = cone.h; path = ../src/core/include/eon/gfc/math/cone.h; sourceTree = "<group>"; };
    8B27BA0FCACE6DEDE3B0 = {isa = PBXFileReference; lastKnownFileType = sourcecode.c.h; name = constants.h; path = ../src/core/include/eon/gfc/math/constants.h; sourceTree = "<group>"; };
    882FD646BE118BC11F6A = {isa = PBXFileReference; lastKnownFileType = sourcecode.c.h; name = container.h; path = ../src/core/include/eon/gfc/container.h; sourceTree = "<group>"; };
    83EC987C49CC18CE717F = {isa = PBXFileReference; lastKnownFileType = sourcecode.c.h; name = debug.h; path = ../src/core/include/eon/gfc/base/debug.h; sourceTree = "<group>"; };
    84BD59ABC9C74E64154C = {isa = PBXFileReference; lastKnownFileType = sourcecode.c.h; name = delegate.h; path = ../src/core/include/eon/gfc/base/delegate.h; sourceTree = "<group>"; };
    8182661530BCBBAA5EE5 = {isa = PBXFileReference; lastKnownFileType = sourcecode.c.h; name = eLut.h; path = ../src/core/src/gfc/base/eLut.h; sourceTree = "<group>"; };
    81330324E554C6F786E1 = {isa = PBXFileReference; lastKnownFileType = sourcecode.c.h; name = eLut.h; path = ../src/core/include/eon/gfc/base/eLut.h; sourceTree = "<group>"; };
    87E5CAE9EE8421F86E8A = {isa = PBXFileReference; lastKnownFileType = sourcecode.c.h; name = engine.h; path = ../src/core/include/eon/gfc/base/engine.h; sourceTree = "<group>"; };
    8D3CCE56DE2DEE075A22 = {isa = PBXFileReference; lastKnownFileType = sourcecode.c.h; name = eon.h; path = ../src/core/include/eon/eon.h; sourceTree = "<group>"; };
    8EDCFEBEFF4D555B4F9F = {isa = PBXFileReference; lastKnownFileType = sourcecode.c.h; name = frustum.h; path = ../src/core/include/eon/gfc/math/frustum.h; sourceTree = "<group>"; };
    84A1B2A1D963D6614C2A = {isa = PBXFileReference; lastKnownFileType = sourcecode.c.h; name = fs.h; path = ../src/core/include/eon/gfc/fs.h; sourceTree = "<group>"; };
    8ADCCAAF7AB3ED6DCABE = {isa = PBXFileReference; lastKnownFileType = sourcecode.c.h; name = gcc.h; path = ../src/core/include/eon/gfc/base/gcc.h; sourceTree = "<group>"; };
    8DF74B15C5C0E8B2079A = {isa = PBXFileReference; lastKnownFileType = sourcecode.c.h; name = half.h; path = ../src/core/src/gfc/base/half.h; sourceTree = "<group>"; };
    80AE3D3B2BBDF0FD5B0A = {isa = PBXFileReference; lastKnownFileType = sourcecode.c.h; name = half.h; path = ../src/core/include/eon/gfc/base/half.h; sourceTree = "<group>"; };
    8AE79111C400CFF208D5 = {isa = PBXFileReference; lastKnownFileType = sourcecode.c.h; name = halfExport.h; path = ../src/core/include/eon/gfc/base/halfExport.h; sourceTree = "<group>"; };
    8A9DCCA8F12ECD573621 = {isa = PBXFileReference; lastKnownFileType = sourcecode.c.h; name = halfFunction.h; path = ../src/core/include/eon/gfc/base/halfFunction.h; sourceTree = "<group>"; };
    8CBB3A18F83EAA88FC00 = {isa = PBXFileReference; lastKnownFileType = sourcecode.c.h; name = halfLimits.h; path = ../src/core/include/eon/gfc/base/halfLimits.h; sourceTree = "<group>"; };
    82096092D60F770AD33C = {isa = PBXFileReference; lastKnownFileType = sourcecode.c.h; name = history.h; path = ../src/core/include/eon/gfc/history.h; sourceTree = "<group>"; };
    8D7E9EEE624957BEED6B = {isa = PBXFileReference; lastKnownFileType = sourcecode.c.h; name = input.h; path = ../src/core/include/eon/gfc/input.h; sourceTree = "<group>"; };
    88E43B58B1A0E2C754AE = {isa = PBXFileReference; lastKnownFileType = sourcecode.c.h; name = interpolator.h; path = ../src/core/include/eon/gfc/math/interpolator.h; sourceTree = "<group>"; };
    8FB85AE36F349B6ADCE0 = {isa = PBXFileReference; lastKnownFileType = sourcecode.c.h; name = llvm.h; path = ../src/core/include/eon/gfc/base/llvm.h; sourceTree = "<group>"; };
    856113A468B4F89FF4EE = {isa = PBXFileReference; lastKnownFileType = sourcecode.c.h; name = maths.h; path = ../src/core/include/eon/gfc/maths.h; sourceTree = "<group>"; };
    8B3C1C2C24E815C623FB = {isa = PBXFileReference; lastKnownFileType = sourcecode.c.h; name = matrix3.h; path = ../src/core/include/eon/gfc/math/matrix3.h; sourceTree = "<group>"; };
    82CEC3C0FD4151B99ED4 = {isa = PBXFileReference; lastKnownFileType = sourcecode.c.h; name = matrix4.h; path = ../src/core/include/eon/gfc/math/matrix4.h; sourceTree = "<group>"; };
    8ABEA8F58E0B075ACFCD = {isa = PBXFileReference; lastKnownFileType = sourcecode.c.h; name = mem.h; path = ../src/core/include/eon/gfc/mem.h; sourceTree = "<group>"; };
    803231E1EEBC5B8DDD77 = {isa = PBXFileReference; lastKnownFileType = sourcecode.c.h; name = msvc.h; path = ../src/core/include/eon/gfc/base/msvc.h; sourceTree = "<group>"; };
    8FEA513BF9DEF9A52ED3 = {isa = PBXFileReference; lastKnownFileType = sourcecode.c.h; name = murmur3.h; path = ../src/core/src/gfc/base/murmur3.h; sourceTree = "<group>"; };
    874DFD96E04BFEA3CC3D = {isa = PBXFileReference; lastKnownFileType = sourcecode.c.h; name = mutex.h; path = ../src/core/include/eon/gfc/mutex.h; sourceTree = "<group>"; };
    8E252F1F5D2D6C79008C = {isa = PBXFileReference; lastKnownFileType = sourcecode.c.h; name = object.h; path = ../src/core/include/eon/gfc/object.h; sourceTree = "<group>"; };
    844E7E585759CEF9EE4F = {isa = PBXFileReference; lastKnownFileType = sourcecode.c.h; name = octree.h; path = ../src/core/include/eon/gfc/math/octree.h; sourceTree = "<group>"; };
    89F78D3EACC90DE0CBBB = {isa = PBXFileReference; lastKnownFileType = sourcecode.c.h; name = operators.h; path = ../src/core/include/eon/gfc/math/operators.h; sourceTree = "<group>"; };
    8E2537A9C88718A467E2 = {isa = PBXFileReference; lastKnownFileType = sourcecode.c.h; name = plane.h; path = ../src/core/include/eon/gfc/math/plane.h; sourceTree = "<group>"; };
    81CEACB24BCEC4A3B14F = {isa = PBXFileReference; lastKnownFileType = sourcecode.c.h; name = point2.h; path = ../src/core/include/eon/gfc/math/point2.h; sourceTree = "<group>"; };
    8D8BCE4C5BBB42DCE760 = {isa = PBXFileReference; lastKnownFileType = sourcecode.c.h; name = point3.h; path = ../src/core/include/eon/gfc/math/point3.h; sourceTree = "<group>"; };
    8E2EC46D9E59C476954C = {isa = PBXFileReference; lastKnownFileType = sourcecode.c.h; name = prefab.h; path = ../src/core/include/eon/gfc/prefab.h; sourceTree = "<group>"; };
    8D1947ECA108EFA23C94 = {isa = PBXFileReference; lastKnownFileType = sourcecode.c.h; name = profiler.h; path = ../src/core/include/eon/gfc/profiler.h; sourceTree = "<group>"; };
    8BD003F482BB73E2FE49 = {isa = PBXFileReference; lastKnownFileType = sourcecode.c.h; name = property.h; path = ../src/core/include/eon/gfc/property.h; sourceTree = "<group>"; };
    8917AB89ABBE4AE9A4BA = {isa = PBXFileReference; lastKnownFileType = sourcecode.c.h; name = qst2.h; path = ../src/core/include/eon/gfc/math/qst2.h; sourceTree = "<group>"; };
    8D6BD7817F5E0ED99D6C = {isa = PBXFileReference; lastKnownFileType = sourcecode.c.h; name = qst3.h; path = ../src/core/include/eon/gfc/math/qst3.h; sourceTree = "<group>"; };
    862B4CC3D3FDBC5B00E6 = {isa = PBXFileReference; lastKnownFileType = sourcecode.c.h; name = quadtree.h; path = ../src/core/include/eon/gfc/math/quadtree.h; sourceTree = "<group>"; };
    8D54867CC8B5D9EB98D6 = {isa = PBXFileReference; lastKnownFileType = sourcecode.c.h; name = quaternion.h; path = ../src/core/include/eon/gfc/math/quaternion.h; sourceTree = "<group>"; };
    8B9F6E71E78E9504E1FF = {isa = PBXFileReference; lastKnownFileType = sourcecode.c.h; name = ray2.h; path = ../src/core/include/eon/gfc/math/ray2.h; sourceTree = "<group>"; };
    88D424D38B0ADEFCAAB9 = {isa = PBXFileReference; lastKnownFileType = sourcecode.c.h; name = ray3.h; path = ../src/core/include/eon/gfc/math/ray3.h; sourceTree = "<group>"; };
    88473D5C78857AC8C4BA = {isa = PBXFileReference; lastKnownFileType = sourcecode.c.h; name = release.h; path = ../src/core/include/eon/gfc/base/release.h; sourceTree = "<group>"; };
    83EF2923CF70F77AAA29 = {isa = PBXFileReference; lastKnownFileType = sourcecode.c.h; name = resource.h; path = ../src/core/include/eon/gfc/resource.h; sourceTree = "<group>"; };
    8E9F9A7EB3529B0B5C5E = {isa = PBXFileReference; lastKnownFileType = sourcecode.c.h; name = scratch.h; path = ../src/core/include/eon/gfc/scratch.h; sourceTree = "<group>"; };
    846B2A06CDED3C78D939 = {isa = PBXFileReference; lastKnownFileType = sourcecode.c.h; name = serialize.h; path = ../src/core/include/eon/gfc/serialize.h; sourceTree = "<group>"; };
    8272406EEDF92DFEBB17 = {isa = PBXFileReference; lastKnownFileType = sourcecode.c.h; name = sha1.h; path = ../src/core/src/sha1.h; sourceTree = "<group>"; };
    8B79C1BDCF3C6D75CB66 = {isa = PBXFileReference; lastKnownFileType = sourcecode.c.h; name = sphere.h; path = ../src/core/include/eon/gfc/math/sphere.h; sourceTree = "<group>"; };
    88D3D5DDF65F65F7479E = {isa = PBXFileReference; lastKnownFileType = sourcecode.c.h; name = splines.h; path = ../src/core/include/eon/gfc/math/splines.h; sourceTree = "<group>"; };
    8B1E6B807DBA4825F6F5 = {isa = PBXFileReference; lastKnownFileType = sourcecode.c.h; name = strings.h; path = ../src/core/include/eon/gfc/strings.h; sourceTree = "<group>"; };
    8E5C6CDF64C98A43D0E4 = {isa = PBXFileReference; lastKnownFileType = sourcecode.c.h; name = thread.h; path = ../src/core/include/eon/gfc/thread.h; sourceTree = "<group>"; };
    82C087FAE1EF5AA2D777 = {isa = PBXFileReference; lastKnownFileType = sourcecode.c.h; name = times.h; path = ../src/core/include/eon/gfc/times.h; sourceTree = "<group>"; };
    86A93B8861EC99CE43DA = {isa = PBXFileReference; lastKnownFileType = sourcecode.c.h; name = toFloat.h; path = ../src/core/src/gfc/base/toFloat.h; sourceTree = "<group>"; };
    8CD104968EF33B31AC6D = {isa = PBXFileReference; lastKnownFileType = sourcecode.c.h; name = toFloat.h; path = ../src/core/include/eon/gfc/base/toFloat.h; sourceTree = "<group>"; };
    8B3E9F66572CD6A1BA8B = {isa = PBXFileReference; lastKnownFileType = sourcecode.c.h; name = triangle.h; path = ../src/core/include/eon/gfc/math/triangle.h; sourceTree = "<group>"; };
    8F281EC3EBF7CDD0F6B0 = {isa = PBXFileReference; lastKnownFileType = sourcecode.c.h; name = vector2.h; path = ../src/core/include/eon/gfc/math/vector2.h; sourceTree = "<group>"; };
    867E1F4AA1C86BF49BD4 = {isa = PBXFileReference; lastKnownFileType = sourcecode.c.h; name = vector3.h; path = ../src/core/include/eon/gfc/math/vector3.h; sourceTree = "<group>"; };
    81A4C3A6CEFBCF6DD8EF = {isa = PBXFileReference; lastKnownFileType = sourcecode.c.h; name = vector4.h; path = ../src/core/include/eon/gfc/math/vector4.h; sourceTree = "<group>"; };
    8177B1D280B9C2B1B4CD = {isa = PBXFileReference; lastKnownFileType = sourcecode.c.h; name = visual.h; path = ../src/core/include/eon/gfc/visual.h; sourceTree = "<group>"; };
    846BCEA32817EAC5137F = {isa = PBXFileReference; lastKnownFileType = sourcecode.cpp.cpp; name = atomic.cpp; path = ../src/core/src/atomic.cpp; sourceTree = "<group>"; };
    8BCAAA5FBE4E47BD379F = {isa = PBXFileReference; lastKnownFileType = sourcecode.cpp.cpp; name = boot.cpp; path = ../src/core/src/boot.cpp; sourceTree = "<group>"; };
    80741ADDAAE3B4CD07FE = {isa = PBXFileReference; lastKnownFileType = sourcecode.cpp.cpp; name = buffer.cpp; path = ../src/core/src/gfc/buffer.cpp; sourceTree = "<group>"; };
    8DF522347BB75F4A4ACC = {isa = PBXFileReference; lastKnownFileType = sourcecode.cpp.cpp; name = class.cpp; path = ../src/core/src/gfc/class.cpp; sourceTree = "<group>"; };
    8759CFBF9E177FB127AC = {isa = PBXFileReference; lastKnownFileType = sourcecode.cpp.cpp; name = f16.cpp; path = ../src/core/src/gfc/f16.cpp; sourceTree = "<group>"; };
    88677F268AF4BA93F1FC = {isa = PBXFileReference; lastKnownFileType = sourcecode.cpp.cpp; name = f32.cpp; path = ../src/core/src/gfc/f32.cpp; sourceTree = "<group>"; };
    8CCB40000FBFA8E72B52 = {isa = PBXFileReference; lastKnownFileType = sourcecode.cpp.cpp; name = f64.cpp; path = ../src/core/src/gfc/f64.cpp; sourceTree = "<group>"; };
    8ECDA9FED97BFBCAB1BE = {isa = PBXFileReference; lastKnownFileType = sourcecode.cpp.cpp; name = fs.cpp; path = ../src/core/src/gfc/fs.cpp; sourceTree = "<group>"; };
    8083A6DC7E77FC6988FC = {isa = PBXFileReference; lastKnownFileType = sourcecode.cpp.cpp; name = half.cpp; path = ../src/core/src/gfc/base/half.cpp; sourceTree = "<group>"; };
    8436B02BAF6EEEDCED8A = {isa = PBXFileReference; lastKnownFileType = sourcecode.cpp.cpp; name = history.cpp; path = ../src/core/src/gfc/history.cpp; sourceTree = "<group>"; };
    83DCC9B1BE775D0D1370 = {isa = PBXFileReference; lastKnownFileType = sourcecode.cpp.cpp; name = i16.cpp; path = ../src/core/src/gfc/i16.cpp; sourceTree = "<group>"; };
    8C0C8FF3367D4314BEEA = {isa = PBXFileReference; lastKnownFileType = sourcecode.cpp.cpp; name = i32.cpp; path = ../src/core/src/gfc/i32.cpp; sourceTree = "<group>"; };
    8A1A8641FF9F84EFFC2C = {isa = PBXFileReference; lastKnownFileType = sourcecode.cpp.cpp; name = i64.cpp; path = ../src/core/src/gfc/i64.cpp; sourceTree = "<group>"; };
    87B99EF9FEFC58DEFE9F = {isa = PBXFileReference; lastKnownFileType = sourcecode.cpp.cpp; name = i8.cpp; path = ../src/core/src/gfc/i8.cpp; sourceTree = "<group>"; };
    8DA3F9C1A4CB7CD52A9F = {isa = PBXFileReference; lastKnownFileType = sourcecode.cpp.cpp; name = mem.cpp; path = ../src/core/src/mem.cpp; sourceTree = "<group>"; };
    8F8619D4FC3E90FD793A = {isa = PBXFileReference; lastKnownFileType = sourcecode.cpp.cpp; name = mutex.cpp; path = ../src/core/src/mutex.cpp; sourceTree = "<group>"; };
    870C45F302FFE3B8EC64 = {isa = PBXFileReference; lastKnownFileType = sourcecode.cpp.cpp; name = object.cpp; path = ../src/core/src/gfc/object.cpp; sourceTree = "<group>"; };
    8B9FE76B4B735D05DD86 = {isa = PBXFileReference; lastKnownFileType = sourcecode.cpp.cpp; name = prefab.cpp; path = ../src/core/src/gfc/prefab.cpp; sourceTree = "<group>"; };
    8DA185951EC9F1DD65FF = {isa = PBXFileReference; lastKnownFileType = sourcecode.cpp.cpp; name = resource.cpp; path = ../src/core/src/gfc/resource.cpp; sourceTree = "<group>"; };
    8246BE3A2DA67AB39D2F = {isa = PBXFileReference; lastKnownFileType = sourcecode.cpp.cpp; name = scratch.cpp; path = ../src/core/src/gfc/scratch.cpp; sourceTree = "<group>"; };
    8EDB8DDA74A8AF507D64 = {isa = PBXFileReference; lastKnownFileType = sourcecode.cpp.cpp; name = serialize.cpp; path = ../src/core/src/gfc/serialize.cpp; sourceTree = "<group>"; };
    8344FC78ADAA2DED46DA = {isa = PBXFileReference; lastKnownFileType = sourcecode.cpp.cpp; name = sha1.cpp; path = ../src/core/src/sha1.cpp; sourceTree = "<group>"; };
    82CFD6B5BABB2E20BEAB = {isa = PBXFileReference; lastKnownFileType = sourcecode.cpp.cpp; name = stdafx.cpp; path = ../src/core/src/stdafx.cpp; sourceTree = "<group>"; };
    8ACCAC38DBA4D1EBA0D8 = {isa = PBXFileReference; lastKnownFileType = sourcecode.cpp.cpp; name = strings.cpp; path = ../src/core/src/gfc/strings.cpp; sourceTree = "<group>"; };
    8A8478A5AC27CCF74D8E = {isa = PBXFileReference; lastKnownFileType = sourcecode.cpp.cpp; name = thread.cpp; path = ../src/core/src/thread.cpp; sourceTree = "<group>"; };
    8395A3FC4C9ABD934C50 = {isa = PBXFileReference; lastKnownFileType = sourcecode.cpp.cpp; name = timer.cpp; path = ../src/core/src/gfc/timer.cpp; sourceTree = "<group>"; };
    86DFE4AFEEEA3C2946DD = {isa = PBXFileReference; lastKnownFileType = sourcecode.c.c; name = murmur3.c; path = ../src/core/src/gfc/base/murmur3.c; sourceTree = "<group>"; };
    84B8AA08FFD5358EFA66 /* libgfc.a */ = {isa = PBXFileReference; explicitFileType = archive.ar; includeInIndex = 0; path = libgfc.a; sourceTree = BUILT_PRODUCTS_DIR; };
    /* End PBXFileReference section */

    /* Begin PBXFrameworksBuildPhase section */
    /* End PBXFrameworksBuildPhase section */

    /* Begin PBXGroup section */
    8ADB30CA9CD3C5E1263F = {
      isa = PBXGroup;
      children = (
        83D11CEC7C6ADF0D8FF5 /* Products */,
        879A0443FCCE075B638C /* Code */,
      );
      sourceTree = "<group>";
    };
    83D11CEC7C6ADF0D8FF5 /* Products */ = {
      isa = PBXGroup;
      children = (
        84B8AA08FFD5358EFA66 /* gfc.static */,
      );
      name = Products;
      sourceTree = "<group>";
    };
    8F4CDF4AFBCB79EED8A2 /* include */ = {
      isa = PBXGroup;
      children = (
        86FFFB24A00DA52BEF69 /* ../src/core/include/eon/gfc/math/aabb2.h */,
        88E61BAC4538B80C3FFC /* ../src/core/include/eon/gfc/math/aabb3.h */,
        8F3AFC90AFBADDA0B195 /* ../src/core/include/eon/gfc/math/affine2.h */,
        81CAAF2ABC2BBAF09F99 /* ../src/core/include/eon/gfc/math/affine3.h */,
        87739FD3E7AC1F94DDF2 /* ../src/core/include/eon/gfc/atomic.h */,
        8F7EE1B95D581964ECA5 /* ../src/core/include/eon/gfc/autoref.h */,
        89BE8FA5503B39FBCDA4 /* ../src/core/include/eon/gfc/math/basic.h */,
        83DF3CDEC02B00967FC2 /* ../src/core/include/eon/gfc/buffer.h */,
        81AFC7D01DCE2BE594CE /* ../src/core/include/eon/gfc/math/capsule.h */,
        845A08A3CC0EC219ECCF /* ../src/core/include/eon/gfc/class.h */,
        8DE1FF9C8EE6F538FE77 /* ../src/core/include/eon/gfc/math/color.h */,
        82D56956ABA1409622F7 /* ../src/core/include/eon/gfc/base/common.h */,
        84B56AA65ADB80F76D5B /* ../src/core/include/eon/gfc/math/cone.h */,
        8B27BA0FCACE6DEDE3B0 /* ../src/core/include/eon/gfc/math/constants.h */,
        882FD646BE118BC11F6A /* ../src/core/include/eon/gfc/container.h */,
        83EC987C49CC18CE717F /* ../src/core/include/eon/gfc/base/debug.h */,
        84BD59ABC9C74E64154C /* ../src/core/include/eon/gfc/base/delegate.h */,
        86358967BD106DABAA79 /* ../src/core/include/eon/gfc/srutil/delegate/delegate.hpp */,
        856211B3CD43AC4776F9 /* ../src/core/include/eon/gfc/srutil/delegate/detail/delegate_list.hpp */,
        8606AEE0AF222F4D2B3B /* ../src/core/include/eon/gfc/srutil/delegate/detail/delegate_template.hpp */,
        8182661530BCBBAA5EE5 /* ../src/core/src/gfc/base/eLut.h */,
        81330324E554C6F786E1 /* ../src/core/include/eon/gfc/base/eLut.h */,
        87E5CAE9EE8421F86E8A /* ../src/core/include/eon/gfc/base/engine.h */,
        8D3CCE56DE2DEE075A22 /* ../src/core/include/eon/eon.h */,
        8552FE25F10D5E6B4C4F /* ../src/core/include/eon/gfc/srutil/event/event.hpp */,
        8EDCFEBEFF4D555B4F9F /* ../src/core/include/eon/gfc/math/frustum.h */,
        84A1B2A1D963D6614C2A /* ../src/core/include/eon/gfc/fs.h */,
        8ADCCAAF7AB3ED6DCABE /* ../src/core/include/eon/gfc/base/gcc.h */,
        80AE3D3B2BBDF0FD5B0A /* ../src/core/include/eon/gfc/base/half.h */,
        8DF74B15C5C0E8B2079A /* ../src/core/src/gfc/base/half.h */,
        8AE79111C400CFF208D5 /* ../src/core/include/eon/gfc/base/halfExport.h */,
        8A9DCCA8F12ECD573621 /* ../src/core/include/eon/gfc/base/halfFunction.h */,
        8CBB3A18F83EAA88FC00 /* ../src/core/include/eon/gfc/base/halfLimits.h */,
        82096092D60F770AD33C /* ../src/core/include/eon/gfc/history.h */,
        8D7E9EEE624957BEED6B /* ../src/core/include/eon/gfc/input.h */,
        88E43B58B1A0E2C754AE /* ../src/core/include/eon/gfc/math/interpolator.h */,
        8FB85AE36F349B6ADCE0 /* ../src/core/include/eon/gfc/base/llvm.h */,
        856113A468B4F89FF4EE /* ../src/core/include/eon/gfc/maths.h */,
        8B3C1C2C24E815C623FB /* ../src/core/include/eon/gfc/math/matrix3.h */,
        82CEC3C0FD4151B99ED4 /* ../src/core/include/eon/gfc/math/matrix4.h */,
        8ABEA8F58E0B075ACFCD /* ../src/core/include/eon/gfc/mem.h */,
        803231E1EEBC5B8DDD77 /* ../src/core/include/eon/gfc/base/msvc.h */,
        8FEA513BF9DEF9A52ED3 /* ../src/core/src/gfc/base/murmur3.h */,
        874DFD96E04BFEA3CC3D /* ../src/core/include/eon/gfc/mutex.h */,
        8E252F1F5D2D6C79008C /* ../src/core/include/eon/gfc/object.h */,
        844E7E585759CEF9EE4F /* ../src/core/include/eon/gfc/math/octree.h */,
        89F78D3EACC90DE0CBBB /* ../src/core/include/eon/gfc/math/operators.h */,
        8E2537A9C88718A467E2 /* ../src/core/include/eon/gfc/math/plane.h */,
        81CEACB24BCEC4A3B14F /* ../src/core/include/eon/gfc/math/point2.h */,
        8D8BCE4C5BBB42DCE760 /* ../src/core/include/eon/gfc/math/point3.h */,
        8E2EC46D9E59C476954C /* ../src/core/include/eon/gfc/prefab.h */,
        8D1947ECA108EFA23C94 /* ../src/core/include/eon/gfc/profiler.h */,
        8BD003F482BB73E2FE49 /* ../src/core/include/eon/gfc/property.h */,
        8917AB89ABBE4AE9A4BA /* ../src/core/include/eon/gfc/math/qst2.h */,
        8D6BD7817F5E0ED99D6C /* ../src/core/include/eon/gfc/math/qst3.h */,
        862B4CC3D3FDBC5B00E6 /* ../src/core/include/eon/gfc/math/quadtree.h */,
        8D54867CC8B5D9EB98D6 /* ../src/core/include/eon/gfc/math/quaternion.h */,
        8B9F6E71E78E9504E1FF /* ../src/core/include/eon/gfc/math/ray2.h */,
        88D424D38B0ADEFCAAB9 /* ../src/core/include/eon/gfc/math/ray3.h */,
        88473D5C78857AC8C4BA /* ../src/core/include/eon/gfc/base/release.h */,
        83EF2923CF70F77AAA29 /* ../src/core/include/eon/gfc/resource.h */,
        8E9F9A7EB3529B0B5C5E /* ../src/core/include/eon/gfc/scratch.h */,
        846B2A06CDED3C78D939 /* ../src/core/include/eon/gfc/serialize.h */,
        8272406EEDF92DFEBB17 /* ../src/core/src/sha1.h */,
        8B79C1BDCF3C6D75CB66 /* ../src/core/include/eon/gfc/math/sphere.h */,
        88D3D5DDF65F65F7479E /* ../src/core/include/eon/gfc/math/splines.h */,
        8B1E6B807DBA4825F6F5 /* ../src/core/include/eon/gfc/strings.h */,
        8E5C6CDF64C98A43D0E4 /* ../src/core/include/eon/gfc/thread.h */,
        82C087FAE1EF5AA2D777 /* ../src/core/include/eon/gfc/times.h */,
        86A93B8861EC99CE43DA /* ../src/core/src/gfc/base/toFloat.h */,
        8CD104968EF33B31AC6D /* ../src/core/include/eon/gfc/base/toFloat.h */,
        8B3E9F66572CD6A1BA8B /* ../src/core/include/eon/gfc/math/triangle.h */,
        8F281EC3EBF7CDD0F6B0 /* ../src/core/include/eon/gfc/math/vector2.h */,
        867E1F4AA1C86BF49BD4 /* ../src/core/include/eon/gfc/math/vector3.h */,
        81A4C3A6CEFBCF6DD8EF /* ../src/core/include/eon/gfc/math/vector4.h */,
        8177B1D280B9C2B1B4CD /* ../src/core/include/eon/gfc/visual.h */,
      );
      name = include;
      path = "";
      sourceTree = "<group>";
    };
    879A0443FCCE075B638C /* Code */ = {
      isa = PBXGroup;
      children = (
        8FD9FAD6FBAF90CA232F /* references */,
        8F4CDF4AFBCB79EED8A2 /* include */,
        8F2B6FEA65E7CD4B6BEE /* src */,
      );
      name = Code;
      sourceTree = "<group>";
    };
    8F2B6FEA65E7CD4B6BEE /* src */ = {
      isa = PBXGroup;
      children = (
        846BCEA32817EAC5137F /* ../src/core/src/atomic.cpp */,
        8BCAAA5FBE4E47BD379F /* ../src/core/src/boot.cpp */,
        80741ADDAAE3B4CD07FE /* ../src/core/src/gfc/buffer.cpp */,
        8DF522347BB75F4A4ACC /* ../src/core/src/gfc/class.cpp */,
        8759CFBF9E177FB127AC /* ../src/core/src/gfc/f16.cpp */,
        88677F268AF4BA93F1FC /* ../src/core/src/gfc/f32.cpp */,
        8CCB40000FBFA8E72B52 /* ../src/core/src/gfc/f64.cpp */,
        8ECDA9FED97BFBCAB1BE /* ../src/core/src/gfc/fs.cpp */,
        8083A6DC7E77FC6988FC /* ../src/core/src/gfc/base/half.cpp */,
        8436B02BAF6EEEDCED8A /* ../src/core/src/gfc/history.cpp */,
        83DCC9B1BE775D0D1370 /* ../src/core/src/gfc/i16.cpp */,
        8C0C8FF3367D4314BEEA /* ../src/core/src/gfc/i32.cpp */,
        8A1A8641FF9F84EFFC2C /* ../src/core/src/gfc/i64.cpp */,
        87B99EF9FEFC58DEFE9F /* ../src/core/src/gfc/i8.cpp */,
        8DA3F9C1A4CB7CD52A9F /* ../src/core/src/mem.cpp */,
        86DFE4AFEEEA3C2946DD /* ../src/core/src/gfc/base/murmur3.c */,
        8F8619D4FC3E90FD793A /* ../src/core/src/mutex.cpp */,
        870C45F302FFE3B8EC64 /* ../src/core/src/gfc/object.cpp */,
        8B9FE76B4B735D05DD86 /* ../src/core/src/gfc/prefab.cpp */,
        8DA185951EC9F1DD65FF /* ../src/core/src/gfc/resource.cpp */,
        8246BE3A2DA67AB39D2F /* ../src/core/src/gfc/scratch.cpp */,
        8EDB8DDA74A8AF507D64 /* ../src/core/src/gfc/serialize.cpp */,
        8344FC78ADAA2DED46DA /* ../src/core/src/sha1.cpp */,
        82CFD6B5BABB2E20BEAB /* ../src/core/src/stdafx.cpp */,
        8ACCAC38DBA4D1EBA0D8 /* ../src/core/src/gfc/strings.cpp */,
        8A8478A5AC27CCF74D8E /* ../src/core/src/thread.cpp */,
        8395A3FC4C9ABD934C50 /* ../src/core/src/gfc/timer.cpp */,
      );
      name = src;
      path = "";
      sourceTree = "<group>";
    };
    /* End PBXGroup section */

    /* Begin PBXNativeTarget section */
    87D732A7E1A962B1BFE2 /* framework_test */ = {
      isa = PBXNativeTarget;
      buildConfigurationList = 8DEDF47EDEAC0EDF017A /* Build configuration list for PBXNativeTarget "gfc" */;
      buildPhases = (
        8BBDEDC8C7AA65F3C813 /* Frameworks */,
        8FD43E9BA8FA14C8626F /* Resources */,
        868C453724ADF61CAC0F /* CopyRefs */,
        8CBEDC0F75AFF6D5FFEC /* Headers */,
        8CFE2AFFDD86A8FBE8E7 /* Embed PlugIns */,
        83E2AA98F8A723E4EEFB /* Embed Frameworks */,
        8CE5BB2762967B3BEF5A /* Sources */,
        85FB82C1FBEC6C76C3D1 /* Script */,
      );
      buildRules = (
      );
      dependencies = (
      );
      name = gfc;
      productName = gfc;
      productReference = 84B8AA08FFD5358EFA66 /* libgfc.a */;
      productType = "com.apple.product-type.library.static";
    };
    /* End PBXNativeTarget section */

    /* Begin PBXProject section */
    8BA67E6C8FC927CCCE56 /* Project object */ = {
      isa = PBXProject;
      attributes = {
        LastUpgradeCheck = 1200;
        ORGANIZATIONNAME = "";
        TargetAttributes = {
          87D732A7E1A962B1BFE2 = {
            CreatedOnToolsVersion = 11.2.1;
          };
        };
      };
      buildConfigurationList = 8DCB215ED566F1DDCC08 /* Build configuration list for PBXProject "gfc" */;
      compatibilityVersion = "Xcode 12.0";
      developmentRegion = en;
      hasScannedForEncodings = 0;
      knownRegions = (
        en,
        Base,
      );
      mainGroup = 8ADB30CA9CD3C5E1263F;
      productRefGroup = 83D11CEC7C6ADF0D8FF5 /* Products */;
      projectDirPath = "";
      projectRoot = "";
      targets = (
        87D732A7E1A962B1BFE2 /* gfc */,
      );
    };
    /* End PBXProject section */

    /* Begin PBXResourcesBuildPhase section */
    8FD43E9BA8FA14C8626F /* Resources */ = {
      isa = PBXResourcesBuildPhase;
      buildActionMask = 2147483647;
      files = (
      );
      runOnlyForDeploymentPostprocessing = 0;
    };
    /* End PBXResourcesBuildPhase section */

    /* Begin PBXShellScriptBuildPhase section */
    85FB82C1FBEC6C76C3D1 /* ShellScript */ = {
      isa = PBXShellScriptBuildPhase;
      buildActionMask = 2147483647;
      files = (
      );
      inputFileListPaths = (
      );
      inputPaths = (
      );
      outputFileListPaths = (
      );
      outputPaths = (
      );
      runOnlyForDeploymentPostprocessing = 0;
      shellPath = /bin/sh;
      shellScript = "";
    };
    /* End PBXShellScriptBuildPhase section */

    /* Begin PBXSourcesBuildPhase section */
    8CE5BB2762967B3BEF5A /* Sources */ = {
      isa = PBXSourcesBuildPhase;
      buildActionMask = 2147483647;
      files = (
        8B7CDBEE8DB3798C6D6C /* src/core/src/boot.cpp in Sources */,
        8AFB506AA4F2EBE4BA7C /* src/core/src/mutex.cpp in Sources */,
        8C86B0836E2C9C8C98F4 /* src/core/src/thread.cpp in Sources */,
        883E6ADAC3E4EE59FB00 /* src/core/src/sha1.cpp in Sources */,
        8F8CAA297A2D143880D1 /* src/core/src/atomic.cpp in Sources */,
        8327F083E6DA6A9258A3 /* src/core/src/stdafx.cpp in Sources */,
        8E6B0C3ADC452519A9ED /* src/core/src/mem.cpp in Sources */,
        8676BE7C2B9D7C3A29BE /* src/core/src/gfc/i32.cpp in Sources */,
        8062FEB5444F95641D24 /* src/core/src/gfc/serialize.cpp in Sources */,
        8998F70FC5FC0F1A6D10 /* src/core/src/gfc/resource.cpp in Sources */,
        8CD046B0C372CEB08E11 /* src/core/src/gfc/f64.cpp in Sources */,
        89C2442FE280DCAB19A5 /* src/core/src/gfc/strings.cpp in Sources */,
        8A99140162EA8A39FD38 /* src/core/src/gfc/f16.cpp in Sources */,
        814A870858F20321EE62 /* src/core/src/gfc/object.cpp in Sources */,
        88FC4B0AF2A2AAC0D49C /* src/core/src/gfc/timer.cpp in Sources */,
        84D3AE19BDCBA9A0D943 /* src/core/src/gfc/history.cpp in Sources */,
        8C0D6F9CB3ED8E801DCC /* src/core/src/gfc/buffer.cpp in Sources */,
        8232B3D3C1BBC7DED0EB /* src/core/src/gfc/scratch.cpp in Sources */,
        87CBDD31A4CF1677D22F /* src/core/src/gfc/i64.cpp in Sources */,
        8766800BD0F21A3EF1B7 /* src/core/src/gfc/i8.cpp in Sources */,
        83EE6FD54EFFB5F8D2E6 /* src/core/src/gfc/fs.cpp in Sources */,
        8E595F3CDBEB59BBA6B8 /* src/core/src/gfc/prefab.cpp in Sources */,
        8DE2ED7ECE92891233DE /* src/core/src/gfc/f32.cpp in Sources */,
        8CBB571A6E144A98038A /* src/core/src/gfc/class.cpp in Sources */,
        859F632FBFFACBCBAD4F /* src/core/src/gfc/base/half.cpp in Sources */,
        8AB4893171FDD2891E5C /* src/core/src/gfc/i16.cpp in Sources */,
        858EEECC0FF8CDFDA637 /* src/core/src/gfc/base/murmur3.c in Sources */,
      );
      runOnlyForDeploymentPostprocessing = 0;
    };
    /* End PBXSourcesBuildPhase section */

    /* Begin PBXVariantGroup section */
    /* End PBXVariantGroup section */

    /* Begin XCBuildConfiguration section */
    8BBB8DECBA8F8CF846CC /* Debug */ = {
      isa = XCBuildConfiguration;
      buildSettings = {
        ALWAYS_SEARCH_USER_PATHS = NO;
        CLANG_ANALYZER_NONNULL = YES;
        CLANG_ANALYZER_NUMBER_OBJECT_CONVERSION = YES_AGGRESSIVE;
        CLANG_CXX_LANGUAGE_STANDARD = "c++17";
        CLANG_CXX_LIBRARY = "libc++";
        CLANG_ENABLE_MODULES = YES;
        CLANG_ENABLE_OBJC_ARC = YES;
        CLANG_ENABLE_OBJC_WEAK = YES;
        CLANG_WARN_QUOTED_INCLUDE_IN_FRAMEWORK_HEADER = YES;
        CLANG_WARN_BLOCK_CAPTURE_AUTORELEASING = YES;
        CLANG_WARN_BOOL_CONVERSION = YES;
        CLANG_WARN_COMMA = YES;
        CLANG_WARN_CONSTANT_CONVERSION = YES;
        CLANG_WARN_DEPRECATED_OBJC_IMPLEMENTATIONS = YES;
        CLANG_WARN_DIRECT_OBJC_ISA_USAGE = YES_ERROR;
        CLANG_WARN_DOCUMENTATION_COMMENTS = YES;
        CLANG_WARN_EMPTY_BODY = YES;
        CLANG_WARN_ENUM_CONVERSION = YES;
        CLANG_WARN_INFINITE_RECURSION = YES;
        CLANG_WARN_INT_CONVERSION = YES;
        CLANG_WARN_NON_LITERAL_NULL_CONVERSION = YES;
        CLANG_WARN_OBJC_IMPLICIT_RETAIN_SELF = YES;
        CLANG_WARN_OBJC_LITERAL_CONVERSION = YES;
        CLANG_WARN_OBJC_ROOT_CLASS = YES_ERROR;
        CLANG_WARN_RANGE_LOOP_ANALYSIS = YES;
        CLANG_WARN_STRICT_PROTOTYPES = YES;
        CLANG_WARN_SUSPICIOUS_MOVE = YES;
        CLANG_WARN_UNGUARDED_AVAILABILITY = YES_AGGRESSIVE;
        CLANG_WARN_UNREACHABLE_CODE = YES;
        CLANG_WARN__DUPLICATE_METHOD_MATCH = YES;
        COPY_PHASE_STRIP = NO;
        CURRENT_PROJECT_VERSION = 1;
        DEBUG_INFORMATION_FORMAT = dwarf;
        ENABLE_STRICT_OBJC_MSGSEND = YES;
        ENABLE_TESTABILITY = YES;
        GCC_C_LANGUAGE_STANDARD = c11;
        GCC_DYNAMIC_NO_PIC = NO;
        GCC_NO_COMMON_BLOCKS = YES;
        GCC_OPTIMIZATION_LEVEL = 0;
        GCC_PREPROCESSOR_DEFINITIONS = (
          "$(inherited)",
          "_DEBUG=1",
          "DEBUG=1",
        );
        GCC_WARN_64_TO_32_BIT_CONVERSION = YES;
        GCC_WARN_ABOUT_RETURN_TYPE = YES_ERROR;
        GCC_WARN_UNDECLARED_SELECTOR = YES;
        GCC_WARN_UNINITIALIZED_AUTOS = YES_AGGRESSIVE;
        GCC_WARN_UNUSED_FUNCTION = YES;
        GCC_WARN_UNUSED_VARIABLE = YES;
        GCC_PRECOMPILE_PREFIX_HEADER = YES;
        GCC_PREFIX_HEADER = "../src/core/include/eon/eon.h";
        MACOSX_DEPLOYMENT_TARGET = 12.0;
        MTL_ENABLE_DEBUG_INFO = INCLUDE_SOURCE;
        MTL_FAST_MATH = YES;
        ONLY_ACTIVE_ARCH = YES;
        SDKROOT = macosx;
        VERSIONING_SYSTEM = "apple-generic";
        VERSION_INFO_PREFIX = "";
      };
      name = Debug;
    };
    8485C26D5C6C6A279FC7 /* Release */ = {
      isa = XCBuildConfiguration;
      buildSettings = {
        ALWAYS_SEARCH_USER_PATHS = NO;
        CLANG_ANALYZER_NONNULL = YES;
        CLANG_ANALYZER_NUMBER_OBJECT_CONVERSION = YES_AGGRESSIVE;
        CLANG_CXX_LANGUAGE_STANDARD = "c++17";
        CLANG_CXX_LIBRARY = "libc++";
        CLANG_ENABLE_MODULES = YES;
        CLANG_ENABLE_OBJC_ARC = YES;
        CLANG_ENABLE_OBJC_WEAK = YES;
        CLANG_WARN_QUOTED_INCLUDE_IN_FRAMEWORK_HEADER = YES;
        CLANG_WARN_BLOCK_CAPTURE_AUTORELEASING = YES;
        CLANG_WARN_BOOL_CONVERSION = YES;
        CLANG_WARN_COMMA = YES;
        CLANG_WARN_CONSTANT_CONVERSION = YES;
        CLANG_WARN_DEPRECATED_OBJC_IMPLEMENTATIONS = YES;
        CLANG_WARN_DIRECT_OBJC_ISA_USAGE = YES_ERROR;
        CLANG_WARN_DOCUMENTATION_COMMENTS = YES;
        CLANG_WARN_EMPTY_BODY = YES;
        CLANG_WARN_ENUM_CONVERSION = YES;
        CLANG_WARN_INFINITE_RECURSION = YES;
        CLANG_WARN_INT_CONVERSION = YES;
        CLANG_WARN_NON_LITERAL_NULL_CONVERSION = YES;
        CLANG_WARN_OBJC_IMPLICIT_RETAIN_SELF = YES;
        CLANG_WARN_OBJC_LITERAL_CONVERSION = YES;
        CLANG_WARN_OBJC_ROOT_CLASS = YES_ERROR;
        CLANG_WARN_RANGE_LOOP_ANALYSIS = YES;
        CLANG_WARN_STRICT_PROTOTYPES = YES;
        CLANG_WARN_SUSPICIOUS_MOVE = YES;
        CLANG_WARN_UNGUARDED_AVAILABILITY = YES_AGGRESSIVE;
        CLANG_WARN_UNREACHABLE_CODE = YES;
        CLANG_WARN__DUPLICATE_METHOD_MATCH = YES;
        COPY_PHASE_STRIP = NO;
        CURRENT_PROJECT_VERSION = 1;
        DEBUG_INFORMATION_FORMAT = "dwarf-with-dsym";
        ENABLE_NS_ASSERTIONS = NO;
        ENABLE_STRICT_OBJC_MSGSEND = YES;
        GCC_C_LANGUAGE_STANDARD = c11;
        GCC_NO_COMMON_BLOCKS = YES;
        GCC_OPTIMIZATION_LEVEL = fast;
        GCC_PREPROCESSOR_DEFINITIONS = (
          "$(inherited)",
          "NDEBUG=1",
        );
        GCC_WARN_64_TO_32_BIT_CONVERSION = YES;
        GCC_WARN_ABOUT_RETURN_TYPE = YES_ERROR;
        GCC_WARN_UNDECLARED_SELECTOR = YES;
        GCC_WARN_UNINITIALIZED_AUTOS = YES_AGGRESSIVE;
        GCC_WARN_UNUSED_FUNCTION = YES;
        GCC_WARN_UNUSED_VARIABLE = YES;
        GCC_PRECOMPILE_PREFIX_HEADER = YES;
        GCC_PREFIX_HEADER = "../src/core/include/eon/eon.h";
        MACOSX_DEPLOYMENT_TARGET = 12.0;
        MTL_ENABLE_DEBUG_INFO = NO;
        MTL_FAST_MATH = YES;
        SDKROOT = macosx;
        VERSIONING_SYSTEM = "apple-generic";
        VERSION_INFO_PREFIX = "";
      };
      name = Release;
    };
    80C351F663B4BDEAEAC7 /* Debug */ = {
      isa = XCBuildConfiguration;
      buildSettings = {
        CODE_SIGN_STYLE = Automatic;
        LD_RUNPATH_SEARCH_PATHS = (
          "$(inherited)",
          "@executable_path/../Frameworks",
        );
        LIBRARY_SEARCH_PATHS = (
        );
        FRAMEWORK_SEARCH_PATHS = (
        );
        SYSTEM_HEADER_SEARCH_PATHS = (
          ../src/core/include,
          ../usr/share/boost/1.71.0,
          ../src/lz4/include,
          ../src/core/include,
        );
        PRODUCT_NAME = "$(TARGET_NAME)";
        EXECUTABLE_PREFIX = lib;
        SKIP_INSTALL = YES;
      };
      name = Debug;
    };
    88A41CDA8EF3E3A547E1 /* Release */ = {
      isa = XCBuildConfiguration;
      buildSettings = {
        CODE_SIGN_STYLE = Automatic;
        LD_RUNPATH_SEARCH_PATHS = (
          "$(inherited)",
          "@executable_path/../Frameworks",
        );
        LIBRARY_SEARCH_PATHS = (
        );
        FRAMEWORK_SEARCH_PATHS = (
        );
        SYSTEM_HEADER_SEARCH_PATHS = (
          ../src/core/include,
          ../usr/share/boost/1.71.0,
          ../src/lz4/include,
          ../src/core/include,
        );
        PRODUCT_NAME = "$(TARGET_NAME)";
        EXECUTABLE_PREFIX = lib;
        SKIP_INSTALL = YES;
      };
      name = Release;
    };
    /* End XCBuildConfiguration section */

    /* Begin XCConfigurationList section */
    8DCB215ED566F1DDCC08 /* Build configuration list for PBXProject "gfc" */ = {
      isa = XCConfigurationList;
      buildConfigurations = (
        8485C26D5C6C6A279FC7 /* Release */,
        8BBB8DECBA8F8CF846CC /* Debug */,
      );
      defaultConfigurationIsVisible = 0;
      defaultConfigurationName = Release;
    };
    8DEDF47EDEAC0EDF017A /* Build configuration list for PBXNativeTarget "gfc" */ = {
      isa = XCConfigurationList;
      buildConfigurations = (
        88A41CDA8EF3E3A547E1 /* Release */,
        80C351F663B4BDEAEAC7 /* Debug */,
      );
      defaultConfigurationIsVisible = 0;
      defaultConfigurationName = Release;
    };
    /* End XCConfigurationList section */
  };
  rootObject = 8BA67E6C8FC927CCCE56 /* Project object */;
}
