<?xml version="1.0" encoding="utf-8"?>
<Project ToolsVersion="4.0" xmlns="http://schemas.microsoft.com/developer/msbuild/2003">
  <ItemGroup>
    <Filter Include="images">
      <UniqueIdentifier>D99C25DE-E4AB-5576-3BB7-6BE7AB5CAFB7F3</UniqueIdentifier>
    </Filter>
    <Filter Include="defs">
      <UniqueIdentifier>7EBBFB0B-01CF-CAF2-FA2E-CFAB5EA9D64B63</UniqueIdentifier>
    </Filter>
    <Filter Include="src">
      <UniqueIdentifier>DA4BFCBA-5B75-019E-B1AD-9ADB6DAEE09BFC</UniqueIdentifier>
    </Filter>
  </ItemGroup>
  <ItemGroup>
    <ClCompile Include="../lauxlib.c">
      <Filter>src</Filter>
    </ClCompile>
    <ClCompile Include="../liolib.c">
      <Filter>src</Filter>
    </ClCompile>
    <ClCompile Include="../lopcodes.c">
      <Filter>src</Filter>
    </ClCompile>
    <ClCompile Include="../lstate.c">
      <Filter>src</Filter>
    </ClCompile>
    <ClCompile Include="../lobject.c">
      <Filter>src</Filter>
    </ClCompile>
    <ClCompile Include="../lmathlib.c">
      <Filter>src</Filter>
    </ClCompile>
    <ClCompile Include="../loadlib.c">
      <Filter>src</Filter>
    </ClCompile>
    <ClCompile Include="../lvm.c">
      <Filter>src</Filter>
    </ClCompile>
    <ClCompile Include="../lfunc.c">
      <Filter>src</Filter>
    </ClCompile>
    <ClCompile Include="../lstrlib.c">
      <Filter>src</Filter>
    </ClCompile>
    <ClCompile Include="../linit.c">
      <Filter>src</Filter>
    </ClCompile>
    <ClCompile Include="../lstring.c">
      <Filter>src</Filter>
    </ClCompile>
    <ClCompile Include="../lundump.c">
      <Filter>src</Filter>
    </ClCompile>
    <ClCompile Include="../lctype.c">
      <Filter>src</Filter>
    </ClCompile>
    <ClCompile Include="../ltable.c">
      <Filter>src</Filter>
    </ClCompile>
    <ClCompile Include="../ldump.c">
      <Filter>src</Filter>
    </ClCompile>
    <ClCompile Include="../loslib.c">
      <Filter>src</Filter>
    </ClCompile>
    <ClCompile Include="../lgc.c">
      <Filter>src</Filter>
    </ClCompile>
    <ClCompile Include="../lzio.c">
      <Filter>src</Filter>
    </ClCompile>
    <ClCompile Include="../ldblib.c">
      <Filter>src</Filter>
    </ClCompile>
    <ClCompile Include="../lutf8lib.c">
      <Filter>src</Filter>
    </ClCompile>
    <ClCompile Include="../lmem.c">
      <Filter>src</Filter>
    </ClCompile>
    <ClCompile Include="../lcorolib.c">
      <Filter>src</Filter>
    </ClCompile>
    <ClCompile Include="../lcode.c">
      <Filter>src</Filter>
    </ClCompile>
    <ClCompile Include="../ltablib.c">
      <Filter>src</Filter>
    </ClCompile>
    <ClCompile Include="../lapi.c">
      <Filter>src</Filter>
    </ClCompile>
    <ClCompile Include="../lbaselib.c">
      <Filter>src</Filter>
    </ClCompile>
    <ClCompile Include="../ldebug.c">
      <Filter>src</Filter>
    </ClCompile>
    <ClCompile Include="../lparser.c">
      <Filter>src</Filter>
    </ClCompile>
    <ClCompile Include="../llex.c">
      <Filter>src</Filter>
    </ClCompile>
    <ClCompile Include="../ltm.c">
      <Filter>src</Filter>
    </ClCompile>
    <ClCompile Include="../ldo.c">
      <Filter>src</Filter>
    </ClCompile>
  </ItemGroup>
</Project>
