<?xml version="1.0" encoding="utf-8"?>
<Project ToolsVersion="4.0" xmlns="http://schemas.microsoft.com/developer/msbuild/2003">
  <ItemGroup>
    <Filter Include="images">
      <UniqueIdentifier>AB04A4B0-DBC0-BB1B-73DF-4BC4EBF078AA40</UniqueIdentifier>
    </Filter>
    <Filter Include="defs">
      <UniqueIdentifier>E8F1E2A5-ABBF-8117-2F98-EEA2B534AC8E91</UniqueIdentifier>
    </Filter>
    <Filter Include="src">
      <UniqueIdentifier>4E5F37ED-550C-CBA3-6EBE-60DE8CFA1BBBA5</UniqueIdentifier>
    </Filter>
  </ItemGroup>
  <ItemGroup>
    <ClCompile Include="../lz4hc.c">
      <Filter>src</Filter>
    </ClCompile>
    <ClCompile Include="../lz4frame.c">
      <Filter>src</Filter>
    </ClCompile>
    <ClCompile Include="../xxhash.c">
      <Filter>src</Filter>
    </ClCompile>
    <ClCompile Include="../lz4.c">
      <Filter>src</Filter>
    </ClCompile>
  </ItemGroup>
</Project>
